{
  "version": 4,
  "terraform_version": "1.2.5",
  "serial": 307,
  "lineage": "e2912de8-415d-4c35-8ee5-757008306227",
  "outputs": {
    "counters0_summary": {
      "value": "\nhostname: counters0\nfqdn: counters0.internal.staging.swh.network\nnetwork: ip=192.168.130.95/24,gw=192.168.130.1\n",
      "type": "string"
    },
    "deployment_internship_cluster_command": {
      "value": "sudo docker run -d --privileged --restart=unless-stopped --net=host -v /etc/kubernetes:/etc/kubernetes -v /var/run:/var/run  rancher/rancher-agent:v2.6.4 --server https://rancher.euwest.azure.internal.softwareheritage.org --token 47zcb6pbq6wscj9g6qs9hg22qlrpsc4x46mhr8852dfq5hgjz9f5dd --ca-checksum 8850dd89eb7f29a70c0d50a2b389bf1950808a9dff4062c66ab806b80b988bac",
      "type": "string",
      "sensitive": true
    },
    "deployment_internship_cluster_summary": {
      "value": "apiVersion: v1\nkind: Config\nclusters:\n- name: \"deployment-internship\"\n  cluster:\n    server: \"https://rancher.euwest.azure.internal.softwareheritage.org/k8s/clusters/c-fvnrx\"\n    certificate-authority-data: \"LS0tLS1CRUdJTiBDRVJUSUZJQ0FURS0tLS0tCk1JSUJwekNDQ\\\n      VUyZ0F3SUJBZ0lCQURBS0JnZ3Foa2pPUFFRREFqQTdNUnd3R2dZRFZRUUtFeE5rZVc1aGJXbGoKY\\\n      kdsemRHVnVaWEl0YjNKbk1Sc3dHUVlEVlFRREV4SmtlVzVoYldsamJHbHpkR1Z1WlhJdFkyRXdIa\\\n      GNOTWpJdwpOREV5TWpJek56RTBXaGNOTXpJd05EQTVNakl6TnpFMFdqQTdNUnd3R2dZRFZRUUtFe\\\n      E5rZVc1aGJXbGpiR2x6CmRHVnVaWEl0YjNKbk1Sc3dHUVlEVlFRREV4SmtlVzVoYldsamJHbHpkR\\\n      1Z1WlhJdFkyRXdXVEFUQmdjcWhrak8KUFFJQkJnZ3Foa2pPUFFNQkJ3TkNBQVMvTnRpTWV4NDY0K\\\n      0R3RytuQ2svQXdJM2VDSjNGOHdQNitUZytNTjFnaQo3OWJWeEIwd1RTYjZmL3ZXK3NRdEIzdEUrS\\\n      k5iaU1mU2xuQUtaVlBjQjA0T28wSXdRREFPQmdOVkhROEJBZjhFCkJBTUNBcVF3RHdZRFZSMFRBU\\\n      UgvQkFVd0F3RUIvekFkQmdOVkhRNEVGZ1FVeVUyT1lacnBkbCtWYkIzSkpUcHUKMktiVnF0NHdDZ\\\n      1lJS29aSXpqMEVBd0lEU0FBd1JRSWdRY25JcnJCSzdUbFBBdlRKb3EwNmp5QVplcURzTWI1LwpKZ\\\n      Th4QVFnTnV5d0NJUURaWDA2NDJ4NXh2N1lFdmZ4eWJ0SnlRWVY3aTlJZ1llNzlKVG9SaVBQTkZBP\\\n      T0KLS0tLS1FTkQgQ0VSVElGSUNBVEUtLS0tLQ==\"\n\nusers:\n- name: \"deployment-internship\"\n  user:\n    token: \"kubeconfig-user-92j6dlvn5f:7ttkgfj7rrwgjc7vm87dmq89zsp2672c9wklmj9fqhsz8chx4vbpp5\"\n\n\ncontexts:\n- name: \"deployment-internship\"\n  context:\n    user: \"deployment-internship\"\n    cluster: \"deployment-internship\"\n\ncurrent-context: \"deployment-internship\"\n",
      "type": "string",
      "sensitive": true
    },
    "deposit_summary": {
      "value": "\nhostname: deposit\nfqdn: deposit.internal.staging.swh.network\nnetwork: ip=192.168.130.31/24,gw=192.168.130.1\n",
      "type": "string"
    },
    "elastic-worker0_summary": {
      "value": "\nhostname: elastic-worker0\nfqdn: elastic-worker0.internal.staging.swh.network\nnetwork: ip=192.168.130.130/24,gw=192.168.130.1\n",
      "type": "string"
    },
    "elastic-worker1_summary": {
      "value": "\nhostname: elastic-worker1\nfqdn: elastic-worker1.internal.staging.swh.network\nnetwork: ip=192.168.130.131/24,gw=192.168.130.1\n",
      "type": "string"
    },
    "elastic-worker2_summary": {
      "value": "\nhostname: elastic-worker2\nfqdn: elastic-worker2.internal.staging.swh.network\nnetwork: ip=192.168.130.132/24,gw=192.168.130.1\n",
      "type": "string"
    },
    "elastic-worker3_summary": {
      "value": "\nhostname: elastic-worker3\nfqdn: elastic-worker3.internal.staging.swh.network\nnetwork: ip=192.168.130.133/24,gw=192.168.130.1\n",
      "type": "string"
    },
    "maven-exporter0_summary": {
      "value": "\nhostname: maven-exporter0\nfqdn: maven-exporter0.internal.staging.swh.network\nnetwork: ip=192.168.130.70/24,gw=192.168.130.1\n",
      "type": "string"
    },
    "mirror-tests_summary": {
      "value": "\nhostname: mirror-test\nfqdn: mirror-test.internal.staging.swh.network\nnetwork: ip=192.168.130.160/24,gw=192.168.130.1\n",
      "type": "string"
    },
    "objstorage0_summary": {
      "value": "\nhostname: objstorage0\nfqdn: objstorage0.internal.staging.swh.network\nnetwork: ip=192.168.130.110/24,gw=192.168.130.1\n",
      "type": "string"
    },
    "rancher2_cluster_command": {
      "value": "sudo docker run -d --privileged --restart=unless-stopped --net=host -v /etc/kubernetes:/etc/kubernetes -v /var/run:/var/run  rancher/rancher-agent:v2.6.4 --server https://rancher.euwest.azure.internal.softwareheritage.org --token v6vbr6rlwsc2nmzgqhgskztpt6nhb4kdkrszzph842nk7jwmgh9j6l --ca-checksum 8850dd89eb7f29a70c0d50a2b389bf1950808a9dff4062c66ab806b80b988bac",
      "type": "string",
      "sensitive": true
    },
    "rancher2_cluster_summary": {
      "value": "apiVersion: v1\nkind: Config\nclusters:\n- name: \"staging-workers\"\n  cluster:\n    server: \"https://rancher.euwest.azure.internal.softwareheritage.org/k8s/clusters/c-bp26n\"\n    certificate-authority-data: \"LS0tLS1CRUdJTiBDRVJUSUZJQ0FURS0tLS0tCk1JSUJwekNDQ\\\n      VUyZ0F3SUJBZ0lCQURBS0JnZ3Foa2pPUFFRREFqQTdNUnd3R2dZRFZRUUtFeE5rZVc1aGJXbGoKY\\\n      kdsemRHVnVaWEl0YjNKbk1Sc3dHUVlEVlFRREV4SmtlVzVoYldsamJHbHpkR1Z1WlhJdFkyRXdIa\\\n      GNOTWpJdwpOREV5TWpJek56RTBXaGNOTXpJd05EQTVNakl6TnpFMFdqQTdNUnd3R2dZRFZRUUtFe\\\n      E5rZVc1aGJXbGpiR2x6CmRHVnVaWEl0YjNKbk1Sc3dHUVlEVlFRREV4SmtlVzVoYldsamJHbHpkR\\\n      1Z1WlhJdFkyRXdXVEFUQmdjcWhrak8KUFFJQkJnZ3Foa2pPUFFNQkJ3TkNBQVMvTnRpTWV4NDY0K\\\n      0R3RytuQ2svQXdJM2VDSjNGOHdQNitUZytNTjFnaQo3OWJWeEIwd1RTYjZmL3ZXK3NRdEIzdEUrS\\\n      k5iaU1mU2xuQUtaVlBjQjA0T28wSXdRREFPQmdOVkhROEJBZjhFCkJBTUNBcVF3RHdZRFZSMFRBU\\\n      UgvQkFVd0F3RUIvekFkQmdOVkhRNEVGZ1FVeVUyT1lacnBkbCtWYkIzSkpUcHUKMktiVnF0NHdDZ\\\n      1lJS29aSXpqMEVBd0lEU0FBd1JRSWdRY25JcnJCSzdUbFBBdlRKb3EwNmp5QVplcURzTWI1LwpKZ\\\n      Th4QVFnTnV5d0NJUURaWDA2NDJ4NXh2N1lFdmZ4eWJ0SnlRWVY3aTlJZ1llNzlKVG9SaVBQTkZBP\\\n      T0KLS0tLS1FTkQgQ0VSVElGSUNBVEUtLS0tLQ==\"\n\nusers:\n- name: \"staging-workers\"\n  user:\n    token: \"kubeconfig-user-92j6dqwzcl:4jd9lt62zkw7d582hwwxhkf7mshmxdg4xfcfqlp67zdxzf6hmzfk2p\"\n\n\ncontexts:\n- name: \"staging-workers\"\n  context:\n    user: \"staging-workers\"\n    cluster: \"staging-workers\"\n\ncurrent-context: \"staging-workers\"\n",
      "type": "string",
      "sensitive": true
    },
    "rancher_node_internship0_summary": {
      "value": "\nhostname: rancher-node-intership0\nfqdn: rancher-node-intership0.internal.staging.swh.network\nnetwork: ip=192.168.130.140/24,gw=192.168.130.1\n",
      "type": "string"
    },
    "rancher_node_internship1_summary": {
      "value": "\nhostname: rancher-node-intership1\nfqdn: rancher-node-intership1.internal.staging.swh.network\nnetwork: ip=192.168.130.141/24,gw=192.168.130.1\n",
      "type": "string"
    },
    "rancher_node_internship2_summary": {
      "value": "\nhostname: rancher-node-intership2\nfqdn: rancher-node-intership2.internal.staging.swh.network\nnetwork: ip=192.168.130.142/24,gw=192.168.130.1\n",
      "type": "string"
    },
    "rp0_summary": {
      "value": "\nhostname: rp0\nfqdn: rp0.internal.staging.swh.network\nnetwork: ip=192.168.130.20/24,gw=192.168.130.1\n",
      "type": "string"
    },
    "scheduler0_summary": {
      "value": "\nhostname: scheduler0\nfqdn: scheduler0.internal.staging.swh.network\nnetwork: ip=192.168.130.50/24,gw=192.168.130.1\n",
      "type": "string"
    },
    "scrubber0_summary": {
      "value": "\nhostname: scrubber0\nfqdn: scrubber0.internal.staging.swh.network\nnetwork: ip=192.168.130.120/24,gw=192.168.130.1\n",
      "type": "string"
    },
    "search-esnode0_summary": {
      "value": "\nhostname: search-esnode0\nfqdn: search-esnode0.internal.staging.swh.network\nnetwork: ip=192.168.130.80/24,gw=192.168.130.1\n",
      "type": "string"
    },
    "search0_summary": {
      "value": "\nhostname: search0\nfqdn: search0.internal.staging.swh.network\nnetwork: ip=192.168.130.90/24,gw=192.168.130.1\n",
      "type": "string"
    },
    "vault_summary": {
      "value": "\nhostname: vault\nfqdn: vault.internal.staging.swh.network\nnetwork: ip=192.168.130.60/24,gw=192.168.130.1\n",
      "type": "string"
    },
    "webapp_summary": {
      "value": "\nhostname: webapp\nfqdn: webapp.internal.staging.swh.network\nnetwork: ip=192.168.130.30/24,gw=192.168.130.1\n",
      "type": "string"
    },
    "worker0_summary": {
      "value": "\nhostname: worker0\nfqdn: worker0.internal.staging.swh.network\nnetwork: ip=192.168.130.100/24,gw=192.168.130.1\n",
      "type": "string"
    },
    "worker1_summary": {
      "value": "\nhostname: worker1\nfqdn: worker1.internal.staging.swh.network\nnetwork: ip=192.168.130.101/24,gw=192.168.130.1\n",
      "type": "string"
    },
    "worker2_summary": {
      "value": "\nhostname: worker2\nfqdn: worker2.internal.staging.swh.network\nnetwork: ip=192.168.130.102/24,gw=192.168.130.1\n",
      "type": "string"
    },
    "worker3_summary": {
      "value": "\nhostname: worker3\nfqdn: worker3.internal.staging.swh.network\nnetwork: ip=192.168.130.103/24,gw=192.168.130.1\n",
      "type": "string"
    }
  },
  "resources": [
    {
      "mode": "managed",
      "type": "rancher2_app_v2",
      "name": "keda",
      "provider": "provider[\"registry.terraform.io/rancher/rancher2\"]",
      "instances": [
        {
          "schema_version": 0,
          "attributes": {
            "annotations": {
              "objectset.rio.cattle.io/applied": "H4sIAAAAAAAA/8xY62/bOBL/Vwx+lmRZTpxUQIFmk73bXh9XJEE/7LU4jKixxJoidSTlNBvofz8MKT/jpO5du9hvFjnvx2+GfmANOijBAcsfGCilHTihlaVPXXxB7iy6xAidcHBOYiL0WJQsZzXKJoa2ZdGTdPpOoYmr5YLlbLycRKM3QpUvb5AbdN9kU9Agy5mtE9KUGJQIFpPlJFlgCclycpQE2wInMcTDtUHWR4wb9D7eigatg6ZlueqkjJiEAuWzntdga5azdDqZnsH52Wx+9mIyPS2L8+wsy7L0FM6nk9mcn6YwwZPihLQNfpABLHw9sili3uBrnKNBxdGy/F8PDFrxEY0VWrGceXcLqfnin0R6hRKdv5mDtBgxrpUzWko0LHemw4gthKI0raN9TDw7n9mTdJadz/k8Pn+R8fgEitMY0nIaT2dTSF+k2Vk2y1j/uY+YbZFTuHgNxtGPnWLasT9jEYO23ZxkySwhnSVabkQbvGG/LlG5uACL5Qg6py0HiWY012Z0p81CaijtSKvRm65Ao9ChZRGrtXetdq61+XhcCVd3RcJ1M16FeDyEX3CvZUVp4C4J1J1FQzFE5R4zjhsQaiwaqNCuJNGRA6HQhGxhA0KynEHdoLSvGsGNtnrupW2if1E3WI5+lTdwjyXrow3fF20q/LfrjIFSv6q1o/PEuzfw/oMoRreBYod3gWZR6yUmTjevKs+4o/VWN6M3A80O4x9GdwVI8cpgWcOerb8X9woXo+tAsmD95/1itrozoVq/HfvPEVvu5D6j5liC7NB3HJSloBoA+XbVhX3EYD4XSrj78MVN6WmFsg6kDJXeRwzVctXC+NUZuDCVp/OKPWeDzghuL0poHbXIQ99HrDItv317c4nG2aFNckblBLYWl9q0H6GT7vbtzXDsXEtSnWhQd47l0zRN+4j5uthSxwy22gqnzT3LWVVzQ8ixX4kOqmDzlnWtuEGz9PYdISQe2GJohQ18u2LbTsoPWgpOIi7kHdxbtrL3Qydl8Nmu0U9XlVDV0MZG8I0xEpcoWU7e6hYNOO2P59o0QEHjWlktCcgGSibUXLN+49tGVqns2qhL2VmH5m/CWIKozuJv2rr36KjXB2wjCNUl3qBEHvTuWbFVk/H6PKIASsHhUnfKsXxC8dDlxe6A+0aBtLq8EtZ0Hpx+6cqKKuQhXLwuUblQmQy4E0u8EsZb6I/E+pqxQdS6ro9Qe4O8M8LdXxIkfV1pNUL7QwnWvg9eMzrWDboaO3sodaigkFiuB0ULjibYeNDMvLp3Wokhmof7cF+KUA7NEuSqdrbGWjiw3ECLt6tWWVWkpjHxIs2y8HtwYmXLXmL/gqafp+fpdsSvO/ksfEnCljU27Vmyp7mn3JsCwkSlHQXXCGdwjbUHulM0wvkb3nYsn1BZNQE4JmmavhPMS/hPh3aLjO4I7bdpiXQvCT9YOC0Nh2qbAExwfLyEDqH/zYOvD/7wdQvG9+OQkuHUsvzkZLr1vSKb+WN33+IGd15/YBvVF5wHqDhgwXY2osOA00fMaUkfgS2kfKll1+B204cJ9dGfvyOFdmd0fVwxPDMavkdCH7E7cLx+v7V3+hzTErhexqZRAGyC55117HWYtCOum1aiI4SfE1hfYSs1rTA5y9Isi9PTeDq5nWT56Uk+nf1OgwCOoTIIpQ/mpy5Np7wdgRSVevmJcaQ2/RTOMdyKphpZw19+Omp/o/3EgSNUZOXKkGP38a1+O7iJr5frndJ5ojSe0EKL2I5kaAV+dajo0yaLc0sjf1vdZWedbq4H267Q70bEu1bMQ2E7I6oKDXSupjHEQ1GGRd/WP0WzX9TLL7r4M9QMz7Ofqul7Y0jInRC1NuIPT3xQb0jQddiWnkCSnyQ5ppAYBXK9OVL74Y/Q+ItQJe2OP82l5xXE9t46bGKSGJcosfpz1NYtxJuX96P4/q8GHKHZezqkbw9fugKHeDzWfwC8ntJw6HVxLI61dsefMAca/BEQ+b2i/y8/hMFKWGeezNTFh9ePwricFOhgkqyqIRksGPj9O3rz7q2kLmgZfWDhXyb/a1hPSAOPizabES4Np8PObB3Qay2mlxIaWoZDzq9wTq/W62B4eH88d9dvvcvpkbSamQ9MFz5e5d9RDWsNy9OI2a5pwD9y+r7/bwAAAP//8BC5oD8UAAA",
              "objectset.rio.cattle.io/id": "helm-app",
              "objectset.rio.cattle.io/owner-gvk": "/v1, Kind=Secret",
              "objectset.rio.cattle.io/owner-name": "sh.helm.release.v1.keda.v1",
              "objectset.rio.cattle.io/owner-namespace": "kedacore"
            },
            "chart_name": "keda",
            "chart_version": "2.6.2",
            "cleanup_on_fail": false,
            "cluster_id": "c-bp26n",
            "cluster_name": "staging-workers",
            "disable_hooks": false,
            "disable_open_api_validation": false,
            "force_upgrade": false,
            "id": "c-bp26n.kedacore/keda",
            "labels": {
              "objectset.rio.cattle.io/hash": "03137a876f79135db82722205a8316fc50a1e4b4"
            },
            "name": "keda",
            "namespace": "kedacore",
            "project_id": null,
            "repo_name": "keda",
            "system_default_registry": "",
            "timeouts": null,
            "values": "global:\n  cattle:\n    clusterId: c-bp26n\n    clusterName: staging-workers\n    systemDefaultRegistry: \"\"\n  systemDefaultRegistry: \"\"\n",
            "wait": true
          },
          "sensitive_attributes": [],
          "private": "eyJlMmJmYjczMC1lY2FhLTExZTYtOGY4OC0zNDM2M2JjN2M0YzAiOnsiY3JlYXRlIjo2MDAwMDAwMDAwMDAsImRlbGV0ZSI6NjAwMDAwMDAwMDAwLCJ1cGRhdGUiOjYwMDAwMDAwMDAwMH19",
          "dependencies": [
            "rancher2_cluster.staging-workers"
          ]
        }
      ]
    },
    {
      "mode": "managed",
      "type": "rancher2_app_v2",
      "name": "rancher-monitoring",
      "provider": "provider[\"registry.terraform.io/rancher/rancher2\"]",
      "instances": [
        {
          "schema_version": 0,
          "attributes": {
            "annotations": {
              "objectset.rio.cattle.io/applied": "H4sIAAAAAAAA/+x9C3MaudbgX6G031bdB40Bv2K2pvb62s4ke+OMyyS5W5vkc4lu0WhQSz2SGpux+e9benS3+gEGBwjJpaZqYiS1nueto3MeQYQkDKCEoPcIIKVMQokZFeonG/yOfCmQbHHMWj6UkqAWZgc4AD0wQiTyYByD5tx27J4i7oWTMeiBg0mn2fgXpsEvfeRzJJ/9jMIIgR4Qo5YaqcURQVCg1qTT4pD6I8S9iFEsGcc0bE06S/UnYuirTk2d04EnpkKiCMyawOdI78AHHCEhYRSDHk0IaQICB4gs3JcRFCPQA3AYtIOz4NQf+ifoJDiFg2P/tH10NBx0B/7paQcdH3faZ35HjWZXWV0SMHXPzrgJ9PJu0RBxRH0kQO/zI4Ax/oS4wIyCHtCbMyDMH/+mml4igqSuGUIiUBP4jErOCEEc9CRPUBOMMVVHnJ3U6meRaBiB7cFJ0Dk58brd9tA7OmqfenAIux48bp92zk66sNM9ArOvsyYQMfLV1vojyKX6YwFYQi7xEPpylAzUrhNMxwL0gNdQ0+w1LlQXjT5LuI++0EYj4aTXGEkZi97BQYj1Zz6LDmLOIiRHKBGez6IooaBZ7prFiEPJOOgBtTGgqc4BEhY6hw4TyTxMhYSE1J6k5/PglwhKf1T7vY/UmBgF+ce17QIsYgKnKV5cu5BSbT1OBsibZCDwJWm3D9EvnVbnpNX22rWfLAlu1Q9jziY4QMILJ2qnHFDwGUdMqN1u5bt9oAGk2k26c5VZN7otPeuG/u3/on6enc1ZhYVNbxFi1X31R4KEFJ4fJ6AHjo7b7fq1Zg0jFDE+VW3b7fY1rm0sp7HeTJIIibgnGSO17RKsIDBmFFFZ2MD61rGQHMHI2ajOWavdOlT0pIj4XQXScZyXtFvH7ZbauAAJn+PY0AFwobDfl6Ih0ARxSBocEShR0HiDSNTQOCmajV85HEIKGwEUowGDPBDNBqRB40YB7Ijp/V6MZyk+GfDMK0ATYF/PJP2ew/uW6SMRiCsKhagsdef8adu21DmM0fSe8UARQpAhcBMURquO72z6V1P/aQH2RBBTCTFF3NBbC20TQTBLKIZoAmbNrHiARQS5P9ZlKIJYEYoQQ8qTAWb/CFWJWltOabPK0id6keEYcjnCY1H7ZVpZ+FL4TMp/8JPBtNhal3McDqaF5hHmTBA4aY1g8OcIo0ndSP9X4nDKizOEfIJp0MJTREPI/yESgYofnesGhW9+x/AP3CIJq2n+f6A/VtyEk3rY0t+ShIHZ18W8VGh2oGFiGVaA5fRACzgG9hV8vwywvzaBpQIwjgn2NRcDTeDgbrvd6rTaf0/iHIsnkCTI8LogwOoTSG6yTm8TgsQ1jEHvUWE8QVxGkMJQ8e/Hwu++5apOL0iDrJFo4HCI1VKrHV0wOsTh+5Qj9JEiD4oP1jcs1lt6dx5MFGsT6DwIOBLClTeGOLyGcTYRhd8pNpkS9CARp5B8VCdvioaM++iKwgFBF2aEaxagrFccwRCpxXIUM6FOfpoDw0GEOWccBc7ZeIWdawIxgqAHQBNIGCpcbre63VZXHYfapIvKFAkWEtF3zIckmwRh4WvGI6jIOGHhMFLSE2HhOzRBCoQxHTIF3Swo7WkME6FEANtPzIJzKvF5dkBqXqXCDyxmhIXTfyFVrwCPUySR0JIoE1Kjg/7qOpel1FCMy/cGVe7RQFNGzDiW0wsChbA1oKn2UQGsAL2O+pFh0CMgOMJS/2XYZadt2GXGE481S5ypzwy7LLQtNO2YprqtovEWKbptJS1xlkh0w9EQPygVQh2SFkmzMxDIT/TUFYN40ILjUPzKWRKDXrfdbjcBT+h5Tcl7Rm8Zk6nAq8s+CoVBajFKIJWMG4CaNYFkROG3EUDNyNLufj/mCAYXjArJFVPIGiQCXT1gITENrRydHu6EkSRC1yxxWpsy+1PhWEHkrWXsBo3UkkPCBgoIH/UxkQm6kzhCLFFQeByZc/ARnpS4lRpKE069zbojtU93g6kik7+zgaJepghTifhEjaE6TEvvIVZDHLYFyIdIO9YAhKB0v+10s1M1MzFicUq17Lz+rQoDFroTz6erjgNFsZJPNDk/QNI/cFH5wGzMwd9aMooJUB8gTTWC9LTRg+QwPZSyejFrghRXNOqHhnbVNMt6teeqkE5UtEWN3HKUAw7JT9n2fqP0N41sS49zyZQIYhBV/c6QBCwe2qw6R/KsqDiH8pBx2n2BZs40NQkuseCJFiX/mQSh2dNyBxF8+EjhBGKiys3YEabneUlnlmJ3zSboOj7BPiqxM8bzLa9snGVEb2/MeClPeXtTe0qEweCfkEDq55+4ZUajvIU0RNn3ipCrOYDeYfusfWiIK+idtc8OFR/hIZI3bokRBS6yeeXrOvd9RRBqAUCbJFAKvRZLnG+tLqi+HSDIEf/Axoi+xmpbzTwdHNTEV3Ls3yK9ekzDbDkxZw9TzXINA6g0EP4IpaAjEBlmI5upSSIuUqrknNmK8L3aph+9ZNNTCqL2SCO3lRPuAjSECZHC0I4eeHz0GgEaYooaX4Ag0B+nJo+WYjhfQMObzb7Qx8dG2mXjC3Bb3EWJHjAm6c7oVapTZVHE6DsHApW6fGlsHCWK5QC/XWznuLzYzvFhLUis5+zVcdrN0fJnEQ9VkbuSGvYVZ9Kk+KCnDXqg9TdQhm4XI3k2UEHGtURc+tn2hIgqtTUzX70S2Z/JAJ3HWO2KY95yCy0JwkTLWTUNrpTkWFvTJ6wwUC6i/1qaUKHyPQvQuVqRUk3mtrhFPuNBqUnfH6EgIcWl9CWU6Fqfa2E6BEn3p5EOzwdCWxkq5XEsqqW3udhXruqnAlKlwliKUmqF5D3j4+ynFtnN346aVCn5LbO8WcqCI/udhgs6YGz8cZ5WmM/FUQILpfgB0wPJETrQ4tEwIUSR1d8miHMcWAKXi1XG+KL+MmawS4sIKMRCciue32MasHtR5X5ajlDayU1CSL8owKpJ+VIPEieE3DCCfdXf2+F7ppi6PqxmvU6TfptpLJ1Wt200Fj6AxpxawK1YxOdlxIxFfFWkNYlA/JalmBeGHIVQog8sXbSpMm3d/mdqnaGxERWpwyWUsJ/CkeXVQaTEl0eASjKyVnSgEPeMB0az0U29tAyYCbpV6re2falfN2m7noYmz7EA6Xoj5NvxKypwIpnwIdFYVzlGR0/tV/QOLTZau9iNMYhyUSqv/L5wNOFU8Mz1rJziXro9AJ8gSJP4N/qRZnZnyzprbLjO6AWl5H3eNF1eZbQSZFTqP+AI/cmoGi2RvjYrxoRNI0RlX3IoUag2NuXAt8iCixqK3VPF54srQ3SSigST15xFLlC4Guistoe3qQVgZUzKrAN+wolGVaH/rFoFTlunp602yKSWvmG378wdhOVMJW1jwaIKRbnxg05uEQ00mBl52Hz9CZIEqfa2RKkxBoQiGBf1ybTOgOunVLv8/AhQFMvpJbZ2h1QVDDF98LQNd9Z8zC00Wn6QKDKfjjXS6bYt1USbTRW1PDp8ZVSNYrVjlLN0wTMDaVnDswrsrL6R/rq4DPeWJ22ru/pCGw3IQ9FTf3gN/b350wvNvwFEEaMNNhz+ry+0AWzPV3Yvavbu6iFmAhX0C13+ttYWpKtcAchRMWs6/1RjAdDmrUuNPy5SWMQu1DpEwlbXsapU+1Gk0PcGcfdEETxbajVAIWGIaegpFq2W09wzuEUMbsH25LyvhSk2eg4kU6llskfgj5A/vhsyfpfEgTFdWGEGJlJbQAIs1CzvCAsxVS2jnDCrNi1IGZ1GLKnTDxgP7zjTivUnjO4tP1RfDaDAfi0zK7CllLbfKRpwl1XdWaQ+kFF8kH+Q3dXZrzTlaP0uGHX24Y4aVb5kvLebpCq10q05rSEjiu4ItYrccPFojTHgYAL5AcGDtIMDY1gVWRUL0yolQZAkxFTUfZdWaWlzggVmVLN7Y0jKWrl1s9zQaLQRwu7vUDRAQS6fzwxcGZhKJLuDQuCQ3tWczMyYbM4JhiKXiPC3c6+UJub7UOFex62O9jvQoxkmY64Nykq44VrgzYcPN3dvfut/0JeH+j/niPvJ4MYACFhhTefkHk7FqqvxdGceT+dcWdxhq90yPhVG5UjHs/bqq7BwCaHL3qbWPXuCMQtucuu4AtkXmMe11dIAzxss1OreqbFAr9OuM1gXTVslvDbK/qv2q07Bbm9n5qr/qk3FmvQ+NxWtYsjUPOrGtRwuNG1a07z684OR9Kw1smzsxPJixO7ppXXrKK11DQhA8IBDPvUGiZgO2EMVRjqtw44BkrI4SQIj7aRWdSOdlfelrKuoD/EEUSTEDWcDPf0hxCTh6MOIIzFiJDAHr47sV0MQ0z2DMT4YIUjkCKQnfWguH9RWYUguEYHTPvIZVTT6pG3UYJbIrOywPXOE/qL6Wr1kokx7mqR6SYy40HdY1qrq+0iIaxYYu/otgsG/OZboN1X/tbobQ0whwX+aS4XS/VM88ZVkJpGvL3S+qiVd2yufGlYk8J9I3wX9ikFmsIsnvmYEKSm3Zqpae3MFdx1WoARELccud0GYwpARQnPA6XZaHQ+SGFNkrqtqJRAjsBoZSwkS1lbmyH6V0uz4HHP7EnKMhmEY4ALsrQBls1Vu+LqlW7vuyy74lqeK+TXe0Wm3eIuXF8y/xDs67ZauDObSvKrZsWBfPm7nVLhAg63KVEuJ20ub+hPJrs2PGnmzzppbxsKiddddxnxLr4WMyJoMF1v67QqFz2GMPmT3iubSb5k7ABwgH3IjyrkSZ/8itZOkn1Yv4ox4+ZqRIFVZUg25cHpD3aAqp4K0KsemAhPLCUUu8qa7qJXttHWUEImt6qRPQRufayhZrohVVaQ4W66VIT/ij6kyYE/TKgHaRRM5yp9dXrYe8ZqzSF9e9CVPfJlwVLABKdXO7Hu2x1pJwIHGdQucQ2xk7RT1QQ8MmKYTAkHuj94vtCZV7FXzLq4czxVLcOpU2My4lFZdlc0oVYQtnF/6Xe0BLrFEK6aYcT5S/Eeir4c0eV7Vy2SM73HIceCNXwkvxYAaaaTTNQ4/mfY8T+5xWXf1wqy0F2ljUF13jeQjIhkvZ4mttcGm1leJhHzNYYSMub+GUpmtq27WAEqh/weW2IgaVrGcQ0dmQugYFabi06HUMsgDRFHwr/T25BH4BCNq+FvRVuyzKII0ULJPnIiREjM801iJOz6LpxeIy9wouarkWhZYc9Nq3ebmrLxdZW5a9zbGITUnczGsjtdHXGpTYPojryoL51RvPOqPcfwJcTzM78rQNP8qEalF1DK5C44CRJUwm2tZi3GovJmOP1an1fZss25aPav1ptKMuNNud44rF5tWbCveXVq/GEbTC6+Pt++Md4llkgc+DCZYMK4Od4L4QNcq4fPrrKn97bV0oktVEwfJPusJiozdVjv4WsbKEnR+fgRoOES+Qsr37OoB+YlUZM5xT9dWfevzmTdNrwvr237V56Ud2JR+l52P64uc3iNWxf+9yXEHTI4Wpm4svHeVtDpHHcz0oDrCZSq/VtF+OVQ1n8/DVFO7AFGNxLwIAyx9XiAOp0JCEDPjhff5EYwYZTy1yrsGFTBH9P38aB2F048+g7s721abQu/utEevlvbfWa7r1mv/tPqBi0J3Tk92aE6xUiPFdmb0debw2/csQFcPalQjHf/HM91MuatyXVu1AttNdZNt8t2TpfmuRe0d5X9qjR5KQXPPBXefC56dnp3smWDOBEu03BBeexvwXts4ayib60di22YG0aov4lmn5IuoJJGjDTsjjg9F33r17RnGD66lHe61tG/T0g6FZ11c9yxq91nUXlHbK2o/lqKmn7UKCSXy0rEqrFY7zyqNbr73LDEgpWdi4x74UCKBQ6qlDHuXmL5ti2Csf3BGf2cD9adx4xNIN8p5rQAuRDXBiHH8J6MSkpgFqVOvoWFWmtG7ZzvVl53cPDFpgihRJIKG92gwYmxsZpKkAO5grf5hXE1iRbmwKdH3587lujRP+3wCcVRXYY4xCLJL7YG+1LbFwvE0MYX2l2qZB+4Qjqn/j4RJKJy3khk66j/VIQ4TYnuzzxx9Au2eTCDBwcINMNOGUkJ/ZDb/63Oe0X4iJIsq/pHnPJf49lxqB7iUEjDepw82yjdeL3fLqVKPmqJ8j7qtrrmiWXQi5g2RfRJbZKB607PHsRUyZMY7J4TdE6wEKnvFa4rzzdct3lVaXCI6rX5nYLvS6TzXnJyGzHHV0W+9y3CwwPUlRbvc6S0XnT+5b4trbtlRya3EfZfzmAbGKHZZQOXK81SHf6XPP+cpeq6iOU/Ty+fT104I2R1fLQYlAjn+N46vzAqv2V/s63KY+rrUXFOWfRZSf5aT4+PDo6KLi1s0/2JTt5qVnDDqvKsWuMHUPXrN/V/aRcFvLc9X65F6jhypn9sF0UXG6K7zQBd7nf9H0/mNNZUzglpFd8EIGscazYRys0DnJzEia2aXC2teHnNkr6vvoBRU0dVP97r6M/ZkS6evrFvcfzxp/hHv71alzkc/E3XWDp17erz79Lh7+KqzJ8fLkeObbDv29PjHo8cvvCH7AYhtikp7arvr1LbT7h6d7cntcuTWCc6zJ7k/v3Wi+zORZJHB7p4s/xBk+XhPlpciyzHOvcTqg+rN9U77nQ3SS/EcX74peqJDbHTk0+wapYCQMItX574ZdF5YAx1qy31ouUiyNX1ZnCx0Yrao1rheDQeRbXe6lsUxCxSIdqtegd1lztbynQVC+5qjWjo7lLkXJoNKLEZnQ+3SAyoiKP7IfSE77fbxUXnZbeMMOZ4GpsO86XG16fGsdovsSNfzFmnra2rW6HKZDNBV7cvXFwBI9/D0rLh6VVK7dh8WRY+VpI3ad9IF4WMN4VDTR9IuqmUIlqnh60Cqo7MKUh3V79ozSLVOoChIvmshHZ0q6ej8SKSjGJNzCdZT4/W1vqC9xaf7IOdEueDw+OxFcrq0Zzwv5lYQVHcN7joAGEk0TTRTQwfOrSteKj/Z33OJYtrgdt1ecRmgrXpSA+QGOx0gMXfupnoDM18AL+sZIH9znimZpuCm5MaYlh9MOpDEI9hxvNjWvvCZjZTjAObirFtOwwXpkGjp6VoJvB0ZMvtzc+8ianB9VnHocaOnB3YKTlzWgu76mvGCM025Ub+wkCVdjPYB+L8hAL9zlmsPv1/vR0YIu0fBBYxNkGzseJKZqjdq+e4yy8ksHAeuSkIaHQj72k0mUwOLNY3c0KilhhZv5vaWxyOx5oSKWu9gAYqYRLcIBjUYout0jKwazNCIOHcOherCWqo5eTANr8oylN56RaEIjGNMw38S5o9zwSdTIfNQPE0A+QBLDvn0df9cx/r6MOIsCUf962Vz82TRV50sOisHYAVZmJsLFsXQL+QiNIB7HijgvHlbKn6NoEy4E0+L6rCogSarNpxU9oFTpbDtHaKhHC1opMPFLGqVhYpJCTrI6/owigmq/87IS6W6CSSJhri3BcKfpqgouUrnqZBUIxxSxlElOdPKQWqKh5inQisnQuq2uq+MLXkLiZCY5bpvarxIC3VZfs68fqtJlFLWOSdJVt7gufL3mHwUSLxBJPpk835lC6iPNjYnIqWWGOdNR9UtKKqZhCyF5L9yYbMw6rwGFwRB7rCwQgKzqwefJAEKXnMWXRlUKUg5YP0h+/5IELeEVf/5joXGCpDJqWViz6sk3imqidNs71Pm7NW82uJGfUPircP2fGfl0+Ni29Pj2sxb7QA4JX0TmbE2FxdPyDxwU1XzS+ZDvBFfizSxVn3dVhawgnw7Z7HFRsvULdiAkQGnTvY0x4pMsyaQI0jZPJv5EhnJFuYde0lkeBuy7TqPAW8/cjjLwoDv5XZafbyHRAkGSi53JYN7NKjJBPV9Uz61z9pO9iEdyFJPushyymF6dz8P1I+Q+al91inufSnz05z3CgaJ3q5DqyzmoeqUdL10B6z9UjdwVU8zkf6SsPyeUVRzNasEgveFaXRNYT6sU1CMHr14Ke60YzeubuxnIP0mG6guInXWdu4p2MWn7HC501jTir8929tGdumdM4XKRj2P34ujw74U34vIXVDoPRjA2Jq+Sn4uucqeu5Bc2nekoAeODl+1dZJPv1j+6vREF1fzFVDharN1JqVzHibmSepz2Taciv0T1F3ycyg8Qa15zLaG56hV6K0pcn0czsxzVKPnGrQ9OTo6dBXao8xD4xapdo4I24m+8YXns9Y8a7tzjQaOKa9OKlbirf5qribpGIzjLMWDy27ztB46XXvZku5saWue+bwlJsAAVxkK5wDnonecbr5A8948uxo3gOZQCstuyqGBn5Uuzfr10a9BhNNZhvMsWZwRRYFNSGjjIvLQT7iOmds9/p+gxoqrimfZXG4LHcysuKGoGeiB/9G4SQYE+42L88YQE9SQIygbAocUBQ05Qo3zm7epMNJ0gzO4347RtMGG1eYGQF1favMVxxMo0ZzP5nj+uDpBIfhajSdlFiSibKusz89WZiAlm6oTk+Az8LwsXEVL7ZeFWGN7C7xInbBnvv/lvw/+EqDJU8yZ/ySm4ilNORMwf4z4QevvWYm9Bz1o/f2vf/mvp4O/guZzAw2Fp45X/PLff4GJZEPxNMB0GMm7CAv/aRAPn3ydjLn7v5/MfgzFU4AGifl3Ekv9j4zioXgaJkKxgqdREiJJBkPxhAU7OzlpP0V/JChBT1QMxRPTVuWpWY7631A8xUoZRU889u9iHKOheEp1bv0nwTR5UH/9kUAxUn9MVU+SQx8NxV//C6SpvN4wIeey4/rUWnuuvGtc2XpaMCFv3l66P28Zk69FIZ/Betl1ORpjvndm65bOhFJhvinweHm0mJIXsIBD5EnmoQnWrrdqfaDEeN3r3uJcvz2sQilSwuq+SSUzWkcncKiI9i+HvtmKOUSOlw6r4EZVWNbut4aoCnPkAOcgNVzYmBQZQBgx8Td6ToiWAofQyZ+bq5BpOps8ZqWjQLoxURyrhm72QslDAbbmWkVHe61C5td/y4VqsBkNHEqeHYmpcYySc53cF3uuN5d3iP/aBCapXv8ZaaoiNNcLTrP6RMSPOmmstu/924RGstLVPxMauO6Jc91oq1qrzRWVEcbXEBOTSssfVQWe9SfMKsT2NEF5bNgnT60kRLTmPtAmUFhSpZmXPa0guc/L6rCKyb5r8zxUZMr6W3UbhOEtFRJSP7/IcIXJIQ5vEWEwQPzCpUzFqusCRVP6Bp1Wu1tsvthQ5CWHd6aIU1dWc8jt1rHN9Wdl1v5cr815LnyzYqCjx+VhpqTLZhO+KOz7kk+kntkDc5Yet50u3Ir8s/lgsyIPfEEeLcMFX2NEgnwvQX1ulM3wQ8eDzMmP+70vY16184IPRGfHW0FVX+Fy5VusqnWuuMXLlPySYjn4No3tP7Xg2zk14rFpcpuQRWTPGg0qnvXm7OwtltlXIq4xtf6+oAfsXx/e9TuH87R7PkbdfTSnn+WJ+vNPJnMtaR/UaW/B2KX3k939+8ln3k8qWr2P6PQzkmeTvrKGOO9jOu3J8T6m085S47eltC31VFnr1M5PpVtijoLLhGMaWuTCNHxrrphMsUFPLch/fjR6Wb/8XP3qIfXKM/M093wwjkvkxX0t7yDwW2riiycm30YuO9nkGq6x4HPBkvA1925c6KhtdmpXWVJnz5Jempxzt7lNOUPSnuPsOsfRCar2LGcJlrOPIfjTkNu1xhA09GMf7++no4v7eH+L6eKWxA5LfvcxBX90EvwSG/k+tOCeA3xHyXhvjFlCMt7fYv70FNpaqGICKdrfZe4J9s4S7P1d5hIE++e/yjRoDFuxjkyWk+sDJP2DnLQdCEGKFDy7LvP+Zj9ePrBmTs+dXrwxmtqedpvE/1w3oXmm3f1V6I9JzU1U3D0xf46YL3cT+jMQ9f9EwdvQlVq6vL8z3JPm/Z3hTtPm/ZXhj0yU92nH9qR2B0jt/hpyGVK7vx780cnty43P+0vCPX3eXxLuLH1WGzpCJMreRx42TdRrHThV+BzHNuKdfotJSEMhBUEa7YaYC3mpyagaEnTb3a7XPvYOOx863d7xSa/76v/pgIbLtKJMqqXWpLtojKBoDBCiDWzmgIJW42KE/HEDS9EQEspENAbTBk8oxRqSYRCZkFCpSJW+oxYS+uMv9Au1yxE63tPnUrOGbvb1LyOFF6Z/0LMMAwVOaNjFuTkW5+RwzvfzI4Axzt+oTjqgCcZYASXI3r6CbFTbaZAHdlbkrtADNa/0MQ1b41eaUhf6NLWWEmT92hBkng7br/6/7GK2OvyiZce6y4NJZ4AkdEa8qeSMWHCEXsjhEFK4qe4NK5FQIi9Dxc2MVBMwcPMjlcMfvQyC1jMtN4bGpsbIBIqNb+3GRoDSH3kCvviwXOQuCqtL4dmWh63Bvy3PoDaQ5/eawXrw9YXzKCDolsd24sp8p73f+sjrRXSdD2hbCH6RxfRfYsQ0Xo4jK2x9DpsaMV1iTc6C7a1xQxRstUMOoIQ2Ku72BncplscmCvnQ/eqS6gsGdhIub3ywNNCkZBK+QA5ffcDxK+H5jKOAzkHV9Q+XKWDparc/MC0pd9scmgXfYdSYBdsfVCmbhMHvOPK2T9omst3CUNkA3mC6rdMtjLnNw9WickoaueC+l4itHKgxv295wK0Q4lh9KySi0iZ5SgQMt7LEmAXbY2/PyfzrHU0rt8OEiO3QgBQFN7Sdi/N0bVjyS42S+fw3Li3UDKkzm21xvPGrzcFpzXCbpTY1A8Zsnka4mfEyOWD1QfkA+i2YyBHj+E99/1NnUnfzXy+lH5v2XLVf55CxiL0XmrzXu9ANj1iTnSeV+jyOdIjeDQ9ndMFc1tz0eLGItwEpcw2TG4aX+Vb8zYyz9v1c8eZgUyOtfV2uBSSIMN1U5yjAclN9axPRhvpO8Pq7X2Q6/vZx/olpkN+UL82nBvaz7UxgI/yjMvA22WV18BqmooVlT3XrBYigcE0kcZmx188/lxl1FEPnTfGWBl0PjVwWmjbIUpfBpDVy1lWG29Qmb5rPrjbgNlf5jRxgWd3kxRr9mqaxlivpl8zFvX4x15dG4Pm+c9By0fedwvwbts1PIVPNFx3Gt+vvS4w//yC2MvzLrjmXH34FqXALsLAMF9dSkhVWijMq5hfa6JZsyoFmax4Oy4y3WY+t7+HosOLQG/PR2j3YqncCWIhRqw6xCcevb7r9WWJIGMeiQCAuIYoY7T/jgbV2GKrOI39GtUmS8dJx10g6XjqFNZKQl07hmyEexpibpzZzOVYh17adinVMbplU5y17Avbr6ij5RFqKDDDR8llUHKRKkjZIu7JUms+t/TqRUGIa2pSb5nIoMe0XTzMd4SWbcVMmKxujPqvM5TZZQcFqmWz4OzGvEFHEIdmlKSlQ26XpKGKa+SF6Nk8tJlhOd3iag4RTDiXa4SmOsJAs5DDa4TkKwnZyYju3ZQ6/30WSUpqicS1DPuNK19y5ma5HdFv7vAiSu7ZV5lG+p0TEnZtU7qWwazMTkvG5Doffc172Jm6x0//3n+BCV+PvPr3dmFZB894lsrEek8D6p2Sfj+/OjHbp0Ooz4+/UxDY4n34x5MXGTQBrndELbJvr3ZE53MR6rG549K3KcyvOq8rCtncq26LCK0zpW621a53MFqjcCrNZhy1/WbPiJ0hw8M2Gxa95PtPHbYSpeiZGk7OBvUfnVz9GPrCJYJEwEeL8OAE90D1uK0kuQpGJt9Q9bl9jYIIXTdJd7czyUD2PgA00oQt+1Qq4CWHUbgKRRBHkOuDcbPb/AwAA//8db+aJVhgBAA",
              "objectset.rio.cattle.io/id": "helm-app",
              "objectset.rio.cattle.io/owner-gvk": "/v1, Kind=Secret",
              "objectset.rio.cattle.io/owner-name": "sh.helm.release.v1.rancher-monitoring.v1",
              "objectset.rio.cattle.io/owner-namespace": "cattle-monitoring-system"
            },
            "chart_name": "rancher-monitoring",
            "chart_version": "100.1.0+up19.0.3",
            "cleanup_on_fail": false,
            "cluster_id": "c-bp26n",
            "cluster_name": "staging-workers",
            "disable_hooks": false,
            "disable_open_api_validation": false,
            "force_upgrade": false,
            "id": "c-bp26n.cattle-monitoring-system/rancher-monitoring",
            "labels": {
              "objectset.rio.cattle.io/hash": "afd0d9d7cfc6e6d7ab5c7044fb2bc771e55109c1"
            },
            "name": "rancher-monitoring",
            "namespace": "cattle-monitoring-system",
            "project_id": null,
            "repo_name": "rancher-charts",
            "system_default_registry": "",
            "timeouts": null,
            "values": "global:\n  cattle:\n    clusterId: c-bp26n\n    clusterName: staging-workers\n    systemDefaultRegistry: \"\"\n  systemDefaultRegistry: \"\"\nprometheus:\n  prometheusSpec:\n    requests:\n      cpu: 250m\n      memory: 250Mi\n",
            "wait": true
          },
          "sensitive_attributes": [],
          "private": "eyJlMmJmYjczMC1lY2FhLTExZTYtOGY4OC0zNDM2M2JjN2M0YzAiOnsiY3JlYXRlIjo2MDAwMDAwMDAwMDAsImRlbGV0ZSI6NjAwMDAwMDAwMDAwLCJ1cGRhdGUiOjYwMDAwMDAwMDAwMH19",
          "dependencies": [
            "rancher2_cluster.staging-workers"
          ]
        }
      ]
    },
    {
      "mode": "managed",
      "type": "rancher2_catalog_v2",
      "name": "keda",
      "provider": "provider[\"registry.terraform.io/rancher/rancher2\"]",
      "instances": [
        {
          "schema_version": 0,
          "attributes": {
            "annotations": {},
            "ca_bundle": "",
            "cluster_id": "c-bp26n",
            "enabled": true,
            "git_branch": "",
            "git_repo": "",
            "id": "c-bp26n.keda",
            "insecure": false,
            "labels": {},
            "name": "keda",
            "resource_version": "15407997",
            "secret_name": null,
            "secret_namespace": null,
            "service_account": "",
            "service_account_namespace": "",
            "timeouts": null,
            "url": "https://kedacore.github.io/charts/"
          },
          "sensitive_attributes": [],
          "private": "eyJlMmJmYjczMC1lY2FhLTExZTYtOGY4OC0zNDM2M2JjN2M0YzAiOnsiY3JlYXRlIjo2MDAwMDAwMDAwMDAsImRlbGV0ZSI6NjAwMDAwMDAwMDAwLCJ1cGRhdGUiOjYwMDAwMDAwMDAwMH19",
          "dependencies": [
            "rancher2_cluster.staging-workers"
          ]
        }
      ]
    },
    {
      "mode": "managed",
      "type": "rancher2_cluster",
      "name": "deployment_internship",
      "provider": "provider[\"registry.terraform.io/rancher/rancher2\"]",
      "instances": [
        {
          "schema_version": 1,
          "attributes": {
            "agent_env_vars": [],
            "aks_config": [],
            "aks_config_v2": [],
            "annotations": {
              "authz.management.cattle.io/creator-role-bindings": "{\"created\":[\"cluster-owner\"],\"required\":[\"cluster-owner\"]}",
              "lifecycle.cattle.io/create.cluster-agent-controller-cleanup": "true",
              "lifecycle.cattle.io/create.cluster-provisioner-controller": "true",
              "lifecycle.cattle.io/create.cluster-scoped-gc": "true",
              "lifecycle.cattle.io/create.mgmt-cluster-rbac-remove": "true",
              "provisioner.cattle.io/encrypt-migrated": "true",
              "provisioner.cattle.io/ke-driver-update": "updated"
            },
            "ca_cert": "LS0tLS1CRUdJTiBDRVJUSUZJQ0FURS0tLS0tCk1JSUM0VENDQWNtZ0F3SUJBZ0lCQURBTkJna3Foa2lHOXcwQkFRc0ZBREFTTVJBd0RnWURWUVFERXdkcmRXSmwKTFdOaE1CNFhEVEl5TURVeU16RTBNamd5TlZvWERUTXlNRFV5TURFME1qZ3lOVm93RWpFUU1BNEdBMVVFQXhNSAphM1ZpWlMxallUQ0NBU0l3RFFZSktvWklodmNOQVFFQkJRQURnZ0VQQURDQ0FRb0NnZ0VCQUtmVURsRHZxL3NSCnFlNkpPQVdzbXN4enE4dUpIRi9KSnE3V2tyV3AxTGVGL3lweG1yQ1JibXlqcXpBYWhGaGRPMWovR2ZnNFdyeHAKdzhLWDlWektsWEhQVEFNMzFWaXRESFlNSFdLSjg0WVZxYlo3L0hEcFFaNGxEck1INVFLQWlyR0hWRElENmU3dAptM0E3dGpiVG9oY0R4UDV2Ykg3dkJKK2FxUmFvQ0hsYUhyQXhWLzlud3ZNTVpEQ2V1SjRuQ0lwSkJiMzZqSXNqCnpnSDNhRGlmd2txRTlyY0tKVFFKcnBlM2ZpbU9udDUyemRzaVVMTXR1Zy93bE9melJqWk9PeStGbHVJTVhaQ3AKbFV0R0pURmJmTmttQUxWdnRzNytaRGZKNUwydjVjbjJsR2M5SDVlckIvM3E4S3R1MkdEMUJjeTV6K3dKdDFmMQpESnFnSWpzMTRMY0NBd0VBQWFOQ01FQXdEZ1lEVlIwUEFRSC9CQVFEQWdLa01BOEdBMVVkRXdFQi93UUZNQU1CCkFmOHdIUVlEVlIwT0JCWUVGQmdiSWJOZDNMUHBITU52dWtqdCtvU3RQRGsvTUEwR0NTcUdTSWIzRFFFQkN3VUEKQTRJQkFRQXRlek5DUEZ2SXNJSVZmcjF0K296VUpVVnE4RDc3QUVOUzdRWlNqNlozTC9SVXVqcjlzMGZJb0NvZQpCamhON01NN3gvSUg0STFHcUt5cE9Qd1FPTGh6aHVEZXJJRHhOVFNZTFQ5ck9HTTJHVDlnTHNxdDRRcWdCa2wyCnFHTEVEMjJYeE5UOUh6Ym1FYjRsUUhXenFvMVMxQzZyR0wvTUxjaTdnTXJvcGFIdlYyZXBvR0xrSzBRYUM2ZjUKUURCaWRnc0YzZXRYcFh4ZDRYa2I0K2FqdG5ZSGh6RzdvV3gxQkVyU2pBOVZZN1doVk5WK0dzQ2VqbCtOZVNDUApMTkxKMFdWQ2hEaDZEMWo1Q09JREtCTk5valVVczlHeE5XV3RHWC9NbFFUS0YwdGMxR0FvWlpvcllxR1gzUG5hCkpXenNyMWkvanVlUW42cXZ5WTNqQnBhNDhvbEQKLS0tLS1FTkQgQ0VSVElGSUNBVEUtLS0tLQo=",
            "cluster_auth_endpoint": [
              {
                "ca_certs": "",
                "enabled": false,
                "fqdn": ""
              }
            ],
            "cluster_monitoring_input": [],
            "cluster_registration_token": [
              {
                "annotations": {},
                "cluster_id": "c-fvnrx",
                "command": "kubectl apply -f https://rancher.euwest.azure.internal.softwareheritage.org/v3/import/47zcb6pbq6wscj9g6qs9hg22qlrpsc4x46mhr8852dfq5hgjz9f5dd_c-fvnrx.yaml",
                "id": "c-fvnrx:default-token",
                "insecure_command": "curl --insecure -sfL https://rancher.euwest.azure.internal.softwareheritage.org/v3/import/47zcb6pbq6wscj9g6qs9hg22qlrpsc4x46mhr8852dfq5hgjz9f5dd_c-fvnrx.yaml | kubectl apply -f -",
                "insecure_node_command": "",
                "insecure_windows_node_command": "",
                "labels": {
                  "cattle.io/creator": "norman"
                },
                "manifest_url": "https://rancher.euwest.azure.internal.softwareheritage.org/v3/import/47zcb6pbq6wscj9g6qs9hg22qlrpsc4x46mhr8852dfq5hgjz9f5dd_c-fvnrx.yaml",
                "name": "default-token",
                "node_command": "sudo docker run -d --privileged --restart=unless-stopped --net=host -v /etc/kubernetes:/etc/kubernetes -v /var/run:/var/run  rancher/rancher-agent:v2.6.4 --server https://rancher.euwest.azure.internal.softwareheritage.org --token 47zcb6pbq6wscj9g6qs9hg22qlrpsc4x46mhr8852dfq5hgjz9f5dd --ca-checksum 8850dd89eb7f29a70c0d50a2b389bf1950808a9dff4062c66ab806b80b988bac",
                "token": "47zcb6pbq6wscj9g6qs9hg22qlrpsc4x46mhr8852dfq5hgjz9f5dd",
                "windows_node_command": "PowerShell -NoLogo -NonInteractive -Command \"\u0026 {docker run -v c:\\:c:\\host rancher/rancher-agent:v2.6.4 bootstrap --server https://rancher.euwest.azure.internal.softwareheritage.org --token 47zcb6pbq6wscj9g6qs9hg22qlrpsc4x46mhr8852dfq5hgjz9f5dd --ca-checksum 8850dd89eb7f29a70c0d50a2b389bf1950808a9dff4062c66ab806b80b988bac | iex}\""
              }
            ],
            "cluster_template_answers": [],
            "cluster_template_id": null,
            "cluster_template_questions": [],
            "cluster_template_revision_id": null,
            "default_pod_security_policy_template_id": null,
            "default_project_id": "c-fvnrx:p-q4flt",
            "description": "staging cluster for deployment test",
            "desired_agent_image": null,
            "desired_auth_image": null,
            "docker_root_dir": "/var/lib/docker",
            "driver": "rancherKubernetesEngine",
            "eks_config": [],
            "eks_config_v2": [],
            "enable_cluster_alerting": false,
            "enable_cluster_istio": null,
            "enable_cluster_monitoring": false,
            "enable_network_policy": false,
            "fleet_workspace_name": "fleet-default",
            "gke_config": [],
            "gke_config_v2": [],
            "id": "c-fvnrx",
            "istio_enabled": false,
            "k3s_config": [],
            "kube_config": "apiVersion: v1\nkind: Config\nclusters:\n- name: \"deployment-internship\"\n  cluster:\n    server: \"https://rancher.euwest.azure.internal.softwareheritage.org/k8s/clusters/c-fvnrx\"\n    certificate-authority-data: \"LS0tLS1CRUdJTiBDRVJUSUZJQ0FURS0tLS0tCk1JSUJwekNDQ\\\n      VUyZ0F3SUJBZ0lCQURBS0JnZ3Foa2pPUFFRREFqQTdNUnd3R2dZRFZRUUtFeE5rZVc1aGJXbGoKY\\\n      kdsemRHVnVaWEl0YjNKbk1Sc3dHUVlEVlFRREV4SmtlVzVoYldsamJHbHpkR1Z1WlhJdFkyRXdIa\\\n      GNOTWpJdwpOREV5TWpJek56RTBXaGNOTXpJd05EQTVNakl6TnpFMFdqQTdNUnd3R2dZRFZRUUtFe\\\n      E5rZVc1aGJXbGpiR2x6CmRHVnVaWEl0YjNKbk1Sc3dHUVlEVlFRREV4SmtlVzVoYldsamJHbHpkR\\\n      1Z1WlhJdFkyRXdXVEFUQmdjcWhrak8KUFFJQkJnZ3Foa2pPUFFNQkJ3TkNBQVMvTnRpTWV4NDY0K\\\n      0R3RytuQ2svQXdJM2VDSjNGOHdQNitUZytNTjFnaQo3OWJWeEIwd1RTYjZmL3ZXK3NRdEIzdEUrS\\\n      k5iaU1mU2xuQUtaVlBjQjA0T28wSXdRREFPQmdOVkhROEJBZjhFCkJBTUNBcVF3RHdZRFZSMFRBU\\\n      UgvQkFVd0F3RUIvekFkQmdOVkhRNEVGZ1FVeVUyT1lacnBkbCtWYkIzSkpUcHUKMktiVnF0NHdDZ\\\n      1lJS29aSXpqMEVBd0lEU0FBd1JRSWdRY25JcnJCSzdUbFBBdlRKb3EwNmp5QVplcURzTWI1LwpKZ\\\n      Th4QVFnTnV5d0NJUURaWDA2NDJ4NXh2N1lFdmZ4eWJ0SnlRWVY3aTlJZ1llNzlKVG9SaVBQTkZBP\\\n      T0KLS0tLS1FTkQgQ0VSVElGSUNBVEUtLS0tLQ==\"\n\nusers:\n- name: \"deployment-internship\"\n  user:\n    token: \"kubeconfig-user-92j6dlvn5f:7ttkgfj7rrwgjc7vm87dmq89zsp2672c9wklmj9fqhsz8chx4vbpp5\"\n\n\ncontexts:\n- name: \"deployment-internship\"\n  context:\n    user: \"deployment-internship\"\n    cluster: \"deployment-internship\"\n\ncurrent-context: \"deployment-internship\"\n",
            "labels": {
              "cattle.io/creator": "norman",
              "provider.cattle.io": "rke"
            },
            "name": "deployment-internship",
            "oke_config": [],
            "rke2_config": [],
            "rke_config": [
              {
                "addon_job_timeout": 45,
                "addons": "",
                "addons_include": [],
                "authentication": [
                  {
                    "sans": [],
                    "strategy": "x509"
                  }
                ],
                "authorization": [
                  {
                    "mode": null,
                    "options": null
                  }
                ],
                "bastion_host": [
                  {
                    "address": "",
                    "port": "",
                    "ssh_agent_auth": false,
                    "ssh_key": "",
                    "ssh_key_path": "",
                    "user": ""
                  }
                ],
                "cloud_provider": [
                  {
                    "aws_cloud_provider": [],
                    "azure_cloud_provider": [],
                    "custom_cloud_provider": "",
                    "name": "",
                    "openstack_cloud_provider": [],
                    "vsphere_cloud_provider": []
                  }
                ],
                "dns": [],
                "enable_cri_dockerd": false,
                "ignore_docker_version": true,
                "ingress": [
                  {
                    "default_backend": true,
                    "dns_policy": "",
                    "extra_args": {},
                    "http_port": 0,
                    "https_port": 0,
                    "network_mode": "",
                    "node_selector": {},
                    "options": {},
                    "provider": "nginx",
                    "tolerations": [],
                    "update_strategy": []
                  }
                ],
                "kubernetes_version": "v1.21.12-rancher1-1",
                "monitoring": [
                  {
                    "node_selector": {},
                    "options": {},
                    "provider": "metrics-server",
                    "replicas": 1,
                    "tolerations": [],
                    "update_strategy": []
                  }
                ],
                "network": [
                  {
                    "calico_network_provider": [],
                    "canal_network_provider": [],
                    "flannel_network_provider": [],
                    "mtu": 0,
                    "options": {},
                    "plugin": "canal",
                    "tolerations": [],
                    "weave_network_provider": []
                  }
                ],
                "nodes": [],
                "prefix_path": "",
                "private_registries": [],
                "services": [
                  {
                    "etcd": [
                      {
                        "backup_config": [
                          {
                            "enabled": true,
                            "interval_hours": 12,
                            "retention": 6,
                            "s3_backup_config": [],
                            "safe_timestamp": false,
                            "timeout": 300
                          }
                        ],
                        "ca_cert": "",
                        "cert": "",
                        "creation": "12h",
                        "external_urls": [],
                        "extra_args": {
                          "election-timeout": "5000",
                          "heartbeat-interval": "500"
                        },
                        "extra_binds": [],
                        "extra_env": [],
                        "gid": 0,
                        "image": "",
                        "key": "",
                        "path": "",
                        "retention": "72h",
                        "snapshot": false,
                        "uid": 0
                      }
                    ],
                    "kube_api": [
                      {
                        "admission_configuration": {},
                        "always_pull_images": false,
                        "audit_log": [],
                        "event_rate_limit": [],
                        "extra_args": {},
                        "extra_binds": [],
                        "extra_env": [],
                        "image": "",
                        "pod_security_policy": false,
                        "secrets_encryption_config": [],
                        "service_cluster_ip_range": "",
                        "service_node_port_range": "30000-32767"
                      }
                    ],
                    "kube_controller": [
                      {
                        "cluster_cidr": null,
                        "extra_args": null,
                        "extra_binds": null,
                        "extra_env": null,
                        "image": null,
                        "service_cluster_ip_range": null
                      }
                    ],
                    "kubelet": [
                      {
                        "cluster_dns_server": "",
                        "cluster_domain": "",
                        "extra_args": {},
                        "extra_binds": [],
                        "extra_env": [],
                        "fail_swap_on": false,
                        "generate_serving_certificate": false,
                        "image": "",
                        "infra_container_image": ""
                      }
                    ],
                    "kubeproxy": [
                      {
                        "extra_args": null,
                        "extra_binds": null,
                        "extra_env": null,
                        "image": null
                      }
                    ],
                    "scheduler": [
                      {
                        "extra_args": null,
                        "extra_binds": null,
                        "extra_env": null,
                        "image": null
                      }
                    ]
                  }
                ],
                "ssh_agent_auth": false,
                "ssh_cert_path": "",
                "ssh_key_path": "",
                "upgrade_strategy": [
                  {
                    "drain": false,
                    "drain_input": [
                      {
                        "delete_local_data": false,
                        "force": false,
                        "grace_period": -1,
                        "ignore_daemon_sets": true,
                        "timeout": 120
                      }
                    ],
                    "max_unavailable_controlplane": "1",
                    "max_unavailable_worker": "10%"
                  }
                ],
                "win_prefix_path": ""
              }
            ],
            "scheduled_cluster_scan": [
              {
                "enabled": false,
                "scan_config": [],
                "schedule_config": []
              }
            ],
            "system_project_id": "c-fvnrx:p-hlf76",
            "timeouts": null,
            "windows_prefered_cluster": false
          },
          "sensitive_attributes": [],
          "private": "eyJlMmJmYjczMC1lY2FhLTExZTYtOGY4OC0zNDM2M2JjN2M0YzAiOnsiY3JlYXRlIjoxODAwMDAwMDAwMDAwLCJkZWxldGUiOjE4MDAwMDAwMDAwMDAsInVwZGF0ZSI6MTgwMDAwMDAwMDAwMH0sInNjaGVtYV92ZXJzaW9uIjoiMSJ9"
        }
      ]
    },
    {
      "mode": "managed",
      "type": "rancher2_cluster",
      "name": "staging-workers",
      "provider": "provider[\"registry.terraform.io/rancher/rancher2\"]",
      "instances": [
        {
          "schema_version": 1,
          "attributes": {
            "agent_env_vars": [],
            "aks_config": [],
            "aks_config_v2": [],
            "annotations": {
              "authz.management.cattle.io/creator-role-bindings": "{\"created\":[\"cluster-owner\"],\"required\":[\"cluster-owner\"]}",
              "lifecycle.cattle.io/create.cluster-agent-controller-cleanup": "true",
              "lifecycle.cattle.io/create.cluster-provisioner-controller": "true",
              "lifecycle.cattle.io/create.cluster-scoped-gc": "true",
              "lifecycle.cattle.io/create.mgmt-cluster-rbac-remove": "true",
              "provisioner.cattle.io/encrypt-migrated": "true",
              "provisioner.cattle.io/ke-driver-update": "updated"
            },
            "ca_cert": "LS0tLS1CRUdJTiBDRVJUSUZJQ0FURS0tLS0tCk1JSUM0VENDQWNtZ0F3SUJBZ0lCQURBTkJna3Foa2lHOXcwQkFRc0ZBREFTTVJBd0RnWURWUVFERXdkcmRXSmwKTFdOaE1CNFhEVEl5TURVek1URXlNVGN3T0ZvWERUTXlNRFV5T0RFeU1UY3dPRm93RWpFUU1BNEdBMVVFQXhNSAphM1ZpWlMxallUQ0NBU0l3RFFZSktvWklodmNOQVFFQkJRQURnZ0VQQURDQ0FRb0NnZ0VCQUw5T1RjS1l0TXlkCnpFMlFXcXFxQ2dkK3VpNy9xYXNwUlBQQU03NTR2ejlWOWJqNEpRTG5GR2xhY0JhYnoyaVJIOTRibFYxNnRhRFIKakVnOVdkOGo2ZjZ0VkN3ZkdzYm8xRGZ4V2lSUmU1WHdOcmhsbCtKZmhWL0VqUlJLSkRoYzlxY0RqRER1Y0VXWApqc0VDMkRNdUhnRFB3dEMxOGtUT3BFR0txa1FYdHdDVHczdDArY2p1SDJyZVJGK09HZld1OFM5MnJQcG5pTGRhClUwRnllTDNuODJ4ck5qUnJIUDk1TTVRdTBOanpvWHBhWFZKR1dXYXlCY1BVSUM0MDlxMDNQc0FmUk90NTNHeDYKczZCdkd6QzJrWktqck9UTlREUXBhdStwQnpKQnVSN29PYWR4aWwya3dYK3ZlcVFHQjYvVjQ0aG9EZzJjUU5ZRwp5M29STDZmVXAvOENBd0VBQWFOQ01FQXdEZ1lEVlIwUEFRSC9CQVFEQWdLa01BOEdBMVVkRXdFQi93UUZNQU1CCkFmOHdIUVlEVlIwT0JCWUVGSlpCZ3ZCWXNoQWtyWStxemZTZHh5OEZFK0FBTUEwR0NTcUdTSWIzRFFFQkN3VUEKQTRJQkFRQ3kwN3FhVytNb0lBK2lETTFPcDRHNmtjemtMaFZJbnFaOTdseXo3c1laREFCeUtOQmFPb2grSVAxcgpTa1JUQ0JtUTRhcVBqWDVNZnQrM1lPTjlLNXdMZ3hKWFFiYkV5RG9IaFR2bkh6U1pVc2Q4T0ppQWhua00wVHpYCnlvT3ZCZll4L3VvVkFING1hMHNHRWt5RVlUVWdraStwU29UalF0b1lTZVJIc0hCWUNOUlM5VjB5T0RQbHFhQXUKWnc0ZFFOci9rOEFKd2puWDFENjYzVUhRMjF6cTdJcUhnODM2R0VnRTBTcWtndktEUXVUcmJmaE9qYzg5cGQ1dQpoc0pEK3V2ZmlQTnM0OXlIUVE0d3RBb2thUDFEQklQd3lYTDRzSURSclRxK1UxMkdyM1l3dzd4cXdpTERuVWh4CkM0NEx1TmlvRkRsVHd4VzluV3FCL3l1TTM2TXIKLS0tLS1FTkQgQ0VSVElGSUNBVEUtLS0tLQo=",
            "cluster_auth_endpoint": [
              {
                "ca_certs": "",
                "enabled": false,
                "fqdn": ""
              }
            ],
            "cluster_monitoring_input": [],
            "cluster_registration_token": [
              {
                "annotations": {},
                "cluster_id": "c-bp26n",
                "command": "kubectl apply -f https://rancher.euwest.azure.internal.softwareheritage.org/v3/import/v6vbr6rlwsc2nmzgqhgskztpt6nhb4kdkrszzph842nk7jwmgh9j6l_c-bp26n.yaml",
                "id": "c-bp26n:default-token",
                "insecure_command": "curl --insecure -sfL https://rancher.euwest.azure.internal.softwareheritage.org/v3/import/v6vbr6rlwsc2nmzgqhgskztpt6nhb4kdkrszzph842nk7jwmgh9j6l_c-bp26n.yaml | kubectl apply -f -",
                "insecure_node_command": "",
                "insecure_windows_node_command": "",
                "labels": {},
                "manifest_url": "https://rancher.euwest.azure.internal.softwareheritage.org/v3/import/v6vbr6rlwsc2nmzgqhgskztpt6nhb4kdkrszzph842nk7jwmgh9j6l_c-bp26n.yaml",
                "name": "default-token",
                "node_command": "sudo docker run -d --privileged --restart=unless-stopped --net=host -v /etc/kubernetes:/etc/kubernetes -v /var/run:/var/run  rancher/rancher-agent:v2.6.4 --server https://rancher.euwest.azure.internal.softwareheritage.org --token v6vbr6rlwsc2nmzgqhgskztpt6nhb4kdkrszzph842nk7jwmgh9j6l --ca-checksum 8850dd89eb7f29a70c0d50a2b389bf1950808a9dff4062c66ab806b80b988bac",
                "token": "v6vbr6rlwsc2nmzgqhgskztpt6nhb4kdkrszzph842nk7jwmgh9j6l",
                "windows_node_command": "PowerShell -NoLogo -NonInteractive -Command \"\u0026 {docker run -v c:\\:c:\\host rancher/rancher-agent:v2.6.4 bootstrap --server https://rancher.euwest.azure.internal.softwareheritage.org --token v6vbr6rlwsc2nmzgqhgskztpt6nhb4kdkrszzph842nk7jwmgh9j6l --ca-checksum 8850dd89eb7f29a70c0d50a2b389bf1950808a9dff4062c66ab806b80b988bac | iex}\""
              }
            ],
            "cluster_template_answers": [],
            "cluster_template_id": null,
            "cluster_template_questions": [],
            "cluster_template_revision_id": null,
            "default_pod_security_policy_template_id": null,
            "default_project_id": "c-bp26n:p-2hpbg",
            "description": "staging workers cluster",
            "desired_agent_image": null,
            "desired_auth_image": null,
            "docker_root_dir": "/var/lib/docker",
            "driver": "rancherKubernetesEngine",
            "eks_config": [],
            "eks_config_v2": [],
            "enable_cluster_alerting": false,
            "enable_cluster_istio": null,
            "enable_cluster_monitoring": false,
            "enable_network_policy": false,
            "fleet_workspace_name": "fleet-default",
            "gke_config": [],
            "gke_config_v2": [],
            "id": "c-bp26n",
            "istio_enabled": false,
            "k3s_config": [],
            "kube_config": "apiVersion: v1\nkind: Config\nclusters:\n- name: \"staging-workers\"\n  cluster:\n    server: \"https://rancher.euwest.azure.internal.softwareheritage.org/k8s/clusters/c-bp26n\"\n    certificate-authority-data: \"LS0tLS1CRUdJTiBDRVJUSUZJQ0FURS0tLS0tCk1JSUJwekNDQ\\\n      VUyZ0F3SUJBZ0lCQURBS0JnZ3Foa2pPUFFRREFqQTdNUnd3R2dZRFZRUUtFeE5rZVc1aGJXbGoKY\\\n      kdsemRHVnVaWEl0YjNKbk1Sc3dHUVlEVlFRREV4SmtlVzVoYldsamJHbHpkR1Z1WlhJdFkyRXdIa\\\n      GNOTWpJdwpOREV5TWpJek56RTBXaGNOTXpJd05EQTVNakl6TnpFMFdqQTdNUnd3R2dZRFZRUUtFe\\\n      E5rZVc1aGJXbGpiR2x6CmRHVnVaWEl0YjNKbk1Sc3dHUVlEVlFRREV4SmtlVzVoYldsamJHbHpkR\\\n      1Z1WlhJdFkyRXdXVEFUQmdjcWhrak8KUFFJQkJnZ3Foa2pPUFFNQkJ3TkNBQVMvTnRpTWV4NDY0K\\\n      0R3RytuQ2svQXdJM2VDSjNGOHdQNitUZytNTjFnaQo3OWJWeEIwd1RTYjZmL3ZXK3NRdEIzdEUrS\\\n      k5iaU1mU2xuQUtaVlBjQjA0T28wSXdRREFPQmdOVkhROEJBZjhFCkJBTUNBcVF3RHdZRFZSMFRBU\\\n      UgvQkFVd0F3RUIvekFkQmdOVkhRNEVGZ1FVeVUyT1lacnBkbCtWYkIzSkpUcHUKMktiVnF0NHdDZ\\\n      1lJS29aSXpqMEVBd0lEU0FBd1JRSWdRY25JcnJCSzdUbFBBdlRKb3EwNmp5QVplcURzTWI1LwpKZ\\\n      Th4QVFnTnV5d0NJUURaWDA2NDJ4NXh2N1lFdmZ4eWJ0SnlRWVY3aTlJZ1llNzlKVG9SaVBQTkZBP\\\n      T0KLS0tLS1FTkQgQ0VSVElGSUNBVEUtLS0tLQ==\"\n\nusers:\n- name: \"staging-workers\"\n  user:\n    token: \"kubeconfig-user-92j6dqwzcl:4jd9lt62zkw7d582hwwxhkf7mshmxdg4xfcfqlp67zdxzf6hmzfk2p\"\n\n\ncontexts:\n- name: \"staging-workers\"\n  context:\n    user: \"staging-workers\"\n    cluster: \"staging-workers\"\n\ncurrent-context: \"staging-workers\"\n",
            "labels": {
              "cattle.io/creator": "norman",
              "provider.cattle.io": "rke"
            },
            "name": "staging-workers",
            "oke_config": [],
            "rke2_config": [],
            "rke_config": [
              {
                "addon_job_timeout": 45,
                "addons": "",
                "addons_include": [],
                "authentication": [
                  {
                    "sans": [],
                    "strategy": "x509"
                  }
                ],
                "authorization": [
                  {
                    "mode": null,
                    "options": null
                  }
                ],
                "bastion_host": [
                  {
                    "address": "",
                    "port": "",
                    "ssh_agent_auth": false,
                    "ssh_key": "",
                    "ssh_key_path": "",
                    "user": ""
                  }
                ],
                "cloud_provider": [
                  {
                    "aws_cloud_provider": [],
                    "azure_cloud_provider": [],
                    "custom_cloud_provider": "",
                    "name": "",
                    "openstack_cloud_provider": [],
                    "vsphere_cloud_provider": []
                  }
                ],
                "dns": [],
                "enable_cri_dockerd": false,
                "ignore_docker_version": true,
                "ingress": [
                  {
                    "default_backend": true,
                    "dns_policy": "",
                    "extra_args": {},
                    "http_port": 0,
                    "https_port": 0,
                    "network_mode": "",
                    "node_selector": {},
                    "options": {},
                    "provider": "nginx",
                    "tolerations": [],
                    "update_strategy": []
                  }
                ],
                "kubernetes_version": "v1.22.9-rancher1-1",
                "monitoring": [
                  {
                    "node_selector": {},
                    "options": {},
                    "provider": "metrics-server",
                    "replicas": 1,
                    "tolerations": [],
                    "update_strategy": []
                  }
                ],
                "network": [
                  {
                    "calico_network_provider": [],
                    "canal_network_provider": [],
                    "flannel_network_provider": [],
                    "mtu": 0,
                    "options": {},
                    "plugin": "canal",
                    "tolerations": [],
                    "weave_network_provider": []
                  }
                ],
                "nodes": [],
                "prefix_path": "",
                "private_registries": [],
                "services": [
                  {
                    "etcd": [
                      {
                        "backup_config": [
                          {
                            "enabled": true,
                            "interval_hours": 12,
                            "retention": 6,
                            "s3_backup_config": [],
                            "safe_timestamp": false,
                            "timeout": 300
                          }
                        ],
                        "ca_cert": "",
                        "cert": "",
                        "creation": "12h",
                        "external_urls": [],
                        "extra_args": {
                          "election-timeout": "5000",
                          "heartbeat-interval": "500"
                        },
                        "extra_binds": [],
                        "extra_env": [],
                        "gid": 0,
                        "image": "",
                        "key": "",
                        "path": "",
                        "retention": "72h",
                        "snapshot": false,
                        "uid": 0
                      }
                    ],
                    "kube_api": [
                      {
                        "admission_configuration": {},
                        "always_pull_images": false,
                        "audit_log": [],
                        "event_rate_limit": [],
                        "extra_args": {},
                        "extra_binds": [],
                        "extra_env": [],
                        "image": "",
                        "pod_security_policy": false,
                        "secrets_encryption_config": [],
                        "service_cluster_ip_range": "",
                        "service_node_port_range": "30000-32767"
                      }
                    ],
                    "kube_controller": [
                      {
                        "cluster_cidr": null,
                        "extra_args": null,
                        "extra_binds": null,
                        "extra_env": null,
                        "image": null,
                        "service_cluster_ip_range": null
                      }
                    ],
                    "kubelet": [
                      {
                        "cluster_dns_server": "",
                        "cluster_domain": "",
                        "extra_args": {},
                        "extra_binds": [],
                        "extra_env": [],
                        "fail_swap_on": false,
                        "generate_serving_certificate": false,
                        "image": "",
                        "infra_container_image": ""
                      }
                    ],
                    "kubeproxy": [
                      {
                        "extra_args": null,
                        "extra_binds": null,
                        "extra_env": null,
                        "image": null
                      }
                    ],
                    "scheduler": [
                      {
                        "extra_args": null,
                        "extra_binds": null,
                        "extra_env": null,
                        "image": null
                      }
                    ]
                  }
                ],
                "ssh_agent_auth": false,
                "ssh_cert_path": "",
                "ssh_key_path": "",
                "upgrade_strategy": [
                  {
                    "drain": false,
                    "drain_input": [
                      {
                        "delete_local_data": false,
                        "force": false,
                        "grace_period": -1,
                        "ignore_daemon_sets": true,
                        "timeout": 120
                      }
                    ],
                    "max_unavailable_controlplane": "1",
                    "max_unavailable_worker": "10%"
                  }
                ],
                "win_prefix_path": ""
              }
            ],
            "scheduled_cluster_scan": [],
            "system_project_id": "c-bp26n:p-kr8qj",
            "timeouts": null,
            "windows_prefered_cluster": false
          },
          "sensitive_attributes": [],
          "private": "eyJlMmJmYjczMC1lY2FhLTExZTYtOGY4OC0zNDM2M2JjN2M0YzAiOnsiY3JlYXRlIjoxODAwMDAwMDAwMDAwLCJkZWxldGUiOjE4MDAwMDAwMDAwMDAsInVwZGF0ZSI6MTgwMDAwMDAwMDAwMH0sInNjaGVtYV92ZXJzaW9uIjoiMSJ9"
        }
      ]
    },
    {
      "module": "module.counters0",
      "mode": "managed",
      "type": "proxmox_vm_qemu",
      "name": "node",
      "provider": "module.counters0.provider[\"registry.terraform.io/telmate/proxmox\"]",
      "instances": [
        {
          "schema_version": 0,
          "attributes": {
            "additional_wait": 0,
            "agent": 0,
            "args": "",
            "automatic_reboot": true,
            "balloon": 2048,
            "bios": "seabios",
            "boot": "c",
            "bootdisk": "",
            "bridge": "",
            "ci_wait": null,
            "cicustom": "",
            "cipassword": "",
            "ciuser": "root",
            "clone": "debian-buster-2020-11-06",
            "clone_wait": 0,
            "cloudinit_cdrom_storage": null,
            "cores": 4,
            "cpu": "kvm64",
            "default_ipv4_address": null,
            "define_connection_info": true,
            "desc": "Counters server",
            "disk": [
              {
                "aio": "",
                "backup": 0,
                "cache": "none",
                "discard": "",
                "file": "vm-138-disk-0",
                "format": "",
                "iothread": 0,
                "mbps": 0,
                "mbps_rd": 0,
                "mbps_rd_max": 0,
                "mbps_wr": 0,
                "mbps_wr_max": 0,
                "media": "",
                "replicate": 0,
                "size": "32G",
                "slot": 0,
                "ssd": 0,
                "storage": "proxmox",
                "storage_type": "rbd",
                "type": "virtio",
                "volume": "proxmox:vm-138-disk-0"
              }
            ],
            "disk_gb": 0,
            "force_create": false,
            "force_recreate_on_change_of": null,
            "full_clone": false,
            "guest_agent_ready_timeout": 100,
            "hagroup": "",
            "hastate": "",
            "hotplug": "network,disk,usb",
            "id": "pompidou/qemu/138",
            "ipconfig0": "ip=192.168.130.95/24,gw=192.168.130.1",
            "ipconfig1": "",
            "ipconfig2": "",
            "ipconfig3": "",
            "ipconfig4": "",
            "ipconfig5": "",
            "iso": null,
            "kvm": true,
            "mac": "",
            "memory": 6096,
            "name": "counters0",
            "nameserver": "192.168.100.29",
            "network": [
              {
                "bridge": "vmbr443",
                "firewall": false,
                "link_down": false,
                "macaddr": "E2:6E:12:C7:3E:A4",
                "model": "virtio",
                "mtu": 0,
                "queues": 0,
                "rate": 0,
                "tag": -1
              }
            ],
            "nic": "",
            "numa": false,
            "onboot": true,
            "oncreate": true,
            "os_network_config": null,
            "os_type": "cloud-init",
            "pool": "",
            "preprovision": true,
            "pxe": null,
            "qemu_os": "other",
            "reboot_required": false,
            "scsihw": "virtio-scsi-pci",
            "searchdomain": "internal.staging.swh.network",
            "serial": [],
            "sockets": 1,
            "ssh_forward_ip": null,
            "ssh_host": "192.168.130.95",
            "ssh_port": "22",
            "ssh_private_key": null,
            "ssh_user": "root",
            "sshkeys": "ssh-rsa AAAAB3NzaC1yc2EAAAADAQABAAABAQDVKCfpeIMg7GS3Pk03ZAcBWAeDZ+AvWk2k/pPY0z8MJ3YAbqZkRtSK7yaDgJV6Gro7nn/TxdJLo2jEzzWvlC8d8AEzhZPy5Z/qfVVjqBTBM4H5+e+TItAHFfaY5+0WvIahxcfsfaq70MWfpJhszAah3ThJ4mqzYaw+dkr42+a7Gx3Ygpb/m2dpnFnxvXdcuAJYStmHKU5AWGWWM+Fm50/fdMqUfNd8MbKhkJt5ihXQmZWMOt7ls4N8i5NZWnS9YSWow8X/ENOEqCRN9TyRkc+pPS0w9DNi0BCsWvSRJOkyvQ6caEnKWlNoywCmM1AlIQD3k4RUgRWe0vqg/UKPpH3Z root@terraform\n\n",
            "storage": "",
            "storage_type": "",
            "tablet": true,
            "tags": "",
            "target_node": "pompidou",
            "timeouts": null,
            "unused_disk": [
              {
                "file": "base-10003-disk-0/vm-138-disk-0",
                "slot": 0,
                "storage": "proxmox"
              }
            ],
            "usb": [],
            "vcpus": 0,
            "vga": [],
            "vlan": -1,
            "vmid": 138
          },
          "sensitive_attributes": [],
          "private": "eyJlMmJmYjczMC1lY2FhLTExZTYtOGY4OC0zNDM2M2JjN2M0YzAiOnsiY3JlYXRlIjozMDAwMDAwMDAwMDAsImRlZmF1bHQiOjMwMDAwMDAwMDAwMCwiZGVsZXRlIjoxODAwMDAwMDAwMDAsInJlYWQiOjE4MDAwMDAwMDAwMCwidXBkYXRlIjoxODAwMDAwMDAwMDB9fQ=="
        }
      ]
    },
    {
      "module": "module.deposit",
      "mode": "managed",
      "type": "proxmox_vm_qemu",
      "name": "node",
      "provider": "module.deposit.provider[\"registry.terraform.io/telmate/proxmox\"]",
      "instances": [
        {
          "schema_version": 0,
          "attributes": {
            "additional_wait": 0,
            "agent": 0,
            "args": "-device virtio-rng-pci",
            "automatic_reboot": true,
            "balloon": 1024,
            "bios": "seabios",
            "boot": "c",
            "bootdisk": "virtio0",
            "bridge": "",
            "ci_wait": null,
            "cicustom": "",
            "cipassword": "",
            "ciuser": "root",
            "clone": "template-debian-10",
            "clone_wait": 0,
            "cloudinit_cdrom_storage": null,
            "cores": 4,
            "cpu": "kvm64",
            "default_ipv4_address": null,
            "define_connection_info": true,
            "desc": "Deposit service node",
            "disk": [
              {
                "aio": "",
                "backup": 0,
                "cache": "none",
                "discard": "",
                "file": "vm-120-disk-0",
                "format": "raw",
                "iothread": 0,
                "mbps": 0,
                "mbps_rd": 0,
                "mbps_rd_max": 0,
                "mbps_wr": 0,
                "mbps_wr_max": 0,
                "media": "disk",
                "replicate": 0,
                "size": "32G",
                "slot": 0,
                "ssd": 0,
                "storage": "proxmox",
                "storage_type": "rbd",
                "type": "virtio",
                "volume": "proxmox:vm-120-disk-0"
              }
            ],
            "disk_gb": 0,
            "force_create": false,
            "force_recreate_on_change_of": null,
            "full_clone": false,
            "guest_agent_ready_timeout": 100,
            "hagroup": "",
            "hastate": "",
            "hotplug": "network,disk,usb",
            "id": "pompidou/qemu/120",
            "ipconfig0": "ip=192.168.130.31/24,gw=192.168.130.1",
            "ipconfig1": "",
            "ipconfig2": "",
            "ipconfig3": "",
            "ipconfig4": "",
            "ipconfig5": "",
            "iso": null,
            "kvm": true,
            "mac": "",
            "memory": 8192,
            "name": "deposit",
            "nameserver": "192.168.100.29",
            "network": [
              {
                "bridge": "vmbr443",
                "firewall": false,
                "link_down": false,
                "macaddr": "9E:81:DD:58:15:3B",
                "model": "virtio",
                "mtu": 0,
                "queues": 0,
                "rate": 0,
                "tag": -1
              }
            ],
            "nic": "",
            "numa": false,
            "onboot": true,
            "oncreate": true,
            "os_network_config": null,
            "os_type": "cloud-init",
            "pool": "",
            "preprovision": true,
            "pxe": null,
            "qemu_os": "other",
            "reboot_required": false,
            "scsihw": "virtio-scsi-pci",
            "searchdomain": "internal.staging.swh.network",
            "serial": [],
            "sockets": 1,
            "ssh_forward_ip": null,
            "ssh_host": "192.168.130.31",
            "ssh_port": "22",
            "ssh_private_key": null,
            "ssh_user": "root",
            "sshkeys": "ssh-rsa AAAAB3NzaC1yc2EAAAADAQABAAABAQDVKCfpeIMg7GS3Pk03ZAcBWAeDZ+AvWk2k/pPY0z8MJ3YAbqZkRtSK7yaDgJV6Gro7nn/TxdJLo2jEzzWvlC8d8AEzhZPy5Z/qfVVjqBTBM4H5+e+TItAHFfaY5+0WvIahxcfsfaq70MWfpJhszAah3ThJ4mqzYaw+dkr42+a7Gx3Ygpb/m2dpnFnxvXdcuAJYStmHKU5AWGWWM+Fm50/fdMqUfNd8MbKhkJt5ihXQmZWMOt7ls4N8i5NZWnS9YSWow8X/ENOEqCRN9TyRkc+pPS0w9DNi0BCsWvSRJOkyvQ6caEnKWlNoywCmM1AlIQD3k4RUgRWe0vqg/UKPpH3Z root@terraform\n\n\n\n",
            "storage": "",
            "storage_type": "",
            "tablet": true,
            "tags": "",
            "target_node": "pompidou",
            "timeouts": null,
            "unused_disk": [],
            "usb": [],
            "vcpus": 0,
            "vga": [],
            "vlan": -1,
            "vmid": 120
          },
          "sensitive_attributes": [],
          "private": "eyJlMmJmYjczMC1lY2FhLTExZTYtOGY4OC0zNDM2M2JjN2M0YzAiOnsiY3JlYXRlIjozMDAwMDAwMDAwMDAsImRlZmF1bHQiOjMwMDAwMDAwMDAwMCwiZGVsZXRlIjoxODAwMDAwMDAwMDAsInJlYWQiOjE4MDAwMDAwMDAwMCwidXBkYXRlIjoxODAwMDAwMDAwMDB9fQ=="
        }
      ]
    },
    {
      "module": "module.elastic-worker0",
      "mode": "managed",
      "type": "proxmox_vm_qemu",
      "name": "node",
      "provider": "module.elastic-worker0.provider[\"registry.terraform.io/telmate/proxmox\"]",
      "instances": [
        {
          "schema_version": 0,
          "attributes": {
            "additional_wait": 0,
            "agent": 0,
            "args": "",
            "automatic_reboot": true,
            "balloon": 4096,
            "bios": "seabios",
            "boot": "c",
            "bootdisk": "",
            "bridge": "",
            "ci_wait": null,
            "cicustom": "",
            "cipassword": "",
            "ciuser": "root",
            "clone": "debian-bullseye-11.3-zfs-2022-04-21",
            "clone_wait": 0,
            "cloudinit_cdrom_storage": null,
            "cores": 4,
            "cpu": "kvm64",
            "default_ipv4_address": null,
            "define_connection_info": true,
            "desc": "elastic worker running in rancher cluster",
            "disk": [
              {
                "aio": "",
                "backup": 0,
                "cache": "none",
                "discard": "",
                "file": "base-10008-disk-0/vm-146-disk-0",
                "format": "raw",
                "iothread": 0,
                "mbps": 0,
                "mbps_rd": 0,
                "mbps_rd_max": 0,
                "mbps_wr": 0,
                "mbps_wr_max": 0,
                "media": "",
                "replicate": 0,
                "size": "20G",
                "slot": 0,
                "ssd": 0,
                "storage": "proxmox",
                "storage_type": "rbd",
                "type": "virtio",
                "volume": "proxmox:base-10008-disk-0/vm-146-disk-0"
              },
              {
                "aio": "",
                "backup": 0,
                "cache": "none",
                "discard": "",
                "file": "vm-146-disk-1",
                "format": "raw",
                "iothread": 0,
                "mbps": 0,
                "mbps_rd": 0,
                "mbps_rd_max": 0,
                "mbps_wr": 0,
                "mbps_wr_max": 0,
                "media": "",
                "replicate": 0,
                "size": "50G",
                "slot": 1,
                "ssd": 0,
                "storage": "proxmox",
                "storage_type": "rbd",
                "type": "virtio",
                "volume": "proxmox:vm-146-disk-1"
              }
            ],
            "disk_gb": 0,
            "force_create": false,
            "force_recreate_on_change_of": null,
            "full_clone": false,
            "guest_agent_ready_timeout": 100,
            "hagroup": "",
            "hastate": "",
            "hotplug": "network,disk,usb",
            "id": "uffizi/qemu/146",
            "ipconfig0": "ip=192.168.130.130/24,gw=192.168.130.1",
            "ipconfig1": "",
            "ipconfig2": "",
            "ipconfig3": "",
            "ipconfig4": "",
            "ipconfig5": "",
            "iso": null,
            "kvm": true,
            "mac": "",
            "memory": 8192,
            "name": "elastic-worker0",
            "nameserver": "192.168.100.29",
            "network": [
              {
                "bridge": "vmbr443",
                "firewall": false,
                "link_down": false,
                "macaddr": "72:CF:A9:AC:B8:EE",
                "model": "virtio",
                "mtu": 0,
                "queues": 0,
                "rate": 0,
                "tag": -1
              }
            ],
            "nic": "",
            "numa": false,
            "onboot": true,
            "oncreate": true,
            "os_network_config": null,
            "os_type": "cloud-init",
            "pool": "",
            "preprovision": true,
            "pxe": null,
            "qemu_os": "other",
            "reboot_required": false,
            "scsihw": "virtio-scsi-pci",
            "searchdomain": "internal.staging.swh.network",
            "serial": [],
            "sockets": 1,
            "ssh_forward_ip": null,
            "ssh_host": null,
            "ssh_port": null,
            "ssh_private_key": null,
            "ssh_user": "root",
            "sshkeys": "ssh-rsa AAAAB3NzaC1yc2EAAAADAQABAAABAQDVKCfpeIMg7GS3Pk03ZAcBWAeDZ+AvWk2k/pPY0z8MJ3YAbqZkRtSK7yaDgJV6Gro7nn/TxdJLo2jEzzWvlC8d8AEzhZPy5Z/qfVVjqBTBM4H5+e+TItAHFfaY5+0WvIahxcfsfaq70MWfpJhszAah3ThJ4mqzYaw+dkr42+a7Gx3Ygpb/m2dpnFnxvXdcuAJYStmHKU5AWGWWM+Fm50/fdMqUfNd8MbKhkJt5ihXQmZWMOt7ls4N8i5NZWnS9YSWow8X/ENOEqCRN9TyRkc+pPS0w9DNi0BCsWvSRJOkyvQ6caEnKWlNoywCmM1AlIQD3k4RUgRWe0vqg/UKPpH3Z root@terraform\n\n",
            "storage": "",
            "storage_type": "",
            "tablet": true,
            "tags": "",
            "target_node": "uffizi",
            "timeouts": null,
            "unused_disk": [],
            "usb": [],
            "vcpus": 0,
            "vga": [],
            "vlan": -1,
            "vmid": 146
          },
          "sensitive_attributes": [],
          "private": "eyJlMmJmYjczMC1lY2FhLTExZTYtOGY4OC0zNDM2M2JjN2M0YzAiOnsiY3JlYXRlIjozMDAwMDAwMDAwMDAsImRlZmF1bHQiOjMwMDAwMDAwMDAwMCwiZGVsZXRlIjoxODAwMDAwMDAwMDAsInJlYWQiOjE4MDAwMDAwMDAwMCwidXBkYXRlIjoxODAwMDAwMDAwMDB9fQ==",
          "dependencies": [
            "rancher2_cluster.staging-workers"
          ]
        }
      ]
    },
    {
      "module": "module.elastic-worker1",
      "mode": "managed",
      "type": "proxmox_vm_qemu",
      "name": "node",
      "provider": "module.elastic-worker1.provider[\"registry.terraform.io/telmate/proxmox\"]",
      "instances": [
        {
          "schema_version": 0,
          "attributes": {
            "additional_wait": 0,
            "agent": 0,
            "args": "",
            "automatic_reboot": true,
            "balloon": 4096,
            "bios": "seabios",
            "boot": "c",
            "bootdisk": "",
            "bridge": "",
            "ci_wait": null,
            "cicustom": "",
            "cipassword": "",
            "ciuser": "root",
            "clone": "debian-bullseye-11.3-zfs-2022-04-21",
            "clone_wait": 0,
            "cloudinit_cdrom_storage": null,
            "cores": 4,
            "cpu": "kvm64",
            "default_ipv4_address": null,
            "define_connection_info": true,
            "desc": "elastic worker running in rancher cluster",
            "disk": [
              {
                "aio": "",
                "backup": 0,
                "cache": "none",
                "discard": "",
                "file": "base-10008-disk-0/vm-147-disk-0",
                "format": "raw",
                "iothread": 0,
                "mbps": 0,
                "mbps_rd": 0,
                "mbps_rd_max": 0,
                "mbps_wr": 0,
                "mbps_wr_max": 0,
                "media": "",
                "replicate": 0,
                "size": "20G",
                "slot": 0,
                "ssd": 0,
                "storage": "proxmox",
                "storage_type": "rbd",
                "type": "virtio",
                "volume": "proxmox:base-10008-disk-0/vm-147-disk-0"
              },
              {
                "aio": "",
                "backup": 0,
                "cache": "none",
                "discard": "",
                "file": "vm-147-disk-1",
                "format": "raw",
                "iothread": 0,
                "mbps": 0,
                "mbps_rd": 0,
                "mbps_rd_max": 0,
                "mbps_wr": 0,
                "mbps_wr_max": 0,
                "media": "",
                "replicate": 0,
                "size": "50G",
                "slot": 1,
                "ssd": 0,
                "storage": "proxmox",
                "storage_type": "rbd",
                "type": "virtio",
                "volume": "proxmox:vm-147-disk-1"
              }
            ],
            "disk_gb": 0,
            "force_create": false,
            "force_recreate_on_change_of": null,
            "full_clone": false,
            "guest_agent_ready_timeout": 100,
            "hagroup": "",
            "hastate": "",
            "hotplug": "network,disk,usb",
            "id": "uffizi/qemu/147",
            "ipconfig0": "ip=192.168.130.131/24,gw=192.168.130.1",
            "ipconfig1": "",
            "ipconfig2": "",
            "ipconfig3": "",
            "ipconfig4": "",
            "ipconfig5": "",
            "iso": null,
            "kvm": true,
            "mac": "",
            "memory": 8192,
            "name": "elastic-worker1",
            "nameserver": "192.168.100.29",
            "network": [
              {
                "bridge": "vmbr443",
                "firewall": false,
                "link_down": false,
                "macaddr": "3E:FD:3E:58:CE:85",
                "model": "virtio",
                "mtu": 0,
                "queues": 0,
                "rate": 0,
                "tag": -1
              }
            ],
            "nic": "",
            "numa": false,
            "onboot": true,
            "oncreate": true,
            "os_network_config": null,
            "os_type": "cloud-init",
            "pool": "",
            "preprovision": true,
            "pxe": null,
            "qemu_os": "other",
            "reboot_required": false,
            "scsihw": "virtio-scsi-pci",
            "searchdomain": "internal.staging.swh.network",
            "serial": [],
            "sockets": 1,
            "ssh_forward_ip": null,
            "ssh_host": null,
            "ssh_port": null,
            "ssh_private_key": null,
            "ssh_user": "root",
            "sshkeys": "ssh-rsa AAAAB3NzaC1yc2EAAAADAQABAAABAQDVKCfpeIMg7GS3Pk03ZAcBWAeDZ+AvWk2k/pPY0z8MJ3YAbqZkRtSK7yaDgJV6Gro7nn/TxdJLo2jEzzWvlC8d8AEzhZPy5Z/qfVVjqBTBM4H5+e+TItAHFfaY5+0WvIahxcfsfaq70MWfpJhszAah3ThJ4mqzYaw+dkr42+a7Gx3Ygpb/m2dpnFnxvXdcuAJYStmHKU5AWGWWM+Fm50/fdMqUfNd8MbKhkJt5ihXQmZWMOt7ls4N8i5NZWnS9YSWow8X/ENOEqCRN9TyRkc+pPS0w9DNi0BCsWvSRJOkyvQ6caEnKWlNoywCmM1AlIQD3k4RUgRWe0vqg/UKPpH3Z root@terraform\n\n\n",
            "storage": "",
            "storage_type": "",
            "tablet": true,
            "tags": "",
            "target_node": "uffizi",
            "timeouts": null,
            "unused_disk": [],
            "usb": [],
            "vcpus": 0,
            "vga": [],
            "vlan": -1,
            "vmid": null
          },
          "sensitive_attributes": [],
          "private": "eyJlMmJmYjczMC1lY2FhLTExZTYtOGY4OC0zNDM2M2JjN2M0YzAiOnsiY3JlYXRlIjozMDAwMDAwMDAwMDAsImRlZmF1bHQiOjMwMDAwMDAwMDAwMCwiZGVsZXRlIjoxODAwMDAwMDAwMDAsInJlYWQiOjE4MDAwMDAwMDAwMCwidXBkYXRlIjoxODAwMDAwMDAwMDB9fQ==",
          "dependencies": [
            "rancher2_cluster.staging-workers"
          ]
        }
      ]
    },
    {
      "module": "module.elastic-worker2",
      "mode": "managed",
      "type": "proxmox_vm_qemu",
      "name": "node",
      "provider": "module.elastic-worker2.provider[\"registry.terraform.io/telmate/proxmox\"]",
      "instances": [
        {
          "schema_version": 0,
          "attributes": {
            "additional_wait": 0,
            "agent": 0,
            "args": "",
            "automatic_reboot": true,
            "balloon": 4096,
            "bios": "seabios",
            "boot": "c",
            "bootdisk": "",
            "bridge": "",
            "ci_wait": null,
            "cicustom": "",
            "cipassword": "",
            "ciuser": "root",
            "clone": "debian-bullseye-11.3-zfs-2022-04-21",
            "clone_wait": 0,
            "cloudinit_cdrom_storage": null,
            "cores": 4,
            "cpu": "kvm64",
            "default_ipv4_address": null,
            "define_connection_info": true,
            "desc": "elastic worker running in rancher cluster",
            "disk": [
              {
                "aio": "",
                "backup": 0,
                "cache": "none",
                "discard": "",
                "file": "base-10008-disk-0/vm-148-disk-0",
                "format": "raw",
                "iothread": 0,
                "mbps": 0,
                "mbps_rd": 0,
                "mbps_rd_max": 0,
                "mbps_wr": 0,
                "mbps_wr_max": 0,
                "media": "",
                "replicate": 0,
                "size": "20G",
                "slot": 0,
                "ssd": 0,
                "storage": "proxmox",
                "storage_type": "rbd",
                "type": "virtio",
                "volume": "proxmox:base-10008-disk-0/vm-148-disk-0"
              },
              {
                "aio": "",
                "backup": 0,
                "cache": "none",
                "discard": "",
                "file": "vm-148-disk-1",
                "format": "raw",
                "iothread": 0,
                "mbps": 0,
                "mbps_rd": 0,
                "mbps_rd_max": 0,
                "mbps_wr": 0,
                "mbps_wr_max": 0,
                "media": "",
                "replicate": 0,
                "size": "50G",
                "slot": 1,
                "ssd": 0,
                "storage": "proxmox",
                "storage_type": "rbd",
                "type": "virtio",
                "volume": "proxmox:vm-148-disk-1"
              }
            ],
            "disk_gb": 0,
            "force_create": false,
            "force_recreate_on_change_of": null,
            "full_clone": false,
            "guest_agent_ready_timeout": 100,
            "hagroup": "",
            "hastate": "",
            "hotplug": "network,disk,usb",
            "id": "uffizi/qemu/148",
            "ipconfig0": "ip=192.168.130.132/24,gw=192.168.130.1",
            "ipconfig1": "",
            "ipconfig2": "",
            "ipconfig3": "",
            "ipconfig4": "",
            "ipconfig5": "",
            "iso": null,
            "kvm": true,
            "mac": "",
            "memory": 8192,
            "name": "elastic-worker2",
            "nameserver": "192.168.100.29",
            "network": [
              {
                "bridge": "vmbr443",
                "firewall": false,
                "link_down": false,
                "macaddr": "F6:7F:D9:7C:5F:51",
                "model": "virtio",
                "mtu": 0,
                "queues": 0,
                "rate": 0,
                "tag": -1
              }
            ],
            "nic": "",
            "numa": false,
            "onboot": true,
            "oncreate": true,
            "os_network_config": null,
            "os_type": "cloud-init",
            "pool": "",
            "preprovision": true,
            "pxe": null,
            "qemu_os": "other",
            "reboot_required": false,
            "scsihw": "virtio-scsi-pci",
            "searchdomain": "internal.staging.swh.network",
            "serial": [],
            "sockets": 1,
            "ssh_forward_ip": null,
            "ssh_host": null,
            "ssh_port": null,
            "ssh_private_key": null,
            "ssh_user": "root",
            "sshkeys": "ssh-rsa AAAAB3NzaC1yc2EAAAADAQABAAABAQDVKCfpeIMg7GS3Pk03ZAcBWAeDZ+AvWk2k/pPY0z8MJ3YAbqZkRtSK7yaDgJV6Gro7nn/TxdJLo2jEzzWvlC8d8AEzhZPy5Z/qfVVjqBTBM4H5+e+TItAHFfaY5+0WvIahxcfsfaq70MWfpJhszAah3ThJ4mqzYaw+dkr42+a7Gx3Ygpb/m2dpnFnxvXdcuAJYStmHKU5AWGWWM+Fm50/fdMqUfNd8MbKhkJt5ihXQmZWMOt7ls4N8i5NZWnS9YSWow8X/ENOEqCRN9TyRkc+pPS0w9DNi0BCsWvSRJOkyvQ6caEnKWlNoywCmM1AlIQD3k4RUgRWe0vqg/UKPpH3Z root@terraform\n\n\n",
            "storage": "",
            "storage_type": "",
            "tablet": true,
            "tags": "",
            "target_node": "uffizi",
            "timeouts": null,
            "unused_disk": [],
            "usb": [],
            "vcpus": 0,
            "vga": [],
            "vlan": -1,
            "vmid": null
          },
          "sensitive_attributes": [],
          "private": "eyJlMmJmYjczMC1lY2FhLTExZTYtOGY4OC0zNDM2M2JjN2M0YzAiOnsiY3JlYXRlIjozMDAwMDAwMDAwMDAsImRlZmF1bHQiOjMwMDAwMDAwMDAwMCwiZGVsZXRlIjoxODAwMDAwMDAwMDAsInJlYWQiOjE4MDAwMDAwMDAwMCwidXBkYXRlIjoxODAwMDAwMDAwMDB9fQ==",
          "dependencies": [
            "rancher2_cluster.staging-workers"
          ]
        }
      ]
    },
    {
      "module": "module.elastic-worker3",
      "mode": "managed",
      "type": "proxmox_vm_qemu",
      "name": "node",
      "provider": "module.elastic-worker3.provider[\"registry.terraform.io/telmate/proxmox\"]",
      "instances": [
        {
          "schema_version": 0,
          "attributes": {
            "additional_wait": 0,
            "agent": 0,
            "args": "",
            "automatic_reboot": true,
            "balloon": 4096,
            "bios": "seabios",
            "boot": "c",
            "bootdisk": "",
            "bridge": "",
            "ci_wait": null,
            "cicustom": "",
            "cipassword": "",
            "ciuser": "root",
            "clone": "debian-bullseye-11.3-zfs-2022-04-21",
            "clone_wait": 0,
            "cloudinit_cdrom_storage": null,
            "cores": 4,
            "cpu": "kvm64",
            "default_ipv4_address": null,
            "define_connection_info": true,
            "desc": "elastic worker running in rancher cluster",
            "disk": [
              {
                "aio": "",
                "backup": 0,
                "cache": "none",
                "discard": "",
                "file": "base-10008-disk-0/vm-149-disk-0",
                "format": "raw",
                "iothread": 0,
                "mbps": 0,
                "mbps_rd": 0,
                "mbps_rd_max": 0,
                "mbps_wr": 0,
                "mbps_wr_max": 0,
                "media": "",
                "replicate": 0,
                "size": "20G",
                "slot": 0,
                "ssd": 0,
                "storage": "proxmox",
                "storage_type": "rbd",
                "type": "virtio",
                "volume": "proxmox:base-10008-disk-0/vm-149-disk-0"
              },
              {
                "aio": "",
                "backup": 0,
                "cache": "none",
                "discard": "",
                "file": "vm-149-disk-1",
                "format": "raw",
                "iothread": 0,
                "mbps": 0,
                "mbps_rd": 0,
                "mbps_rd_max": 0,
                "mbps_wr": 0,
                "mbps_wr_max": 0,
                "media": "",
                "replicate": 0,
                "size": "50G",
                "slot": 1,
                "ssd": 0,
                "storage": "proxmox",
                "storage_type": "rbd",
                "type": "virtio",
                "volume": "proxmox:vm-149-disk-1"
              }
            ],
            "disk_gb": 0,
            "force_create": false,
            "force_recreate_on_change_of": null,
            "full_clone": false,
            "guest_agent_ready_timeout": 100,
            "hagroup": "",
            "hastate": "",
            "hotplug": "network,disk,usb",
            "id": "pompidou/qemu/149",
            "ipconfig0": "ip=192.168.130.133/24,gw=192.168.130.1",
            "ipconfig1": "",
            "ipconfig2": "",
            "ipconfig3": "",
            "ipconfig4": "",
            "ipconfig5": "",
            "iso": null,
            "kvm": true,
            "mac": "",
            "memory": 8192,
            "name": "elastic-worker3",
            "nameserver": "192.168.100.29",
            "network": [
              {
                "bridge": "vmbr443",
                "firewall": false,
                "link_down": false,
                "macaddr": "96:75:0A:FA:04:28",
                "model": "virtio",
                "mtu": 0,
                "queues": 0,
                "rate": 0,
                "tag": -1
              }
            ],
            "nic": "",
            "numa": false,
            "onboot": true,
            "oncreate": true,
            "os_network_config": null,
            "os_type": "cloud-init",
            "pool": "",
            "preprovision": true,
            "pxe": null,
            "qemu_os": "other",
            "reboot_required": false,
            "scsihw": "virtio-scsi-pci",
            "searchdomain": "internal.staging.swh.network",
            "serial": [],
            "sockets": 1,
            "ssh_forward_ip": null,
            "ssh_host": null,
            "ssh_port": null,
            "ssh_private_key": null,
            "ssh_user": "root",
            "sshkeys": "ssh-rsa AAAAB3NzaC1yc2EAAAADAQABAAABAQDVKCfpeIMg7GS3Pk03ZAcBWAeDZ+AvWk2k/pPY0z8MJ3YAbqZkRtSK7yaDgJV6Gro7nn/TxdJLo2jEzzWvlC8d8AEzhZPy5Z/qfVVjqBTBM4H5+e+TItAHFfaY5+0WvIahxcfsfaq70MWfpJhszAah3ThJ4mqzYaw+dkr42+a7Gx3Ygpb/m2dpnFnxvXdcuAJYStmHKU5AWGWWM+Fm50/fdMqUfNd8MbKhkJt5ihXQmZWMOt7ls4N8i5NZWnS9YSWow8X/ENOEqCRN9TyRkc+pPS0w9DNi0BCsWvSRJOkyvQ6caEnKWlNoywCmM1AlIQD3k4RUgRWe0vqg/UKPpH3Z root@terraform\n\n",
            "storage": "",
            "storage_type": "",
            "tablet": true,
            "tags": "",
            "target_node": "pompidou",
            "timeouts": null,
            "unused_disk": [],
            "usb": [],
            "vcpus": 0,
            "vga": [],
            "vlan": -1,
            "vmid": null
          },
          "sensitive_attributes": [],
          "private": "eyJlMmJmYjczMC1lY2FhLTExZTYtOGY4OC0zNDM2M2JjN2M0YzAiOnsiY3JlYXRlIjozMDAwMDAwMDAwMDAsImRlZmF1bHQiOjMwMDAwMDAwMDAwMCwiZGVsZXRlIjoxODAwMDAwMDAwMDAsInJlYWQiOjE4MDAwMDAwMDAwMCwidXBkYXRlIjoxODAwMDAwMDAwMDB9fQ==",
          "dependencies": [
            "rancher2_cluster.staging-workers"
          ]
        }
      ]
    },
    {
      "module": "module.maven-exporter0",
      "mode": "managed",
      "type": "proxmox_vm_qemu",
      "name": "node",
      "provider": "module.maven-exporter0.provider[\"registry.terraform.io/telmate/proxmox\"]",
      "instances": [
        {
          "schema_version": 0,
          "attributes": {
            "additional_wait": 0,
            "agent": 0,
            "args": "",
            "automatic_reboot": true,
            "balloon": 1024,
            "bios": "seabios",
            "boot": "c",
            "bootdisk": "",
            "bridge": "",
            "ci_wait": null,
            "cicustom": "",
            "cipassword": "",
            "ciuser": "root",
            "clone": "debian-bullseye-11.0-2021-09-09",
            "clone_wait": 0,
            "cloudinit_cdrom_storage": null,
            "cores": 4,
            "cpu": "kvm64",
            "default_ipv4_address": null,
            "define_connection_info": true,
            "desc": "Maven index exporter to run containers and expose export.fld files",
            "disk": [
              {
                "aio": "",
                "backup": 0,
                "cache": "none",
                "discard": "",
                "file": "base-10005-disk-0/vm-122-disk-0",
                "format": "raw",
                "iothread": 0,
                "mbps": 0,
                "mbps_rd": 0,
                "mbps_rd_max": 0,
                "mbps_wr": 0,
                "mbps_wr_max": 0,
                "media": "",
                "replicate": 0,
                "size": "20G",
                "slot": 0,
                "ssd": 0,
                "storage": "proxmox",
                "storage_type": "rbd",
                "type": "virtio",
                "volume": "proxmox:base-10005-disk-0/vm-122-disk-0"
              },
              {
                "aio": "",
                "backup": 0,
                "cache": "none",
                "discard": "",
                "file": "vm-122-disk-1",
                "format": "raw",
                "iothread": 0,
                "mbps": 0,
                "mbps_rd": 0,
                "mbps_rd_max": 0,
                "mbps_wr": 0,
                "mbps_wr_max": 0,
                "media": "",
                "replicate": 0,
                "size": "50G",
                "slot": 1,
                "ssd": 0,
                "storage": "proxmox",
                "storage_type": "rbd",
                "type": "virtio",
                "volume": "proxmox:vm-122-disk-1"
              }
            ],
            "disk_gb": 0,
            "force_create": false,
            "force_recreate_on_change_of": null,
            "full_clone": false,
            "guest_agent_ready_timeout": 100,
            "hagroup": "",
            "hastate": "",
            "hotplug": "network,disk,usb",
            "id": "pompidou/qemu/122",
            "ipconfig0": "ip=192.168.130.70/24,gw=192.168.130.1",
            "ipconfig1": "",
            "ipconfig2": "",
            "ipconfig3": "",
            "ipconfig4": "",
            "ipconfig5": "",
            "iso": null,
            "kvm": true,
            "mac": "",
            "memory": 4096,
            "name": "maven-exporter0",
            "nameserver": "192.168.100.29",
            "network": [
              {
                "bridge": "vmbr443",
                "firewall": false,
                "link_down": false,
                "macaddr": "36:86:F6:F9:2A:5D",
                "model": "virtio",
                "mtu": 0,
                "queues": 0,
                "rate": 0,
                "tag": -1
              }
            ],
            "nic": "",
            "numa": false,
            "onboot": true,
            "oncreate": true,
            "os_network_config": null,
            "os_type": "cloud-init",
            "pool": "",
            "preprovision": true,
            "pxe": null,
            "qemu_os": "other",
            "reboot_required": false,
            "scsihw": "virtio-scsi-pci",
            "searchdomain": "internal.staging.swh.network",
            "serial": [],
            "sockets": 1,
            "ssh_forward_ip": null,
            "ssh_host": null,
            "ssh_port": null,
            "ssh_private_key": null,
            "ssh_user": "root",
            "sshkeys": "ssh-rsa AAAAB3NzaC1yc2EAAAADAQABAAABAQDVKCfpeIMg7GS3Pk03ZAcBWAeDZ+AvWk2k/pPY0z8MJ3YAbqZkRtSK7yaDgJV6Gro7nn/TxdJLo2jEzzWvlC8d8AEzhZPy5Z/qfVVjqBTBM4H5+e+TItAHFfaY5+0WvIahxcfsfaq70MWfpJhszAah3ThJ4mqzYaw+dkr42+a7Gx3Ygpb/m2dpnFnxvXdcuAJYStmHKU5AWGWWM+Fm50/fdMqUfNd8MbKhkJt5ihXQmZWMOt7ls4N8i5NZWnS9YSWow8X/ENOEqCRN9TyRkc+pPS0w9DNi0BCsWvSRJOkyvQ6caEnKWlNoywCmM1AlIQD3k4RUgRWe0vqg/UKPpH3Z root@terraform\n\n",
            "storage": "",
            "storage_type": "",
            "tablet": true,
            "tags": "",
            "target_node": "pompidou",
            "timeouts": null,
            "unused_disk": [],
            "usb": [],
            "vcpus": 0,
            "vga": [],
            "vlan": -1,
            "vmid": 122
          },
          "sensitive_attributes": [],
          "private": "eyJlMmJmYjczMC1lY2FhLTExZTYtOGY4OC0zNDM2M2JjN2M0YzAiOnsiY3JlYXRlIjozMDAwMDAwMDAwMDAsImRlZmF1bHQiOjMwMDAwMDAwMDAwMCwiZGVsZXRlIjoxODAwMDAwMDAwMDAsInJlYWQiOjE4MDAwMDAwMDAwMCwidXBkYXRlIjoxODAwMDAwMDAwMDB9fQ=="
        }
      ]
    },
    {
      "module": "module.mirror-test",
      "mode": "managed",
      "type": "proxmox_vm_qemu",
      "name": "node",
      "provider": "module.mirror-test.provider[\"registry.terraform.io/telmate/proxmox\"]",
      "instances": [
        {
          "schema_version": 0,
          "attributes": {
            "additional_wait": 0,
            "agent": 0,
            "args": "",
            "automatic_reboot": true,
            "balloon": 20480,
            "bios": "seabios",
            "boot": "c",
            "bootdisk": "",
            "bridge": "",
            "ci_wait": null,
            "cicustom": "",
            "cipassword": "",
            "ciuser": "root",
            "clone": "debian-buster-2020-11-06",
            "clone_wait": 0,
            "cloudinit_cdrom_storage": null,
            "cores": 4,
            "cpu": "kvm64",
            "default_ipv4_address": null,
            "define_connection_info": true,
            "desc": "Sandbox VM to test the mirror environment",
            "disk": [
              {
                "aio": "",
                "backup": 0,
                "cache": "none",
                "discard": "",
                "file": "vm-132-disk-0",
                "format": "",
                "iothread": 0,
                "mbps": 0,
                "mbps_rd": 0,
                "mbps_rd_max": 0,
                "mbps_wr": 0,
                "mbps_wr_max": 0,
                "media": "",
                "replicate": 0,
                "size": "32G",
                "slot": 0,
                "ssd": 0,
                "storage": "proxmox",
                "storage_type": "rbd",
                "type": "virtio",
                "volume": "proxmox:vm-132-disk-0"
              }
            ],
            "disk_gb": 0,
            "force_create": false,
            "force_recreate_on_change_of": null,
            "full_clone": false,
            "guest_agent_ready_timeout": 100,
            "hagroup": "",
            "hastate": "",
            "hotplug": "network,disk,usb",
            "id": "uffizi/qemu/132",
            "ipconfig0": "ip=192.168.130.160/24,gw=192.168.130.1",
            "ipconfig1": "",
            "ipconfig2": "",
            "ipconfig3": "",
            "ipconfig4": "",
            "ipconfig5": "",
            "iso": null,
            "kvm": true,
            "mac": "",
            "memory": 65536,
            "name": "mirror-test",
            "nameserver": "192.168.100.29",
            "network": [
              {
                "bridge": "vmbr443",
                "firewall": false,
                "link_down": false,
                "macaddr": "E6:3C:8A:B7:26:5D",
                "model": "virtio",
                "mtu": 0,
                "queues": 0,
                "rate": 0,
                "tag": -1
              }
            ],
            "nic": "",
            "numa": false,
            "onboot": true,
            "oncreate": true,
            "os_network_config": null,
            "os_type": "cloud-init",
            "pool": "",
            "preprovision": true,
            "pxe": null,
            "qemu_os": "other",
            "reboot_required": false,
            "scsihw": "virtio-scsi-pci",
            "searchdomain": "internal.staging.swh.network",
            "serial": [],
            "sockets": 2,
            "ssh_forward_ip": null,
            "ssh_host": "192.168.130.160",
            "ssh_port": "22",
            "ssh_private_key": null,
            "ssh_user": "root",
            "sshkeys": "ssh-rsa AAAAB3NzaC1yc2EAAAADAQABAAABAQDVKCfpeIMg7GS3Pk03ZAcBWAeDZ+AvWk2k/pPY0z8MJ3YAbqZkRtSK7yaDgJV6Gro7nn/TxdJLo2jEzzWvlC8d8AEzhZPy5Z/qfVVjqBTBM4H5+e+TItAHFfaY5+0WvIahxcfsfaq70MWfpJhszAah3ThJ4mqzYaw+dkr42+a7Gx3Ygpb/m2dpnFnxvXdcuAJYStmHKU5AWGWWM+Fm50/fdMqUfNd8MbKhkJt5ihXQmZWMOt7ls4N8i5NZWnS9YSWow8X/ENOEqCRN9TyRkc+pPS0w9DNi0BCsWvSRJOkyvQ6caEnKWlNoywCmM1AlIQD3k4RUgRWe0vqg/UKPpH3Z root@terraform\n\n",
            "storage": "",
            "storage_type": "",
            "tablet": true,
            "tags": "",
            "target_node": "uffizi",
            "timeouts": null,
            "unused_disk": [
              {
                "file": "base-10003-disk-0/vm-132-disk-0",
                "slot": 0,
                "storage": "proxmox"
              }
            ],
            "usb": [],
            "vcpus": 0,
            "vga": [],
            "vlan": -1,
            "vmid": 132
          },
          "sensitive_attributes": [],
          "private": "eyJlMmJmYjczMC1lY2FhLTExZTYtOGY4OC0zNDM2M2JjN2M0YzAiOnsiY3JlYXRlIjozMDAwMDAwMDAwMDAsImRlZmF1bHQiOjMwMDAwMDAwMDAwMCwiZGVsZXRlIjoxODAwMDAwMDAwMDAsInJlYWQiOjE4MDAwMDAwMDAwMCwidXBkYXRlIjoxODAwMDAwMDAwMDB9fQ=="
        }
      ]
    },
    {
      "module": "module.objstorage0",
      "mode": "managed",
      "type": "proxmox_vm_qemu",
      "name": "node",
      "provider": "module.objstorage0.provider[\"registry.terraform.io/telmate/proxmox\"]",
      "instances": [
        {
          "schema_version": 0,
          "attributes": {
            "additional_wait": 0,
            "agent": 0,
            "args": "",
            "automatic_reboot": true,
            "balloon": 3072,
            "bios": "seabios",
            "boot": "c",
            "bootdisk": "",
            "bridge": "",
            "ci_wait": null,
            "cicustom": "",
            "cipassword": "",
            "ciuser": "root",
            "clone": "debian-buster-2020-11-06",
            "clone_wait": 0,
            "cloudinit_cdrom_storage": null,
            "cores": 2,
            "cpu": "kvm64",
            "default_ipv4_address": null,
            "define_connection_info": true,
            "desc": "Node to host a read-only objstorage for mirrors",
            "disk": [
              {
                "aio": "",
                "backup": 0,
                "cache": "none",
                "discard": "",
                "file": "vm-102-disk-0",
                "format": "",
                "iothread": 0,
                "mbps": 0,
                "mbps_rd": 0,
                "mbps_rd_max": 0,
                "mbps_wr": 0,
                "mbps_wr_max": 0,
                "media": "",
                "replicate": 0,
                "size": "32G",
                "slot": 0,
                "ssd": 0,
                "storage": "proxmox",
                "storage_type": "rbd",
                "type": "virtio",
                "volume": "proxmox:vm-102-disk-0"
              }
            ],
            "disk_gb": 0,
            "force_create": false,
            "force_recreate_on_change_of": null,
            "full_clone": false,
            "guest_agent_ready_timeout": 100,
            "hagroup": "",
            "hastate": "",
            "hotplug": "network,disk,usb",
            "id": "pompidou/qemu/102",
            "ipconfig0": "ip=192.168.130.110/24,gw=192.168.130.1",
            "ipconfig1": "",
            "ipconfig2": "",
            "ipconfig3": "",
            "ipconfig4": "",
            "ipconfig5": "",
            "iso": null,
            "kvm": true,
            "mac": "",
            "memory": 12288,
            "name": "objstorage0",
            "nameserver": "192.168.100.29",
            "network": [
              {
                "bridge": "vmbr443",
                "firewall": false,
                "link_down": false,
                "macaddr": "5E:28:EA:7D:50:0D",
                "model": "virtio",
                "mtu": 0,
                "queues": 0,
                "rate": 0,
                "tag": -1
              }
            ],
            "nic": "",
            "numa": false,
            "onboot": true,
            "oncreate": true,
            "os_network_config": null,
            "os_type": "cloud-init",
            "pool": "",
            "preprovision": true,
            "pxe": null,
            "qemu_os": "other",
            "reboot_required": false,
            "scsihw": "virtio-scsi-pci",
            "searchdomain": "internal.staging.swh.network",
            "serial": [],
            "sockets": 1,
            "ssh_forward_ip": null,
            "ssh_host": "192.168.130.110",
            "ssh_port": "22",
            "ssh_private_key": null,
            "ssh_user": "root",
            "sshkeys": "ssh-rsa AAAAB3NzaC1yc2EAAAADAQABAAABAQDVKCfpeIMg7GS3Pk03ZAcBWAeDZ+AvWk2k/pPY0z8MJ3YAbqZkRtSK7yaDgJV6Gro7nn/TxdJLo2jEzzWvlC8d8AEzhZPy5Z/qfVVjqBTBM4H5+e+TItAHFfaY5+0WvIahxcfsfaq70MWfpJhszAah3ThJ4mqzYaw+dkr42+a7Gx3Ygpb/m2dpnFnxvXdcuAJYStmHKU5AWGWWM+Fm50/fdMqUfNd8MbKhkJt5ihXQmZWMOt7ls4N8i5NZWnS9YSWow8X/ENOEqCRN9TyRkc+pPS0w9DNi0BCsWvSRJOkyvQ6caEnKWlNoywCmM1AlIQD3k4RUgRWe0vqg/UKPpH3Z root@terraform\n\n\n\n",
            "storage": "",
            "storage_type": "",
            "tablet": true,
            "tags": "",
            "target_node": "pompidou",
            "timeouts": null,
            "unused_disk": [
              {
                "file": "base-10003-disk-0/vm-102-disk-0",
                "slot": 0,
                "storage": "proxmox"
              }
            ],
            "usb": [],
            "vcpus": 0,
            "vga": [],
            "vlan": -1,
            "vmid": 102
          },
          "sensitive_attributes": [],
          "private": "eyJlMmJmYjczMC1lY2FhLTExZTYtOGY4OC0zNDM2M2JjN2M0YzAiOnsiY3JlYXRlIjozMDAwMDAwMDAwMDAsImRlZmF1bHQiOjMwMDAwMDAwMDAwMCwiZGVsZXRlIjoxODAwMDAwMDAwMDAsInJlYWQiOjE4MDAwMDAwMDAwMCwidXBkYXRlIjoxODAwMDAwMDAwMDB9fQ=="
        }
      ]
    },
    {
      "module": "module.rancher_node_internship0",
      "mode": "managed",
      "type": "proxmox_vm_qemu",
      "name": "node",
      "provider": "module.rancher_node_internship0.provider[\"registry.terraform.io/telmate/proxmox\"]",
      "instances": [
        {
          "schema_version": 0,
          "attributes": {
            "additional_wait": 0,
            "agent": 0,
            "args": "",
            "automatic_reboot": true,
            "balloon": 4096,
            "bios": "seabios",
            "boot": "c",
            "bootdisk": "",
            "bridge": "",
            "ci_wait": null,
            "cicustom": "",
            "cipassword": "",
            "ciuser": "root",
            "clone": "debian-bullseye-11.3-zfs-2022-04-21",
            "clone_wait": 0,
            "cloudinit_cdrom_storage": null,
            "cores": 4,
            "cpu": "kvm64",
            "default_ipv4_address": null,
            "define_connection_info": true,
            "desc": "Rancher node for the internship",
            "disk": [
              {
                "aio": "",
                "backup": 0,
                "cache": "none",
                "discard": "",
                "file": "base-10008-disk-0/vm-150-disk-0",
                "format": "raw",
                "iothread": 0,
                "mbps": 0,
                "mbps_rd": 0,
                "mbps_rd_max": 0,
                "mbps_wr": 0,
                "mbps_wr_max": 0,
                "media": "",
                "replicate": 0,
                "size": "20G",
                "slot": 0,
                "ssd": 0,
                "storage": "proxmox",
                "storage_type": "rbd",
                "type": "virtio",
                "volume": "proxmox:base-10008-disk-0/vm-150-disk-0"
              },
              {
                "aio": "",
                "backup": 0,
                "cache": "none",
                "discard": "",
                "file": "vm-150-disk-1",
                "format": "raw",
                "iothread": 0,
                "mbps": 0,
                "mbps_rd": 0,
                "mbps_rd_max": 0,
                "mbps_wr": 0,
                "mbps_wr_max": 0,
                "media": "",
                "replicate": 0,
                "size": "50G",
                "slot": 1,
                "ssd": 0,
                "storage": "proxmox",
                "storage_type": "rbd",
                "type": "virtio",
                "volume": "proxmox:vm-150-disk-1"
              }
            ],
            "disk_gb": 0,
            "force_create": false,
            "force_recreate_on_change_of": null,
            "full_clone": false,
            "guest_agent_ready_timeout": 100,
            "hagroup": "",
            "hastate": "",
            "hotplug": "network,disk,usb",
            "id": "uffizi/qemu/150",
            "ipconfig0": "ip=192.168.130.140/24,gw=192.168.130.1",
            "ipconfig1": "",
            "ipconfig2": "",
            "ipconfig3": "",
            "ipconfig4": "",
            "ipconfig5": "",
            "iso": null,
            "kvm": true,
            "mac": "",
            "memory": 8192,
            "name": "rancher-node-intership0",
            "nameserver": "192.168.100.29",
            "network": [
              {
                "bridge": "vmbr443",
                "firewall": false,
                "link_down": false,
                "macaddr": "1A:B2:E6:C3:42:C7",
                "model": "virtio",
                "mtu": 0,
                "queues": 0,
                "rate": 0,
                "tag": -1
              }
            ],
            "nic": "",
            "numa": false,
            "onboot": true,
            "oncreate": true,
            "os_network_config": null,
            "os_type": "cloud-init",
            "pool": "",
            "preprovision": true,
            "pxe": null,
            "qemu_os": "other",
            "reboot_required": false,
            "scsihw": "virtio-scsi-pci",
            "searchdomain": "internal.staging.swh.network",
            "serial": [],
            "sockets": 1,
            "ssh_forward_ip": null,
            "ssh_host": null,
            "ssh_port": null,
            "ssh_private_key": null,
            "ssh_user": "root",
            "sshkeys": "ssh-rsa AAAAB3NzaC1yc2EAAAADAQABAAABAQDVKCfpeIMg7GS3Pk03ZAcBWAeDZ+AvWk2k/pPY0z8MJ3YAbqZkRtSK7yaDgJV6Gro7nn/TxdJLo2jEzzWvlC8d8AEzhZPy5Z/qfVVjqBTBM4H5+e+TItAHFfaY5+0WvIahxcfsfaq70MWfpJhszAah3ThJ4mqzYaw+dkr42+a7Gx3Ygpb/m2dpnFnxvXdcuAJYStmHKU5AWGWWM+Fm50/fdMqUfNd8MbKhkJt5ihXQmZWMOt7ls4N8i5NZWnS9YSWow8X/ENOEqCRN9TyRkc+pPS0w9DNi0BCsWvSRJOkyvQ6caEnKWlNoywCmM1AlIQD3k4RUgRWe0vqg/UKPpH3Z root@terraform\n\n",
            "storage": "",
            "storage_type": "",
            "tablet": true,
            "tags": "",
            "target_node": "uffizi",
            "timeouts": null,
            "unused_disk": [],
            "usb": [],
            "vcpus": 0,
            "vga": [],
            "vlan": -1,
            "vmid": null
          },
          "sensitive_attributes": [],
          "private": "eyJlMmJmYjczMC1lY2FhLTExZTYtOGY4OC0zNDM2M2JjN2M0YzAiOnsiY3JlYXRlIjozMDAwMDAwMDAwMDAsImRlZmF1bHQiOjMwMDAwMDAwMDAwMCwiZGVsZXRlIjoxODAwMDAwMDAwMDAsInJlYWQiOjE4MDAwMDAwMDAwMCwidXBkYXRlIjoxODAwMDAwMDAwMDB9fQ==",
          "dependencies": [
            "rancher2_cluster.deployment_internship"
          ]
        }
      ]
    },
    {
      "module": "module.rancher_node_internship1",
      "mode": "managed",
      "type": "proxmox_vm_qemu",
      "name": "node",
      "provider": "module.rancher_node_internship1.provider[\"registry.terraform.io/telmate/proxmox\"]",
      "instances": [
        {
          "schema_version": 0,
          "attributes": {
            "additional_wait": 0,
            "agent": 0,
            "args": "",
            "automatic_reboot": true,
            "balloon": 4096,
            "bios": "seabios",
            "boot": "c",
            "bootdisk": "",
            "bridge": "",
            "ci_wait": null,
            "cicustom": "",
            "cipassword": "",
            "ciuser": "root",
            "clone": "debian-bullseye-11.3-zfs-2022-04-21",
            "clone_wait": 0,
            "cloudinit_cdrom_storage": null,
            "cores": 4,
            "cpu": "kvm64",
            "default_ipv4_address": null,
            "define_connection_info": true,
            "desc": "Rancher node for the internship",
            "disk": [
              {
                "aio": "",
                "backup": 0,
                "cache": "none",
                "discard": "",
                "file": "base-10008-disk-0/vm-151-disk-0",
                "format": "raw",
                "iothread": 0,
                "mbps": 0,
                "mbps_rd": 0,
                "mbps_rd_max": 0,
                "mbps_wr": 0,
                "mbps_wr_max": 0,
                "media": "",
                "replicate": 0,
                "size": "20G",
                "slot": 0,
                "ssd": 0,
                "storage": "proxmox",
                "storage_type": "rbd",
                "type": "virtio",
                "volume": "proxmox:base-10008-disk-0/vm-151-disk-0"
              },
              {
                "aio": "",
                "backup": 0,
                "cache": "none",
                "discard": "",
                "file": "vm-151-disk-1",
                "format": "raw",
                "iothread": 0,
                "mbps": 0,
                "mbps_rd": 0,
                "mbps_rd_max": 0,
                "mbps_wr": 0,
                "mbps_wr_max": 0,
                "media": "",
                "replicate": 0,
                "size": "50G",
                "slot": 1,
                "ssd": 0,
                "storage": "proxmox",
                "storage_type": "rbd",
                "type": "virtio",
                "volume": "proxmox:vm-151-disk-1"
              }
            ],
            "disk_gb": 0,
            "force_create": false,
            "force_recreate_on_change_of": null,
            "full_clone": false,
            "guest_agent_ready_timeout": 100,
            "hagroup": "",
            "hastate": "",
            "hotplug": "network,disk,usb",
            "id": "uffizi/qemu/151",
            "ipconfig0": "ip=192.168.130.141/24,gw=192.168.130.1",
            "ipconfig1": "",
            "ipconfig2": "",
            "ipconfig3": "",
            "ipconfig4": "",
            "ipconfig5": "",
            "iso": null,
            "kvm": true,
            "mac": "",
            "memory": 8192,
            "name": "rancher-node-intership1",
            "nameserver": "192.168.100.29",
            "network": [
              {
                "bridge": "vmbr443",
                "firewall": false,
                "link_down": false,
                "macaddr": "D6:CB:31:9D:8A:65",
                "model": "virtio",
                "mtu": 0,
                "queues": 0,
                "rate": 0,
                "tag": -1
              }
            ],
            "nic": "",
            "numa": false,
            "onboot": true,
            "oncreate": true,
            "os_network_config": null,
            "os_type": "cloud-init",
            "pool": "",
            "preprovision": true,
            "pxe": null,
            "qemu_os": "other",
            "reboot_required": false,
            "scsihw": "virtio-scsi-pci",
            "searchdomain": "internal.staging.swh.network",
            "serial": [],
            "sockets": 1,
            "ssh_forward_ip": null,
            "ssh_host": null,
            "ssh_port": null,
            "ssh_private_key": null,
            "ssh_user": "root",
            "sshkeys": "ssh-rsa AAAAB3NzaC1yc2EAAAADAQABAAABAQDVKCfpeIMg7GS3Pk03ZAcBWAeDZ+AvWk2k/pPY0z8MJ3YAbqZkRtSK7yaDgJV6Gro7nn/TxdJLo2jEzzWvlC8d8AEzhZPy5Z/qfVVjqBTBM4H5+e+TItAHFfaY5+0WvIahxcfsfaq70MWfpJhszAah3ThJ4mqzYaw+dkr42+a7Gx3Ygpb/m2dpnFnxvXdcuAJYStmHKU5AWGWWM+Fm50/fdMqUfNd8MbKhkJt5ihXQmZWMOt7ls4N8i5NZWnS9YSWow8X/ENOEqCRN9TyRkc+pPS0w9DNi0BCsWvSRJOkyvQ6caEnKWlNoywCmM1AlIQD3k4RUgRWe0vqg/UKPpH3Z root@terraform\n\n",
            "storage": "",
            "storage_type": "",
            "tablet": true,
            "tags": "",
            "target_node": "uffizi",
            "timeouts": null,
            "unused_disk": [],
            "usb": [],
            "vcpus": 0,
            "vga": [],
            "vlan": -1,
            "vmid": null
          },
          "sensitive_attributes": [],
          "private": "eyJlMmJmYjczMC1lY2FhLTExZTYtOGY4OC0zNDM2M2JjN2M0YzAiOnsiY3JlYXRlIjozMDAwMDAwMDAwMDAsImRlZmF1bHQiOjMwMDAwMDAwMDAwMCwiZGVsZXRlIjoxODAwMDAwMDAwMDAsInJlYWQiOjE4MDAwMDAwMDAwMCwidXBkYXRlIjoxODAwMDAwMDAwMDB9fQ==",
          "dependencies": [
            "rancher2_cluster.deployment_internship"
          ]
        }
      ]
    },
    {
      "module": "module.rancher_node_internship2",
      "mode": "managed",
      "type": "proxmox_vm_qemu",
      "name": "node",
      "provider": "module.rancher_node_internship2.provider[\"registry.terraform.io/telmate/proxmox\"]",
      "instances": [
        {
          "schema_version": 0,
          "attributes": {
            "additional_wait": 0,
            "agent": 0,
            "args": "",
            "automatic_reboot": true,
            "balloon": 4096,
            "bios": "seabios",
            "boot": "c",
            "bootdisk": "",
            "bridge": "",
            "ci_wait": null,
            "cicustom": "",
            "cipassword": "",
            "ciuser": "root",
            "clone": "debian-bullseye-11.3-zfs-2022-04-21",
            "clone_wait": 0,
            "cloudinit_cdrom_storage": null,
            "cores": 4,
            "cpu": "kvm64",
            "default_ipv4_address": null,
            "define_connection_info": true,
            "desc": "Rancher node for the internship",
            "disk": [
              {
                "aio": "",
                "backup": 0,
                "cache": "none",
                "discard": "",
                "file": "base-10008-disk-0/vm-152-disk-0",
                "format": "raw",
                "iothread": 0,
                "mbps": 0,
                "mbps_rd": 0,
                "mbps_rd_max": 0,
                "mbps_wr": 0,
                "mbps_wr_max": 0,
                "media": "",
                "replicate": 0,
                "size": "20G",
                "slot": 0,
                "ssd": 0,
                "storage": "proxmox",
                "storage_type": "rbd",
                "type": "virtio",
                "volume": "proxmox:base-10008-disk-0/vm-152-disk-0"
              },
              {
                "aio": "",
                "backup": 0,
                "cache": "none",
                "discard": "",
                "file": "vm-152-disk-1",
                "format": "raw",
                "iothread": 0,
                "mbps": 0,
                "mbps_rd": 0,
                "mbps_rd_max": 0,
                "mbps_wr": 0,
                "mbps_wr_max": 0,
                "media": "",
                "replicate": 0,
                "size": "50G",
                "slot": 1,
                "ssd": 0,
                "storage": "proxmox",
                "storage_type": "rbd",
                "type": "virtio",
                "volume": "proxmox:vm-152-disk-1"
              }
            ],
            "disk_gb": 0,
            "force_create": false,
            "force_recreate_on_change_of": null,
            "full_clone": false,
            "guest_agent_ready_timeout": 100,
            "hagroup": "",
            "hastate": "",
            "hotplug": "network,disk,usb",
            "id": "uffizi/qemu/152",
            "ipconfig0": "ip=192.168.130.142/24,gw=192.168.130.1",
            "ipconfig1": "",
            "ipconfig2": "",
            "ipconfig3": "",
            "ipconfig4": "",
            "ipconfig5": "",
            "iso": null,
            "kvm": true,
            "mac": "",
            "memory": 8192,
            "name": "rancher-node-intership2",
            "nameserver": "192.168.100.29",
            "network": [
              {
                "bridge": "vmbr443",
                "firewall": false,
                "link_down": false,
                "macaddr": "F2:5B:1E:DE:59:D5",
                "model": "virtio",
                "mtu": 0,
                "queues": 0,
                "rate": 0,
                "tag": -1
              }
            ],
            "nic": "",
            "numa": false,
            "onboot": true,
            "oncreate": true,
            "os_network_config": null,
            "os_type": "cloud-init",
            "pool": "",
            "preprovision": true,
            "pxe": null,
            "qemu_os": "other",
            "reboot_required": false,
            "scsihw": "virtio-scsi-pci",
            "searchdomain": "internal.staging.swh.network",
            "serial": [],
            "sockets": 1,
            "ssh_forward_ip": null,
            "ssh_host": null,
            "ssh_port": null,
            "ssh_private_key": null,
            "ssh_user": "root",
            "sshkeys": "ssh-rsa AAAAB3NzaC1yc2EAAAADAQABAAABAQDVKCfpeIMg7GS3Pk03ZAcBWAeDZ+AvWk2k/pPY0z8MJ3YAbqZkRtSK7yaDgJV6Gro7nn/TxdJLo2jEzzWvlC8d8AEzhZPy5Z/qfVVjqBTBM4H5+e+TItAHFfaY5+0WvIahxcfsfaq70MWfpJhszAah3ThJ4mqzYaw+dkr42+a7Gx3Ygpb/m2dpnFnxvXdcuAJYStmHKU5AWGWWM+Fm50/fdMqUfNd8MbKhkJt5ihXQmZWMOt7ls4N8i5NZWnS9YSWow8X/ENOEqCRN9TyRkc+pPS0w9DNi0BCsWvSRJOkyvQ6caEnKWlNoywCmM1AlIQD3k4RUgRWe0vqg/UKPpH3Z root@terraform\n\n",
            "storage": "",
            "storage_type": "",
            "tablet": true,
            "tags": "",
            "target_node": "uffizi",
            "timeouts": null,
            "unused_disk": [],
            "usb": [],
            "vcpus": 0,
            "vga": [],
            "vlan": -1,
            "vmid": null
          },
          "sensitive_attributes": [],
          "private": "eyJlMmJmYjczMC1lY2FhLTExZTYtOGY4OC0zNDM2M2JjN2M0YzAiOnsiY3JlYXRlIjozMDAwMDAwMDAwMDAsImRlZmF1bHQiOjMwMDAwMDAwMDAwMCwiZGVsZXRlIjoxODAwMDAwMDAwMDAsInJlYWQiOjE4MDAwMDAwMDAwMCwidXBkYXRlIjoxODAwMDAwMDAwMDB9fQ==",
          "dependencies": [
            "rancher2_cluster.deployment_internship"
          ]
        }
      ]
    },
    {
      "module": "module.rp0",
      "mode": "managed",
      "type": "proxmox_vm_qemu",
      "name": "node",
      "provider": "module.rp0.provider[\"registry.terraform.io/telmate/proxmox\"]",
      "instances": [
        {
          "schema_version": 0,
          "attributes": {
            "additional_wait": 0,
            "agent": 0,
            "args": "",
            "automatic_reboot": true,
            "balloon": 1024,
            "bios": "seabios",
            "boot": "c",
            "bootdisk": "",
            "bridge": "",
            "ci_wait": null,
            "cicustom": "",
            "cipassword": "",
            "ciuser": "root",
            "clone": "debian-buster-2020-11-06",
            "clone_wait": 0,
            "cloudinit_cdrom_storage": null,
            "cores": 2,
            "cpu": "kvm64",
            "default_ipv4_address": null,
            "define_connection_info": true,
            "desc": "Node to host the reverse proxy",
            "disk": [
              {
                "aio": "",
                "backup": 0,
                "cache": "none",
                "discard": "",
                "file": "vm-129-disk-0",
                "format": "",
                "iothread": 0,
                "mbps": 0,
                "mbps_rd": 0,
                "mbps_rd_max": 0,
                "mbps_wr": 0,
                "mbps_wr_max": 0,
                "media": "",
                "replicate": 0,
                "size": "32G",
                "slot": 0,
                "ssd": 0,
                "storage": "proxmox",
                "storage_type": "rbd",
                "type": "virtio",
                "volume": "proxmox:vm-129-disk-0"
              }
            ],
            "disk_gb": 0,
            "force_create": false,
            "force_recreate_on_change_of": null,
            "full_clone": false,
            "guest_agent_ready_timeout": 100,
            "hagroup": "",
            "hastate": "",
            "hotplug": "network,disk,usb",
            "id": "pompidou/qemu/129",
            "ipconfig0": "ip=192.168.130.20/24,gw=192.168.130.1",
            "ipconfig1": "",
            "ipconfig2": "",
            "ipconfig3": "",
            "ipconfig4": "",
            "ipconfig5": "",
            "iso": null,
            "kvm": true,
            "mac": "",
            "memory": 2048,
            "name": "rp0",
            "nameserver": "192.168.100.29",
            "network": [
              {
                "bridge": "vmbr443",
                "firewall": false,
                "link_down": false,
                "macaddr": "4A:80:47:5D:DF:73",
                "model": "virtio",
                "mtu": 0,
                "queues": 0,
                "rate": 0,
                "tag": -1
              }
            ],
            "nic": "",
            "numa": false,
            "onboot": true,
            "oncreate": true,
            "os_network_config": null,
            "os_type": "cloud-init",
            "pool": "",
            "preprovision": true,
            "pxe": null,
            "qemu_os": "other",
            "reboot_required": false,
            "scsihw": "virtio-scsi-pci",
            "searchdomain": "internal.staging.swh.network",
            "serial": [],
            "sockets": 1,
            "ssh_forward_ip": null,
            "ssh_host": "192.168.130.20",
            "ssh_port": "22",
            "ssh_private_key": null,
            "ssh_user": "root",
            "sshkeys": "ssh-rsa AAAAB3NzaC1yc2EAAAADAQABAAABAQDVKCfpeIMg7GS3Pk03ZAcBWAeDZ+AvWk2k/pPY0z8MJ3YAbqZkRtSK7yaDgJV6Gro7nn/TxdJLo2jEzzWvlC8d8AEzhZPy5Z/qfVVjqBTBM4H5+e+TItAHFfaY5+0WvIahxcfsfaq70MWfpJhszAah3ThJ4mqzYaw+dkr42+a7Gx3Ygpb/m2dpnFnxvXdcuAJYStmHKU5AWGWWM+Fm50/fdMqUfNd8MbKhkJt5ihXQmZWMOt7ls4N8i5NZWnS9YSWow8X/ENOEqCRN9TyRkc+pPS0w9DNi0BCsWvSRJOkyvQ6caEnKWlNoywCmM1AlIQD3k4RUgRWe0vqg/UKPpH3Z root@terraform\n\n",
            "storage": "",
            "storage_type": "",
            "tablet": true,
            "tags": "",
            "target_node": "pompidou",
            "timeouts": null,
            "unused_disk": [
              {
                "file": "base-10003-disk-0/vm-129-disk-0",
                "slot": 0,
                "storage": "proxmox"
              }
            ],
            "usb": [],
            "vcpus": 0,
            "vga": [],
            "vlan": -1,
            "vmid": 129
          },
          "sensitive_attributes": [],
          "private": "eyJlMmJmYjczMC1lY2FhLTExZTYtOGY4OC0zNDM2M2JjN2M0YzAiOnsiY3JlYXRlIjozMDAwMDAwMDAwMDAsImRlZmF1bHQiOjMwMDAwMDAwMDAwMCwiZGVsZXRlIjoxODAwMDAwMDAwMDAsInJlYWQiOjE4MDAwMDAwMDAwMCwidXBkYXRlIjoxODAwMDAwMDAwMDB9fQ=="
        }
      ]
    },
    {
      "module": "module.scheduler0",
      "mode": "managed",
      "type": "proxmox_vm_qemu",
      "name": "node",
      "provider": "module.scheduler0.provider[\"registry.terraform.io/telmate/proxmox\"]",
      "instances": [
        {
          "schema_version": 0,
          "attributes": {
            "additional_wait": 0,
            "agent": 0,
            "args": "-device virtio-rng-pci",
            "automatic_reboot": true,
            "balloon": 1024,
            "bios": "seabios",
            "boot": "c",
            "bootdisk": "virtio0",
            "bridge": "",
            "ci_wait": null,
            "cicustom": "",
            "cipassword": "",
            "ciuser": "root",
            "clone": "template-debian-10",
            "clone_wait": 0,
            "cloudinit_cdrom_storage": null,
            "cores": 4,
            "cpu": "kvm64",
            "default_ipv4_address": null,
            "define_connection_info": true,
            "desc": "Scheduler api services",
            "disk": [
              {
                "aio": "",
                "backup": 0,
                "cache": "none",
                "discard": "",
                "file": "vm-116-disk-1",
                "format": "raw",
                "iothread": 0,
                "mbps": 0,
                "mbps_rd": 0,
                "mbps_rd_max": 0,
                "mbps_wr": 0,
                "mbps_wr_max": 0,
                "media": "disk",
                "replicate": 0,
                "size": "32G",
                "slot": 0,
                "ssd": 0,
                "storage": "proxmox",
                "storage_type": "rbd",
                "type": "virtio",
                "volume": "proxmox:vm-116-disk-1"
              }
            ],
            "disk_gb": 0,
            "force_create": false,
            "force_recreate_on_change_of": null,
            "full_clone": false,
            "guest_agent_ready_timeout": 100,
            "hagroup": "",
            "hastate": "",
            "hotplug": "network,disk,usb",
            "id": "pompidou/qemu/116",
            "ipconfig0": "ip=192.168.130.50/24,gw=192.168.130.1",
            "ipconfig1": "",
            "ipconfig2": "",
            "ipconfig3": "",
            "ipconfig4": "",
            "ipconfig5": "",
            "iso": null,
            "kvm": true,
            "mac": "",
            "memory": 8192,
            "name": "scheduler0",
            "nameserver": "192.168.100.29",
            "network": [
              {
                "bridge": "vmbr443",
                "firewall": false,
                "link_down": false,
                "macaddr": "92:02:7E:D0:B9:36",
                "model": "virtio",
                "mtu": 0,
                "queues": 0,
                "rate": 0,
                "tag": -1
              }
            ],
            "nic": "",
            "numa": false,
            "onboot": true,
            "oncreate": true,
            "os_network_config": null,
            "os_type": "cloud-init",
            "pool": "",
            "preprovision": true,
            "pxe": null,
            "qemu_os": "other",
            "reboot_required": false,
            "scsihw": "virtio-scsi-pci",
            "searchdomain": "internal.staging.swh.network",
            "serial": [],
            "sockets": 1,
            "ssh_forward_ip": null,
            "ssh_host": "192.168.130.50",
            "ssh_port": "22",
            "ssh_private_key": null,
            "ssh_user": "root",
            "sshkeys": "ssh-rsa AAAAB3NzaC1yc2EAAAADAQABAAABAQDVKCfpeIMg7GS3Pk03ZAcBWAeDZ+AvWk2k/pPY0z8MJ3YAbqZkRtSK7yaDgJV6Gro7nn/TxdJLo2jEzzWvlC8d8AEzhZPy5Z/qfVVjqBTBM4H5+e+TItAHFfaY5+0WvIahxcfsfaq70MWfpJhszAah3ThJ4mqzYaw+dkr42+a7Gx3Ygpb/m2dpnFnxvXdcuAJYStmHKU5AWGWWM+Fm50/fdMqUfNd8MbKhkJt5ihXQmZWMOt7ls4N8i5NZWnS9YSWow8X/ENOEqCRN9TyRkc+pPS0w9DNi0BCsWvSRJOkyvQ6caEnKWlNoywCmM1AlIQD3k4RUgRWe0vqg/UKPpH3Z root@terraform\n\n\n\n",
            "storage": "",
            "storage_type": "",
            "tablet": true,
            "tags": "",
            "target_node": "pompidou",
            "timeouts": null,
            "unused_disk": [],
            "usb": [],
            "vcpus": 0,
            "vga": [],
            "vlan": -1,
            "vmid": 116
          },
          "sensitive_attributes": [],
          "private": "eyJlMmJmYjczMC1lY2FhLTExZTYtOGY4OC0zNDM2M2JjN2M0YzAiOnsiY3JlYXRlIjozMDAwMDAwMDAwMDAsImRlZmF1bHQiOjMwMDAwMDAwMDAwMCwiZGVsZXRlIjoxODAwMDAwMDAwMDAsInJlYWQiOjE4MDAwMDAwMDAwMCwidXBkYXRlIjoxODAwMDAwMDAwMDB9fQ=="
        }
      ]
    },
    {
      "module": "module.scrubber0",
      "mode": "managed",
      "type": "proxmox_vm_qemu",
      "name": "node",
      "provider": "module.scrubber0.provider[\"registry.terraform.io/telmate/proxmox\"]",
      "instances": [
        {
          "schema_version": 0,
          "attributes": {
            "additional_wait": 0,
            "agent": 0,
            "args": "",
            "automatic_reboot": true,
            "balloon": 1024,
            "bios": "seabios",
            "boot": "c",
            "bootdisk": "",
            "bridge": "",
            "ci_wait": null,
            "cicustom": "",
            "cipassword": "",
            "ciuser": "root",
            "clone": "debian-buster-2020-11-06",
            "clone_wait": 0,
            "cloudinit_cdrom_storage": null,
            "cores": 4,
            "cpu": "kvm64",
            "default_ipv4_address": null,
            "define_connection_info": true,
            "desc": "Scrubber checker services",
            "disk": [
              {
                "aio": "",
                "backup": 0,
                "cache": "none",
                "discard": "",
                "file": "base-10003-disk-0/vm-142-disk-0",
                "format": "raw",
                "iothread": 0,
                "mbps": 0,
                "mbps_rd": 0,
                "mbps_rd_max": 0,
                "mbps_wr": 0,
                "mbps_wr_max": 0,
                "media": "",
                "replicate": 0,
                "size": "30G",
                "slot": 0,
                "ssd": 0,
                "storage": "proxmox",
                "storage_type": "rbd",
                "type": "virtio",
                "volume": "proxmox:base-10003-disk-0/vm-142-disk-0"
              }
            ],
            "disk_gb": 0,
            "force_create": false,
            "force_recreate_on_change_of": null,
            "full_clone": false,
            "guest_agent_ready_timeout": 100,
            "hagroup": "",
            "hastate": "",
            "hotplug": "network,disk,usb",
            "id": "pompidou/qemu/142",
            "ipconfig0": "ip=192.168.130.120/24,gw=192.168.130.1",
            "ipconfig1": "",
            "ipconfig2": "",
            "ipconfig3": "",
            "ipconfig4": "",
            "ipconfig5": "",
            "iso": null,
            "kvm": true,
            "mac": "",
            "memory": 4096,
            "name": "scrubber0",
            "nameserver": "192.168.100.29",
            "network": [
              {
                "bridge": "vmbr443",
                "firewall": false,
                "link_down": false,
                "macaddr": "86:09:0A:61:AB:C1",
                "model": "virtio",
                "mtu": 0,
                "queues": 0,
                "rate": 0,
                "tag": -1
              }
            ],
            "nic": "",
            "numa": false,
            "onboot": true,
            "oncreate": true,
            "os_network_config": null,
            "os_type": "cloud-init",
            "pool": "",
            "preprovision": true,
            "pxe": null,
            "qemu_os": "other",
            "reboot_required": false,
            "scsihw": "virtio-scsi-pci",
            "searchdomain": "internal.staging.swh.network",
            "serial": [],
            "sockets": 1,
            "ssh_forward_ip": null,
            "ssh_host": null,
            "ssh_port": null,
            "ssh_private_key": null,
            "ssh_user": "root",
            "sshkeys": "ssh-rsa AAAAB3NzaC1yc2EAAAADAQABAAABAQDVKCfpeIMg7GS3Pk03ZAcBWAeDZ+AvWk2k/pPY0z8MJ3YAbqZkRtSK7yaDgJV6Gro7nn/TxdJLo2jEzzWvlC8d8AEzhZPy5Z/qfVVjqBTBM4H5+e+TItAHFfaY5+0WvIahxcfsfaq70MWfpJhszAah3ThJ4mqzYaw+dkr42+a7Gx3Ygpb/m2dpnFnxvXdcuAJYStmHKU5AWGWWM+Fm50/fdMqUfNd8MbKhkJt5ihXQmZWMOt7ls4N8i5NZWnS9YSWow8X/ENOEqCRN9TyRkc+pPS0w9DNi0BCsWvSRJOkyvQ6caEnKWlNoywCmM1AlIQD3k4RUgRWe0vqg/UKPpH3Z root@terraform\n\n",
            "storage": "",
            "storage_type": "",
            "tablet": true,
            "tags": "",
            "target_node": "pompidou",
            "timeouts": null,
            "unused_disk": [],
            "usb": [],
            "vcpus": 0,
            "vga": [],
            "vlan": -1,
            "vmid": 142
          },
          "sensitive_attributes": [],
          "private": "eyJlMmJmYjczMC1lY2FhLTExZTYtOGY4OC0zNDM2M2JjN2M0YzAiOnsiY3JlYXRlIjozMDAwMDAwMDAwMDAsImRlZmF1bHQiOjMwMDAwMDAwMDAwMCwiZGVsZXRlIjoxODAwMDAwMDAwMDAsInJlYWQiOjE4MDAwMDAwMDAwMCwidXBkYXRlIjoxODAwMDAwMDAwMDB9fQ=="
        }
      ]
    },
    {
      "module": "module.search-esnode0",
      "mode": "managed",
      "type": "proxmox_vm_qemu",
      "name": "node",
      "provider": "module.search-esnode0.provider[\"registry.terraform.io/telmate/proxmox\"]",
      "instances": [
        {
          "schema_version": 0,
          "attributes": {
            "additional_wait": 0,
            "agent": 0,
            "args": "",
            "automatic_reboot": true,
            "balloon": 9216,
            "bios": "seabios",
            "boot": "c",
            "bootdisk": "",
            "bridge": "",
            "ci_wait": null,
            "cicustom": "",
            "cipassword": "",
            "ciuser": "root",
            "clone": "debian-buster-2020-11-06",
            "clone_wait": 0,
            "cloudinit_cdrom_storage": null,
            "cores": 4,
            "cpu": "kvm64",
            "default_ipv4_address": null,
            "define_connection_info": true,
            "desc": "Node to host the elasticsearch instance",
            "disk": [
              {
                "aio": "",
                "backup": 0,
                "cache": "none",
                "discard": "",
                "file": "vm-130-disk-0",
                "format": "",
                "iothread": 0,
                "mbps": 0,
                "mbps_rd": 0,
                "mbps_rd_max": 0,
                "mbps_wr": 0,
                "mbps_wr_max": 0,
                "media": "",
                "replicate": 0,
                "size": "32G",
                "slot": 0,
                "ssd": 0,
                "storage": "proxmox",
                "storage_type": "rbd",
                "type": "virtio",
                "volume": "proxmox:vm-130-disk-0"
              },
              {
                "aio": "",
                "backup": 0,
                "cache": "none",
                "discard": "",
                "file": "vm-130-disk-1",
                "format": "raw",
                "iothread": 0,
                "mbps": 0,
                "mbps_rd": 0,
                "mbps_rd_max": 0,
                "mbps_wr": 0,
                "mbps_wr_max": 0,
                "media": "",
                "replicate": 0,
                "size": "200G",
                "slot": 1,
                "ssd": 0,
                "storage": "proxmox",
                "storage_type": "rbd",
                "type": "virtio",
                "volume": "proxmox:vm-130-disk-1"
              }
            ],
            "disk_gb": 0,
            "force_create": false,
            "force_recreate_on_change_of": null,
            "full_clone": false,
            "guest_agent_ready_timeout": 100,
            "hagroup": "",
            "hastate": "",
            "hotplug": "network,disk,usb",
            "id": "pompidou/qemu/130",
            "ipconfig0": "ip=192.168.130.80/24,gw=192.168.130.1",
            "ipconfig1": "",
            "ipconfig2": "",
            "ipconfig3": "",
            "ipconfig4": "",
            "ipconfig5": "",
            "iso": null,
            "kvm": true,
            "mac": "",
            "memory": 32768,
            "name": "search-esnode0",
            "nameserver": "192.168.100.29",
            "network": [
              {
                "bridge": "vmbr443",
                "firewall": false,
                "link_down": false,
                "macaddr": "96:74:49:BD:B5:08",
                "model": "virtio",
                "mtu": 0,
                "queues": 0,
                "rate": 0,
                "tag": -1
              }
            ],
            "nic": "",
            "numa": false,
            "onboot": true,
            "oncreate": true,
            "os_network_config": null,
            "os_type": "cloud-init",
            "pool": "",
            "preprovision": true,
            "pxe": null,
            "qemu_os": "other",
            "reboot_required": false,
            "scsihw": "virtio-scsi-pci",
            "searchdomain": "internal.staging.swh.network",
            "serial": [],
            "sockets": 1,
            "ssh_forward_ip": null,
            "ssh_host": "192.168.130.80",
            "ssh_port": "22",
            "ssh_private_key": null,
            "ssh_user": "root",
            "sshkeys": "ssh-rsa AAAAB3NzaC1yc2EAAAADAQABAAABAQDVKCfpeIMg7GS3Pk03ZAcBWAeDZ+AvWk2k/pPY0z8MJ3YAbqZkRtSK7yaDgJV6Gro7nn/TxdJLo2jEzzWvlC8d8AEzhZPy5Z/qfVVjqBTBM4H5+e+TItAHFfaY5+0WvIahxcfsfaq70MWfpJhszAah3ThJ4mqzYaw+dkr42+a7Gx3Ygpb/m2dpnFnxvXdcuAJYStmHKU5AWGWWM+Fm50/fdMqUfNd8MbKhkJt5ihXQmZWMOt7ls4N8i5NZWnS9YSWow8X/ENOEqCRN9TyRkc+pPS0w9DNi0BCsWvSRJOkyvQ6caEnKWlNoywCmM1AlIQD3k4RUgRWe0vqg/UKPpH3Z root@terraform\n\n\n\n\n\n\n",
            "storage": "",
            "storage_type": "",
            "tablet": true,
            "tags": "",
            "target_node": "pompidou",
            "timeouts": null,
            "unused_disk": [
              {
                "file": "base-10003-disk-0/vm-130-disk-0",
                "slot": 0,
                "storage": "proxmox"
              }
            ],
            "usb": [],
            "vcpus": 0,
            "vga": [],
            "vlan": -1,
            "vmid": 130
          },
          "sensitive_attributes": [],
          "private": "eyJlMmJmYjczMC1lY2FhLTExZTYtOGY4OC0zNDM2M2JjN2M0YzAiOnsiY3JlYXRlIjozMDAwMDAwMDAwMDAsImRlZmF1bHQiOjMwMDAwMDAwMDAwMCwiZGVsZXRlIjoxODAwMDAwMDAwMDAsInJlYWQiOjE4MDAwMDAwMDAwMCwidXBkYXRlIjoxODAwMDAwMDAwMDB9fQ=="
        }
      ]
    },
    {
      "module": "module.search0",
      "mode": "managed",
      "type": "proxmox_vm_qemu",
      "name": "node",
      "provider": "module.search0.provider[\"registry.terraform.io/telmate/proxmox\"]",
      "instances": [
        {
          "schema_version": 0,
          "attributes": {
            "additional_wait": 0,
            "agent": 0,
            "args": "",
            "automatic_reboot": true,
            "balloon": 1024,
            "bios": "seabios",
            "boot": "c",
            "bootdisk": "",
            "bridge": "",
            "ci_wait": null,
            "cicustom": "",
            "cipassword": "",
            "ciuser": "root",
            "clone": "debian-buster-2020-11-06",
            "clone_wait": 0,
            "cloudinit_cdrom_storage": null,
            "cores": 2,
            "cpu": "kvm64",
            "default_ipv4_address": null,
            "define_connection_info": true,
            "desc": "Node to host the swh-search rpc backend service",
            "disk": [
              {
                "aio": "",
                "backup": 0,
                "cache": "none",
                "discard": "",
                "file": "vm-131-disk-0",
                "format": "",
                "iothread": 0,
                "mbps": 0,
                "mbps_rd": 0,
                "mbps_rd_max": 0,
                "mbps_wr": 0,
                "mbps_wr_max": 0,
                "media": "",
                "replicate": 0,
                "size": "32G",
                "slot": 0,
                "ssd": 0,
                "storage": "proxmox",
                "storage_type": "rbd",
                "type": "virtio",
                "volume": "proxmox:vm-131-disk-0"
              }
            ],
            "disk_gb": 0,
            "force_create": false,
            "force_recreate_on_change_of": null,
            "full_clone": false,
            "guest_agent_ready_timeout": 100,
            "hagroup": "",
            "hastate": "",
            "hotplug": "network,disk,usb",
            "id": "pompidou/qemu/131",
            "ipconfig0": "ip=192.168.130.90/24,gw=192.168.130.1",
            "ipconfig1": "",
            "ipconfig2": "",
            "ipconfig3": "",
            "ipconfig4": "",
            "ipconfig5": "",
            "iso": null,
            "kvm": true,
            "mac": "",
            "memory": 4096,
            "name": "search0",
            "nameserver": "192.168.100.29",
            "network": [
              {
                "bridge": "vmbr443",
                "firewall": false,
                "link_down": false,
                "macaddr": "EE:FA:76:55:CF:99",
                "model": "virtio",
                "mtu": 0,
                "queues": 0,
                "rate": 0,
                "tag": -1
              }
            ],
            "nic": "",
            "numa": false,
            "onboot": true,
            "oncreate": true,
            "os_network_config": null,
            "os_type": "cloud-init",
            "pool": "",
            "preprovision": true,
            "pxe": null,
            "qemu_os": "other",
            "reboot_required": false,
            "scsihw": "virtio-scsi-pci",
            "searchdomain": "internal.staging.swh.network",
            "serial": [],
            "sockets": 1,
            "ssh_forward_ip": null,
            "ssh_host": "192.168.130.90",
            "ssh_port": "22",
            "ssh_private_key": null,
            "ssh_user": "root",
            "sshkeys": "ssh-rsa AAAAB3NzaC1yc2EAAAADAQABAAABAQDVKCfpeIMg7GS3Pk03ZAcBWAeDZ+AvWk2k/pPY0z8MJ3YAbqZkRtSK7yaDgJV6Gro7nn/TxdJLo2jEzzWvlC8d8AEzhZPy5Z/qfVVjqBTBM4H5+e+TItAHFfaY5+0WvIahxcfsfaq70MWfpJhszAah3ThJ4mqzYaw+dkr42+a7Gx3Ygpb/m2dpnFnxvXdcuAJYStmHKU5AWGWWM+Fm50/fdMqUfNd8MbKhkJt5ihXQmZWMOt7ls4N8i5NZWnS9YSWow8X/ENOEqCRN9TyRkc+pPS0w9DNi0BCsWvSRJOkyvQ6caEnKWlNoywCmM1AlIQD3k4RUgRWe0vqg/UKPpH3Z root@terraform\n\n",
            "storage": "",
            "storage_type": "",
            "tablet": true,
            "tags": "",
            "target_node": "pompidou",
            "timeouts": null,
            "unused_disk": [
              {
                "file": "base-10003-disk-0/vm-131-disk-0",
                "slot": 0,
                "storage": "proxmox"
              }
            ],
            "usb": [],
            "vcpus": 0,
            "vga": [],
            "vlan": -1,
            "vmid": 131
          },
          "sensitive_attributes": [],
          "private": "eyJlMmJmYjczMC1lY2FhLTExZTYtOGY4OC0zNDM2M2JjN2M0YzAiOnsiY3JlYXRlIjozMDAwMDAwMDAwMDAsImRlZmF1bHQiOjMwMDAwMDAwMDAwMCwiZGVsZXRlIjoxODAwMDAwMDAwMDAsInJlYWQiOjE4MDAwMDAwMDAwMCwidXBkYXRlIjoxODAwMDAwMDAwMDB9fQ=="
        }
      ]
    },
    {
      "module": "module.vault",
      "mode": "managed",
      "type": "proxmox_vm_qemu",
      "name": "node",
      "provider": "module.vault.provider[\"registry.terraform.io/telmate/proxmox\"]",
      "instances": [
        {
          "schema_version": 0,
          "attributes": {
            "additional_wait": 0,
            "agent": 0,
            "args": "-device virtio-rng-pci",
            "automatic_reboot": true,
            "balloon": 1024,
            "bios": "seabios",
            "boot": "c",
            "bootdisk": "virtio0",
            "bridge": "",
            "ci_wait": null,
            "cicustom": "",
            "cipassword": "",
            "ciuser": "root",
            "clone": "template-debian-10",
            "clone_wait": 0,
            "cloudinit_cdrom_storage": null,
            "cores": 4,
            "cpu": "kvm64",
            "default_ipv4_address": null,
            "define_connection_info": true,
            "desc": "Vault services node",
            "disk": [
              {
                "aio": "",
                "backup": 0,
                "cache": "none",
                "discard": "",
                "file": "vm-121-disk-0",
                "format": "raw",
                "iothread": 0,
                "mbps": 0,
                "mbps_rd": 0,
                "mbps_rd_max": 0,
                "mbps_wr": 0,
                "mbps_wr_max": 0,
                "media": "disk",
                "replicate": 0,
                "size": "32G",
                "slot": 0,
                "ssd": 0,
                "storage": "proxmox",
                "storage_type": "rbd",
                "type": "virtio",
                "volume": "proxmox:vm-121-disk-0"
              }
            ],
            "disk_gb": 0,
            "force_create": false,
            "force_recreate_on_change_of": null,
            "full_clone": false,
            "guest_agent_ready_timeout": 100,
            "hagroup": "",
            "hastate": "",
            "hotplug": "network,disk,usb",
            "id": "pompidou/qemu/121",
            "ipconfig0": "ip=192.168.130.60/24,gw=192.168.130.1",
            "ipconfig1": "",
            "ipconfig2": "",
            "ipconfig3": "",
            "ipconfig4": "",
            "ipconfig5": "",
            "iso": null,
            "kvm": true,
            "mac": "",
            "memory": 8192,
            "name": "vault",
            "nameserver": "192.168.100.29",
            "network": [
              {
                "bridge": "vmbr443",
                "firewall": false,
                "link_down": false,
                "macaddr": "16:15:1C:79:CB:DB",
                "model": "virtio",
                "mtu": 0,
                "queues": 0,
                "rate": 0,
                "tag": -1
              }
            ],
            "nic": "",
            "numa": false,
            "onboot": true,
            "oncreate": true,
            "os_network_config": null,
            "os_type": "cloud-init",
            "pool": "",
            "preprovision": true,
            "pxe": null,
            "qemu_os": "other",
            "reboot_required": false,
            "scsihw": "virtio-scsi-pci",
            "searchdomain": "internal.staging.swh.network",
            "serial": [],
            "sockets": 1,
            "ssh_forward_ip": null,
            "ssh_host": "192.168.130.60",
            "ssh_port": "22",
            "ssh_private_key": null,
            "ssh_user": "root",
            "sshkeys": "ssh-rsa AAAAB3NzaC1yc2EAAAADAQABAAABAQDVKCfpeIMg7GS3Pk03ZAcBWAeDZ+AvWk2k/pPY0z8MJ3YAbqZkRtSK7yaDgJV6Gro7nn/TxdJLo2jEzzWvlC8d8AEzhZPy5Z/qfVVjqBTBM4H5+e+TItAHFfaY5+0WvIahxcfsfaq70MWfpJhszAah3ThJ4mqzYaw+dkr42+a7Gx3Ygpb/m2dpnFnxvXdcuAJYStmHKU5AWGWWM+Fm50/fdMqUfNd8MbKhkJt5ihXQmZWMOt7ls4N8i5NZWnS9YSWow8X/ENOEqCRN9TyRkc+pPS0w9DNi0BCsWvSRJOkyvQ6caEnKWlNoywCmM1AlIQD3k4RUgRWe0vqg/UKPpH3Z root@terraform\n\n\n\n",
            "storage": "",
            "storage_type": "",
            "tablet": true,
            "tags": "",
            "target_node": "pompidou",
            "timeouts": null,
            "unused_disk": [],
            "usb": [],
            "vcpus": 0,
            "vga": [],
            "vlan": -1,
            "vmid": 121
          },
          "sensitive_attributes": [],
          "private": "eyJlMmJmYjczMC1lY2FhLTExZTYtOGY4OC0zNDM2M2JjN2M0YzAiOnsiY3JlYXRlIjozMDAwMDAwMDAwMDAsImRlZmF1bHQiOjMwMDAwMDAwMDAwMCwiZGVsZXRlIjoxODAwMDAwMDAwMDAsInJlYWQiOjE4MDAwMDAwMDAwMCwidXBkYXRlIjoxODAwMDAwMDAwMDB9fQ=="
        }
      ]
    },
    {
      "module": "module.webapp",
      "mode": "managed",
      "type": "proxmox_vm_qemu",
      "name": "node",
      "provider": "module.webapp.provider[\"registry.terraform.io/telmate/proxmox\"]",
      "instances": [
        {
          "schema_version": 0,
          "attributes": {
            "additional_wait": 0,
            "agent": 0,
            "args": "-device virtio-rng-pci",
            "automatic_reboot": true,
            "balloon": 1024,
            "bios": "seabios",
            "boot": "c",
            "bootdisk": "virtio0",
            "bridge": "",
            "ci_wait": null,
            "cicustom": "",
            "cipassword": "",
            "ciuser": "root",
            "clone": "template-debian-10",
            "clone_wait": 0,
            "cloudinit_cdrom_storage": null,
            "cores": 4,
            "cpu": "kvm64",
            "default_ipv4_address": null,
            "define_connection_info": true,
            "desc": "Archive/Webapp service node",
            "disk": [
              {
                "aio": "",
                "backup": 0,
                "cache": "none",
                "discard": "",
                "file": "vm-119-disk-0",
                "format": "raw",
                "iothread": 0,
                "mbps": 0,
                "mbps_rd": 0,
                "mbps_rd_max": 0,
                "mbps_wr": 0,
                "mbps_wr_max": 0,
                "media": "disk",
                "replicate": 0,
                "size": "32G",
                "slot": 0,
                "ssd": 0,
                "storage": "proxmox",
                "storage_type": "rbd",
                "type": "virtio",
                "volume": "proxmox:vm-119-disk-0"
              }
            ],
            "disk_gb": 0,
            "force_create": false,
            "force_recreate_on_change_of": null,
            "full_clone": false,
            "guest_agent_ready_timeout": 100,
            "hagroup": "",
            "hastate": "",
            "hotplug": "network,disk,usb",
            "id": "pompidou/qemu/119",
            "ipconfig0": "ip=192.168.130.30/24,gw=192.168.130.1",
            "ipconfig1": "",
            "ipconfig2": "",
            "ipconfig3": "",
            "ipconfig4": "",
            "ipconfig5": "",
            "iso": null,
            "kvm": true,
            "mac": "",
            "memory": 16384,
            "name": "webapp",
            "nameserver": "192.168.100.29",
            "network": [
              {
                "bridge": "vmbr443",
                "firewall": false,
                "link_down": false,
                "macaddr": "1A:00:39:95:D4:5F",
                "model": "virtio",
                "mtu": 0,
                "queues": 0,
                "rate": 0,
                "tag": -1
              }
            ],
            "nic": "",
            "numa": false,
            "onboot": true,
            "oncreate": true,
            "os_network_config": null,
            "os_type": "cloud-init",
            "pool": "",
            "preprovision": true,
            "pxe": null,
            "qemu_os": "other",
            "reboot_required": false,
            "scsihw": "virtio-scsi-pci",
            "searchdomain": "internal.staging.swh.network",
            "serial": [],
            "sockets": 1,
            "ssh_forward_ip": null,
            "ssh_host": "192.168.130.30",
            "ssh_port": "22",
            "ssh_private_key": null,
            "ssh_user": "root",
            "sshkeys": "ssh-rsa AAAAB3NzaC1yc2EAAAADAQABAAABAQDVKCfpeIMg7GS3Pk03ZAcBWAeDZ+AvWk2k/pPY0z8MJ3YAbqZkRtSK7yaDgJV6Gro7nn/TxdJLo2jEzzWvlC8d8AEzhZPy5Z/qfVVjqBTBM4H5+e+TItAHFfaY5+0WvIahxcfsfaq70MWfpJhszAah3ThJ4mqzYaw+dkr42+a7Gx3Ygpb/m2dpnFnxvXdcuAJYStmHKU5AWGWWM+Fm50/fdMqUfNd8MbKhkJt5ihXQmZWMOt7ls4N8i5NZWnS9YSWow8X/ENOEqCRN9TyRkc+pPS0w9DNi0BCsWvSRJOkyvQ6caEnKWlNoywCmM1AlIQD3k4RUgRWe0vqg/UKPpH3Z root@terraform\n\n\n\n",
            "storage": "",
            "storage_type": "",
            "tablet": true,
            "tags": "",
            "target_node": "pompidou",
            "timeouts": null,
            "unused_disk": [],
            "usb": [],
            "vcpus": 0,
            "vga": [],
            "vlan": -1,
            "vmid": 119
          },
          "sensitive_attributes": [],
          "private": "eyJlMmJmYjczMC1lY2FhLTExZTYtOGY4OC0zNDM2M2JjN2M0YzAiOnsiY3JlYXRlIjozMDAwMDAwMDAwMDAsImRlZmF1bHQiOjMwMDAwMDAwMDAwMCwiZGVsZXRlIjoxODAwMDAwMDAwMDAsInJlYWQiOjE4MDAwMDAwMDAwMCwidXBkYXRlIjoxODAwMDAwMDAwMDB9fQ=="
        }
      ]
    },
    {
      "module": "module.worker0",
      "mode": "managed",
      "type": "proxmox_vm_qemu",
      "name": "node",
      "provider": "module.worker0.provider[\"registry.terraform.io/telmate/proxmox\"]",
      "instances": [
        {
          "schema_version": 0,
          "attributes": {
            "additional_wait": 0,
            "agent": 0,
            "args": "-device virtio-rng-pci",
            "automatic_reboot": true,
            "balloon": 4096,
            "bios": "seabios",
            "boot": "c",
            "bootdisk": "virtio0",
            "bridge": "",
            "ci_wait": null,
            "cicustom": "",
            "cipassword": "",
            "ciuser": "root",
            "clone": "template-debian-10",
            "clone_wait": 0,
            "cloudinit_cdrom_storage": null,
            "cores": 4,
            "cpu": "kvm64",
            "default_ipv4_address": null,
            "define_connection_info": true,
            "desc": "Loader/lister service node",
            "disk": [
              {
                "aio": "",
                "backup": 0,
                "cache": "none",
                "discard": "",
                "file": "vm-117-disk-0",
                "format": "raw",
                "iothread": 0,
                "mbps": 0,
                "mbps_rd": 0,
                "mbps_rd_max": 0,
                "mbps_wr": 0,
                "mbps_wr_max": 0,
                "media": "",
                "replicate": 0,
                "size": "32G",
                "slot": 0,
                "ssd": 0,
                "storage": "proxmox",
                "storage_type": "rbd",
                "type": "virtio",
                "volume": "proxmox:vm-117-disk-0"
              }
            ],
            "disk_gb": 0,
            "force_create": false,
            "force_recreate_on_change_of": null,
            "full_clone": false,
            "guest_agent_ready_timeout": 100,
            "hagroup": "",
            "hastate": "",
            "hotplug": "network,disk,usb",
            "id": "pompidou/qemu/117",
            "ipconfig0": "ip=192.168.130.100/24,gw=192.168.130.1",
            "ipconfig1": "",
            "ipconfig2": "",
            "ipconfig3": "",
            "ipconfig4": "",
            "ipconfig5": "",
            "iso": null,
            "kvm": true,
            "mac": "",
            "memory": 24576,
            "name": "worker0",
            "nameserver": "192.168.100.29",
            "network": [
              {
                "bridge": "vmbr443",
                "firewall": false,
                "link_down": false,
                "macaddr": "72:D9:03:46:B1:47",
                "model": "virtio",
                "mtu": 0,
                "queues": 0,
                "rate": 0,
                "tag": -1
              }
            ],
            "nic": "",
            "numa": false,
            "onboot": false,
            "oncreate": true,
            "os_network_config": null,
            "os_type": "cloud-init",
            "pool": "",
            "preprovision": true,
            "pxe": null,
            "qemu_os": "other",
            "reboot_required": false,
            "scsihw": "virtio-scsi-pci",
            "searchdomain": "internal.staging.swh.network",
            "serial": [],
            "sockets": 1,
            "ssh_forward_ip": null,
            "ssh_host": "192.168.130.100",
            "ssh_port": "22",
            "ssh_private_key": null,
            "ssh_user": "root",
            "sshkeys": "ssh-rsa AAAAB3NzaC1yc2EAAAADAQABAAABAQDVKCfpeIMg7GS3Pk03ZAcBWAeDZ+AvWk2k/pPY0z8MJ3YAbqZkRtSK7yaDgJV6Gro7nn/TxdJLo2jEzzWvlC8d8AEzhZPy5Z/qfVVjqBTBM4H5+e+TItAHFfaY5+0WvIahxcfsfaq70MWfpJhszAah3ThJ4mqzYaw+dkr42+a7Gx3Ygpb/m2dpnFnxvXdcuAJYStmHKU5AWGWWM+Fm50/fdMqUfNd8MbKhkJt5ihXQmZWMOt7ls4N8i5NZWnS9YSWow8X/ENOEqCRN9TyRkc+pPS0w9DNi0BCsWvSRJOkyvQ6caEnKWlNoywCmM1AlIQD3k4RUgRWe0vqg/UKPpH3Z root@terraform\n\n\n\n\n\n\n\n\n\n\n",
            "storage": "",
            "storage_type": "",
            "tablet": true,
            "tags": "",
            "target_node": "pompidou",
            "timeouts": null,
            "unused_disk": [],
            "usb": [],
            "vcpus": 0,
            "vga": [],
            "vlan": -1,
            "vmid": 117
          },
          "sensitive_attributes": [],
          "private": "eyJlMmJmYjczMC1lY2FhLTExZTYtOGY4OC0zNDM2M2JjN2M0YzAiOnsiY3JlYXRlIjozMDAwMDAwMDAwMDAsImRlZmF1bHQiOjMwMDAwMDAwMDAwMCwiZGVsZXRlIjoxODAwMDAwMDAwMDAsInJlYWQiOjE4MDAwMDAwMDAwMCwidXBkYXRlIjoxODAwMDAwMDAwMDB9fQ=="
        }
      ]
    },
    {
      "module": "module.worker1",
      "mode": "managed",
      "type": "proxmox_vm_qemu",
      "name": "node",
      "provider": "module.worker1.provider[\"registry.terraform.io/telmate/proxmox\"]",
      "instances": [
        {
          "schema_version": 0,
          "attributes": {
            "additional_wait": 0,
            "agent": 0,
            "args": "-device virtio-rng-pci",
            "automatic_reboot": true,
            "balloon": 4096,
            "bios": "seabios",
            "boot": "c",
            "bootdisk": "virtio0",
            "bridge": "",
            "ci_wait": null,
            "cicustom": "",
            "cipassword": "",
            "ciuser": "root",
            "clone": "template-debian-10",
            "clone_wait": 0,
            "cloudinit_cdrom_storage": null,
            "cores": 4,
            "cpu": "kvm64",
            "default_ipv4_address": null,
            "define_connection_info": true,
            "desc": "Loader/lister service node",
            "disk": [
              {
                "aio": "",
                "backup": 0,
                "cache": "none",
                "discard": "",
                "file": "vm-118-disk-0",
                "format": "raw",
                "iothread": 0,
                "mbps": 0,
                "mbps_rd": 0,
                "mbps_rd_max": 0,
                "mbps_wr": 0,
                "mbps_wr_max": 0,
                "media": "",
                "replicate": 0,
                "size": "32G",
                "slot": 0,
                "ssd": 0,
                "storage": "proxmox",
                "storage_type": "rbd",
                "type": "virtio",
                "volume": "proxmox:vm-118-disk-0"
              }
            ],
            "disk_gb": 0,
            "force_create": false,
            "force_recreate_on_change_of": null,
            "full_clone": false,
            "guest_agent_ready_timeout": 100,
            "hagroup": "",
            "hastate": "",
            "hotplug": "network,disk,usb",
            "id": "pompidou/qemu/118",
            "ipconfig0": "ip=192.168.130.101/24,gw=192.168.130.1",
            "ipconfig1": "",
            "ipconfig2": "",
            "ipconfig3": "",
            "ipconfig4": "",
            "ipconfig5": "",
            "iso": null,
            "kvm": true,
            "mac": "",
            "memory": 24576,
            "name": "worker1",
            "nameserver": "192.168.100.29",
            "network": [
              {
                "bridge": "vmbr443",
                "firewall": false,
                "link_down": false,
                "macaddr": "D6:A9:6F:02:E3:66",
                "model": "virtio",
                "mtu": 0,
                "queues": 0,
                "rate": 0,
                "tag": -1
              }
            ],
            "nic": "",
            "numa": false,
            "onboot": false,
            "oncreate": true,
            "os_network_config": null,
            "os_type": "cloud-init",
            "pool": "",
            "preprovision": true,
            "pxe": null,
            "qemu_os": "other",
            "reboot_required": false,
            "scsihw": "virtio-scsi-pci",
            "searchdomain": "internal.staging.swh.network",
            "serial": [],
            "sockets": 1,
            "ssh_forward_ip": null,
            "ssh_host": "192.168.130.101",
            "ssh_port": "22",
            "ssh_private_key": null,
            "ssh_user": "root",
            "sshkeys": "ssh-rsa AAAAB3NzaC1yc2EAAAADAQABAAABAQDVKCfpeIMg7GS3Pk03ZAcBWAeDZ+AvWk2k/pPY0z8MJ3YAbqZkRtSK7yaDgJV6Gro7nn/TxdJLo2jEzzWvlC8d8AEzhZPy5Z/qfVVjqBTBM4H5+e+TItAHFfaY5+0WvIahxcfsfaq70MWfpJhszAah3ThJ4mqzYaw+dkr42+a7Gx3Ygpb/m2dpnFnxvXdcuAJYStmHKU5AWGWWM+Fm50/fdMqUfNd8MbKhkJt5ihXQmZWMOt7ls4N8i5NZWnS9YSWow8X/ENOEqCRN9TyRkc+pPS0w9DNi0BCsWvSRJOkyvQ6caEnKWlNoywCmM1AlIQD3k4RUgRWe0vqg/UKPpH3Z root@terraform\n\n\n\n\n\n\n\n\n\n\n",
            "storage": "",
            "storage_type": "",
            "tablet": true,
            "tags": "",
            "target_node": "pompidou",
            "timeouts": null,
            "unused_disk": [],
            "usb": [],
            "vcpus": 0,
            "vga": [],
            "vlan": -1,
            "vmid": 118
          },
          "sensitive_attributes": [],
          "private": "eyJlMmJmYjczMC1lY2FhLTExZTYtOGY4OC0zNDM2M2JjN2M0YzAiOnsiY3JlYXRlIjozMDAwMDAwMDAwMDAsImRlZmF1bHQiOjMwMDAwMDAwMDAwMCwiZGVsZXRlIjoxODAwMDAwMDAwMDAsInJlYWQiOjE4MDAwMDAwMDAwMCwidXBkYXRlIjoxODAwMDAwMDAwMDB9fQ=="
        }
      ]
    },
    {
      "module": "module.worker2",
      "mode": "managed",
      "type": "proxmox_vm_qemu",
      "name": "node",
      "provider": "module.worker2.provider[\"registry.terraform.io/telmate/proxmox\"]",
      "instances": [
        {
          "schema_version": 0,
          "attributes": {
            "additional_wait": 0,
            "agent": 0,
            "args": "",
            "automatic_reboot": true,
            "balloon": 4096,
            "bios": "seabios",
            "boot": "c",
            "bootdisk": "virtio0",
            "bridge": "",
            "ci_wait": null,
            "cicustom": "",
            "cipassword": "",
            "ciuser": "root",
            "clone": "template-debian-10",
            "clone_wait": 0,
            "cloudinit_cdrom_storage": null,
            "cores": 4,
            "cpu": "kvm64",
            "default_ipv4_address": null,
            "define_connection_info": true,
            "desc": "Loader/lister service node",
            "disk": [
              {
                "aio": "",
                "backup": 0,
                "cache": "none",
                "discard": "",
                "file": "vm-112-disk-1",
                "format": "raw",
                "iothread": 0,
                "mbps": 0,
                "mbps_rd": 0,
                "mbps_rd_max": 0,
                "mbps_wr": 0,
                "mbps_wr_max": 0,
                "media": "",
                "replicate": 0,
                "size": "32G",
                "slot": 0,
                "ssd": 0,
                "storage": "proxmox",
                "storage_type": "rbd",
                "type": "virtio",
                "volume": "proxmox:vm-112-disk-1"
              }
            ],
            "disk_gb": 0,
            "force_create": false,
            "force_recreate_on_change_of": null,
            "full_clone": false,
            "guest_agent_ready_timeout": 100,
            "hagroup": "",
            "hastate": "",
            "hotplug": "network,disk,usb",
            "id": "pompidou/qemu/112",
            "ipconfig0": "ip=192.168.130.102/24,gw=192.168.130.1",
            "ipconfig1": "",
            "ipconfig2": "",
            "ipconfig3": "",
            "ipconfig4": "",
            "ipconfig5": "",
            "iso": null,
            "kvm": true,
            "mac": "",
            "memory": 24576,
            "name": "worker2",
            "nameserver": "192.168.100.29",
            "network": [
              {
                "bridge": "vmbr443",
                "firewall": false,
                "link_down": false,
                "macaddr": "AA:57:27:51:75:18",
                "model": "virtio",
                "mtu": 0,
                "queues": 0,
                "rate": 0,
                "tag": -1
              }
            ],
            "nic": "",
            "numa": false,
            "onboot": false,
            "oncreate": true,
            "os_network_config": null,
            "os_type": "cloud-init",
            "pool": "",
            "preprovision": true,
            "pxe": null,
            "qemu_os": "other",
            "reboot_required": false,
            "scsihw": "virtio-scsi-pci",
            "searchdomain": "internal.staging.swh.network",
            "serial": [],
            "sockets": 1,
            "ssh_forward_ip": null,
            "ssh_host": "192.168.130.102",
            "ssh_port": "22",
            "ssh_private_key": null,
            "ssh_user": "root",
            "sshkeys": "ssh-rsa AAAAB3NzaC1yc2EAAAADAQABAAABAQDVKCfpeIMg7GS3Pk03ZAcBWAeDZ+AvWk2k/pPY0z8MJ3YAbqZkRtSK7yaDgJV6Gro7nn/TxdJLo2jEzzWvlC8d8AEzhZPy5Z/qfVVjqBTBM4H5+e+TItAHFfaY5+0WvIahxcfsfaq70MWfpJhszAah3ThJ4mqzYaw+dkr42+a7Gx3Ygpb/m2dpnFnxvXdcuAJYStmHKU5AWGWWM+Fm50/fdMqUfNd8MbKhkJt5ihXQmZWMOt7ls4N8i5NZWnS9YSWow8X/ENOEqCRN9TyRkc+pPS0w9DNi0BCsWvSRJOkyvQ6caEnKWlNoywCmM1AlIQD3k4RUgRWe0vqg/UKPpH3Z root@terraform\n\n\n\n\n\n\n",
            "storage": "",
            "storage_type": "",
            "tablet": true,
            "tags": "",
            "target_node": "pompidou",
            "timeouts": null,
            "unused_disk": [],
            "usb": [],
            "vcpus": 0,
            "vga": [],
            "vlan": -1,
            "vmid": 112
          },
          "sensitive_attributes": [],
          "private": "eyJlMmJmYjczMC1lY2FhLTExZTYtOGY4OC0zNDM2M2JjN2M0YzAiOnsiY3JlYXRlIjozMDAwMDAwMDAwMDAsImRlZmF1bHQiOjMwMDAwMDAwMDAwMCwiZGVsZXRlIjoxODAwMDAwMDAwMDAsInJlYWQiOjE4MDAwMDAwMDAwMCwidXBkYXRlIjoxODAwMDAwMDAwMDB9fQ=="
        }
      ]
    },
    {
      "module": "module.worker3",
      "mode": "managed",
      "type": "proxmox_vm_qemu",
      "name": "node",
      "provider": "module.worker3.provider[\"registry.terraform.io/telmate/proxmox\"]",
      "instances": [
        {
          "schema_version": 0,
          "attributes": {
            "additional_wait": 0,
            "agent": 0,
            "args": "",
            "automatic_reboot": true,
            "balloon": 4096,
            "bios": "seabios",
            "boot": "c",
            "bootdisk": "",
            "bridge": "",
            "ci_wait": null,
            "cicustom": "",
            "cipassword": "",
            "ciuser": "root",
            "clone": "debian-buster-2020-11-06",
            "clone_wait": 0,
            "cloudinit_cdrom_storage": null,
            "cores": 4,
            "cpu": "kvm64",
            "default_ipv4_address": null,
            "define_connection_info": true,
            "desc": "Indexer worker",
            "disk": [
              {
                "aio": "",
                "backup": 0,
                "cache": "none",
                "discard": "",
                "file": "vm-137-disk-0",
                "format": "",
                "iothread": 0,
                "mbps": 0,
                "mbps_rd": 0,
                "mbps_rd_max": 0,
                "mbps_wr": 0,
                "mbps_wr_max": 0,
                "media": "",
                "replicate": 0,
                "size": "32G",
                "slot": 0,
                "ssd": 0,
                "storage": "proxmox",
                "storage_type": "rbd",
                "type": "virtio",
                "volume": "proxmox:vm-137-disk-0"
              }
            ],
            "disk_gb": 0,
            "force_create": false,
            "force_recreate_on_change_of": null,
            "full_clone": false,
            "guest_agent_ready_timeout": 100,
            "hagroup": "",
            "hastate": "",
            "hotplug": "network,disk,usb",
            "id": "pompidou/qemu/137",
            "ipconfig0": "ip=192.168.130.103/24,gw=192.168.130.1",
            "ipconfig1": "",
            "ipconfig2": "",
            "ipconfig3": "",
            "ipconfig4": "",
            "ipconfig5": "",
            "iso": null,
            "kvm": true,
            "mac": "",
            "memory": 24576,
            "name": "worker3",
            "nameserver": "192.168.100.29",
            "network": [
              {
                "bridge": "vmbr443",
                "firewall": false,
                "link_down": false,
                "macaddr": "1A:F8:1A:2C:12:E1",
                "model": "virtio",
                "mtu": 0,
                "queues": 0,
                "rate": 0,
                "tag": -1
              }
            ],
            "nic": "",
            "numa": false,
            "onboot": false,
            "oncreate": true,
            "os_network_config": null,
            "os_type": "cloud-init",
            "pool": "",
            "preprovision": true,
            "pxe": null,
            "qemu_os": "other",
            "reboot_required": false,
            "scsihw": "virtio-scsi-pci",
            "searchdomain": "internal.staging.swh.network",
            "serial": [],
            "sockets": 1,
            "ssh_forward_ip": null,
            "ssh_host": "192.168.130.103",
            "ssh_port": "22",
            "ssh_private_key": null,
            "ssh_user": "root",
            "sshkeys": "ssh-rsa AAAAB3NzaC1yc2EAAAADAQABAAABAQDVKCfpeIMg7GS3Pk03ZAcBWAeDZ+AvWk2k/pPY0z8MJ3YAbqZkRtSK7yaDgJV6Gro7nn/TxdJLo2jEzzWvlC8d8AEzhZPy5Z/qfVVjqBTBM4H5+e+TItAHFfaY5+0WvIahxcfsfaq70MWfpJhszAah3ThJ4mqzYaw+dkr42+a7Gx3Ygpb/m2dpnFnxvXdcuAJYStmHKU5AWGWWM+Fm50/fdMqUfNd8MbKhkJt5ihXQmZWMOt7ls4N8i5NZWnS9YSWow8X/ENOEqCRN9TyRkc+pPS0w9DNi0BCsWvSRJOkyvQ6caEnKWlNoywCmM1AlIQD3k4RUgRWe0vqg/UKPpH3Z root@terraform\n\n\n\n",
            "storage": "",
            "storage_type": "",
            "tablet": true,
            "tags": "",
            "target_node": "pompidou",
            "timeouts": null,
            "unused_disk": [
              {
                "file": "base-10003-disk-0/vm-137-disk-0",
                "slot": 0,
                "storage": "proxmox"
              }
            ],
            "usb": [],
            "vcpus": 0,
            "vga": [],
            "vlan": -1,
            "vmid": 137
          },
          "sensitive_attributes": [],
          "private": "eyJlMmJmYjczMC1lY2FhLTExZTYtOGY4OC0zNDM2M2JjN2M0YzAiOnsiY3JlYXRlIjozMDAwMDAwMDAwMDAsImRlZmF1bHQiOjMwMDAwMDAwMDAwMCwiZGVsZXRlIjoxODAwMDAwMDAwMDAsInJlYWQiOjE4MDAwMDAwMDAwMCwidXBkYXRlIjoxODAwMDAwMDAwMDB9fQ=="
        }
      ]
    }
  ]
}
