{
  "version": 4,
  "terraform_version": "1.1.9",
  "serial": 244,
  "lineage": "e2912de8-415d-4c35-8ee5-757008306227",
  "outputs": {
    "counters0_summary": {
      "value": "\nhostname: counters0\nfqdn: counters0.internal.staging.swh.network\nnetwork: ip=192.168.130.95/24,gw=192.168.130.1\n",
      "type": "string"
    },
    "deposit_summary": {
      "value": "\nhostname: deposit\nfqdn: deposit.internal.staging.swh.network\nnetwork: ip=192.168.130.31/24,gw=192.168.130.1\n",
      "type": "string"
    },
    "elastic-worker0_summary": {
      "value": "\nhostname: elastic-worker0\nfqdn: elastic-worker0.internal.staging.swh.network\nnetwork: ip=192.168.130.130/24,gw=192.168.130.1\n",
      "type": "string"
    },
    "elastic-worker1_summary": {
      "value": "\nhostname: elastic-worker1\nfqdn: elastic-worker1.internal.staging.swh.network\nnetwork: ip=192.168.130.131/24,gw=192.168.130.1\n",
      "type": "string"
    },
    "elastic-worker2_summary": {
      "value": "\nhostname: elastic-worker2\nfqdn: elastic-worker2.internal.staging.swh.network\nnetwork: ip=192.168.130.132/24,gw=192.168.130.1\n",
      "type": "string"
    },
    "elastic-worker3_summary": {
      "value": "\nhostname: elastic-worker3\nfqdn: elastic-worker3.internal.staging.swh.network\nnetwork: ip=192.168.130.133/24,gw=192.168.130.1\n",
      "type": "string"
    },
    "maven-exporter0_summary": {
      "value": "\nhostname: maven-exporter0\nfqdn: maven-exporter0.internal.staging.swh.network\nnetwork: ip=192.168.130.70/24,gw=192.168.130.1\n",
      "type": "string"
    },
    "mirror-tests_summary": {
      "value": "\nhostname: mirror-test\nfqdn: mirror-test.internal.staging.swh.network\nnetwork: ip=192.168.130.160/24,gw=192.168.130.1\n",
      "type": "string"
    },
    "objstorage0_summary": {
      "value": "\nhostname: objstorage0\nfqdn: objstorage0.internal.staging.swh.network\nnetwork: ip=192.168.130.110/24,gw=192.168.130.1\n",
      "type": "string"
    },
    "rancher2_cluster_command": {
      "value": "sudo docker run -d --privileged --restart=unless-stopped --net=host -v /etc/kubernetes:/etc/kubernetes -v /var/run:/var/run  rancher/rancher-agent:v2.6.4 --server https://rancher.euwest.azure.internal.softwareheritage.org --token zbtc5cl2l6qfp6jrwmw6jqztmtq6kbdv5m8jk2w7qktq8gb9knb6zq --ca-checksum 8850dd89eb7f29a70c0d50a2b389bf1950808a9dff4062c66ab806b80b988bac",
      "type": "string",
      "sensitive": true
    },
    "rancher2_cluster_summary": {
      "value": "apiVersion: v1\nkind: Config\nclusters:\n- name: \"staging-workers\"\n  cluster:\n    server: \"https://rancher.euwest.azure.internal.softwareheritage.org/k8s/clusters/c-t85mz\"\n    certificate-authority-data: \"LS0tLS1CRUdJTiBDRVJUSUZJQ0FURS0tLS0tCk1JSUJwekNDQ\\\n      VUyZ0F3SUJBZ0lCQURBS0JnZ3Foa2pPUFFRREFqQTdNUnd3R2dZRFZRUUtFeE5rZVc1aGJXbGoKY\\\n      kdsemRHVnVaWEl0YjNKbk1Sc3dHUVlEVlFRREV4SmtlVzVoYldsamJHbHpkR1Z1WlhJdFkyRXdIa\\\n      GNOTWpJdwpOREV5TWpJek56RTBXaGNOTXpJd05EQTVNakl6TnpFMFdqQTdNUnd3R2dZRFZRUUtFe\\\n      E5rZVc1aGJXbGpiR2x6CmRHVnVaWEl0YjNKbk1Sc3dHUVlEVlFRREV4SmtlVzVoYldsamJHbHpkR\\\n      1Z1WlhJdFkyRXdXVEFUQmdjcWhrak8KUFFJQkJnZ3Foa2pPUFFNQkJ3TkNBQVMvTnRpTWV4NDY0K\\\n      0R3RytuQ2svQXdJM2VDSjNGOHdQNitUZytNTjFnaQo3OWJWeEIwd1RTYjZmL3ZXK3NRdEIzdEUrS\\\n      k5iaU1mU2xuQUtaVlBjQjA0T28wSXdRREFPQmdOVkhROEJBZjhFCkJBTUNBcVF3RHdZRFZSMFRBU\\\n      UgvQkFVd0F3RUIvekFkQmdOVkhRNEVGZ1FVeVUyT1lacnBkbCtWYkIzSkpUcHUKMktiVnF0NHdDZ\\\n      1lJS29aSXpqMEVBd0lEU0FBd1JRSWdRY25JcnJCSzdUbFBBdlRKb3EwNmp5QVplcURzTWI1LwpKZ\\\n      Th4QVFnTnV5d0NJUURaWDA2NDJ4NXh2N1lFdmZ4eWJ0SnlRWVY3aTlJZ1llNzlKVG9SaVBQTkZBP\\\n      T0KLS0tLS1FTkQgQ0VSVElGSUNBVEUtLS0tLQ==\"\n\nusers:\n- name: \"staging-workers\"\n  user:\n    token: \"kubeconfig-u-rzh79wx4t5:x4g54qj6nmcxqn5mc28mjw5dwxg4tp94x2km9cjp9lf6lf6p2l6x9t\"\n\n\ncontexts:\n- name: \"staging-workers\"\n  context:\n    user: \"staging-workers\"\n    cluster: \"staging-workers\"\n\ncurrent-context: \"staging-workers\"\n",
      "type": "string",
      "sensitive": true
    },
    "rp0_summary": {
      "value": "\nhostname: rp0\nfqdn: rp0.internal.staging.swh.network\nnetwork: ip=192.168.130.20/24,gw=192.168.130.1\n",
      "type": "string"
    },
    "scheduler0_summary": {
      "value": "\nhostname: scheduler0\nfqdn: scheduler0.internal.staging.swh.network\nnetwork: ip=192.168.130.50/24,gw=192.168.130.1\n",
      "type": "string"
    },
    "scrubber0_summary": {
      "value": "\nhostname: scrubber0\nfqdn: scrubber0.internal.staging.swh.network\nnetwork: ip=192.168.130.120/24,gw=192.168.130.1\n",
      "type": "string"
    },
    "search-esnode0_summary": {
      "value": "\nhostname: search-esnode0\nfqdn: search-esnode0.internal.staging.swh.network\nnetwork: ip=192.168.130.80/24,gw=192.168.130.1\n",
      "type": "string"
    },
    "search0_summary": {
      "value": "\nhostname: search0\nfqdn: search0.internal.staging.swh.network\nnetwork: ip=192.168.130.90/24,gw=192.168.130.1\n",
      "type": "string"
    },
    "vault_summary": {
      "value": "\nhostname: vault\nfqdn: vault.internal.staging.swh.network\nnetwork: ip=192.168.130.60/24,gw=192.168.130.1\n",
      "type": "string"
    },
    "webapp_summary": {
      "value": "\nhostname: webapp\nfqdn: webapp.internal.staging.swh.network\nnetwork: ip=192.168.130.30/24,gw=192.168.130.1\n",
      "type": "string"
    },
    "worker0_summary": {
      "value": "\nhostname: worker0\nfqdn: worker0.internal.staging.swh.network\nnetwork: ip=192.168.130.100/24,gw=192.168.130.1\n",
      "type": "string"
    },
    "worker1_summary": {
      "value": "\nhostname: worker1\nfqdn: worker1.internal.staging.swh.network\nnetwork: ip=192.168.130.101/24,gw=192.168.130.1\n",
      "type": "string"
    },
    "worker2_summary": {
      "value": "\nhostname: worker2\nfqdn: worker2.internal.staging.swh.network\nnetwork: ip=192.168.130.102/24,gw=192.168.130.1\n",
      "type": "string"
    },
    "worker3_summary": {
      "value": "\nhostname: worker3\nfqdn: worker3.internal.staging.swh.network\nnetwork: ip=192.168.130.103/24,gw=192.168.130.1\n",
      "type": "string"
    }
  },
  "resources": [
    {
      "mode": "managed",
      "type": "rancher2_app_v2",
      "name": "keda",
      "provider": "provider[\"registry.terraform.io/rancher/rancher2\"]",
      "instances": [
        {
          "schema_version": 0,
          "attributes": {
            "annotations": {
              "objectset.rio.cattle.io/applied": "H4sIAAAAAAAA/8xY6W/bOhL/Vwx+lmT5yiGgQPOSt/u6PbZIgn5422IxosYSa4rUkpTTNND/vhhSPuOk7m5bvG8WOffxm6EfWI0OCnDAsgcGSmkHTmhl6VPnn5E7iy4xQiccnJOYCD0UBctYhbKOoWlY9CSdvlNo4nK5YBkbLkfR4LVQxYsb5AbdN9kU1MgyZquENCUGJYLFZDlKFlhAshwdJcE2wEkM8XBtkHUR4wa9j7eiRuugblimWikjJiFH+aznFdiKZSydjCancHZ6Mj89H01mRX42Ph2Px+kMziajkzmfpTDCaT4lbb0fZAALX49sipg3+BrnaFBxtCz71wODRnxAY4VWLGPe3VxqvvgnkV6hROdv5iAtRoxr5YyWEg3LnGkxYguhKE3raB8Tz9Zndnp6xvP0fBpPJjMeT3HO43x0fhpPT/B8Usxmo3w8Y92nLmK2QU7h4hUYRz92imnH/jGLGDTN5mScnCSks0DLjWiCN+z3JSoX52CxGEDrtOUg0Qzm2gzutFlIDYUdaDV43eZoFDq0LGKV9q5VzjU2Gw5L4ao2T7iuh6sQD/vwC+61rCgN3CWBurVoKIao3GPGYQ1CDUUNJdqVJDpyIBSakC2sQUiWMahqlPZlLbjRVs+9tE30L6oai8Hv8gbusWBdtOH7rE2J/3atMVDol5V2dJ5493refxDF4DZQ7PAu0CwqvcTE6fpl6Rl3tN7qevC6p9lh/Gp0m4MULw0WFezZ+md+r3AxuA4kC9Z92i9mq1sTqvXbsf8UseVO7sfUHEuQLfqOg6IQVAMg36y6sIsYzOdCCXcfvrgpPK1Q1oGUodK7iKFarloYvzgDF6b0dF6x56zRGcHtRQGNoxZ56LqIlabht29uLtE427dJxqicwFbiUpvmA7TS3b656Y+da0iqEzXq1rFskqZpFzFfF1vqmMFGW+G0uWcZKytuCDn2K9FBGWzesq4RN2iW3r4jhMQ9WwyNsIFvV2zTSvleS8FJxIW8g3vLVva+b6UMPts1+umyFKrs29gIvjFG4hIly8hb3aABp/3xXJsaKGhcK6slAVlPyYSaa9ZtfNvIKpRdG3UpW+vQ/E0YSxDVWvxDW/cOHfV6j20EobrAG5TIg949K7ZqMl6fRxRAKThc6lY5lo0oHrq42B1w3yiQRhdXwprWg9NvbVFShTyEi1cFKhcqkwF3YolXwngL/ZFYXzPWi1rX9RFqb5C3Rrj7S4KkLyutRmh/KMHad8FrRse6Rldhaw+lDhXkEov1oGjA0QQb9pqZV/dWK9FH83Af7ksRyqFZglzVztZYCweWG2jwdtUqq4rUNCbO0/E4/O6dWNmyl9i/oOln6Vm6HfHrVj4LX5KwZY1Ne5bsae4o9yaHMFFpR8E1whlcY+2B7hS1cP6GNy3LRlRWdQCOUZqmbwXzEv7Tot0ioztC+21aIt1Lwg8WTkvDodomABMcHy+hfej/8ODrg99/3YLx/dinpD+1LJtOJ1vfK7ITf+zuG9zgzqv3bKP6gvMAFQcs2M5GdBhwuog5LekjsIWUL7Vsa9xu+jChPvjzt6TQ7oyuDyuGZ0bD90joInYHjlfvtvZOn2NaAtfL2CQKgE3wvLOOvQqTdsB13Uh0hPBzAusrbKSmFSZj43Q8jtNpPD69Hc2y9CRLZ3/SIIBjqAxC4YP5sU3TCW8GIEWpXnxkHKlNP4ZzDLeiLgfW8Bcfj9rfaD9x4AgVWbEy5Nh9fKvfDm7i6+V6p3SeKI0ntNAitiMZGoFfHCr6tMnizNLI31Z32Vqn6+vetiv0uxHxrhXzUNjOiLJEA62raAzxUJRh0bfVT9HsF/Xis85/hZr+efZTNX1vDAm5E6LWRnz1xAf1hgRdh23pCST5SZJjColRINebI7Uf/giNvwlV0O7401x6XkFs763DOiaJcYESy1+jtmog3ry8H8X3fzXgCM3e0z59e/jS5tjH47H+A+D1lIZDr4tjcayxO/6EOVDjj4DI7xX9f/khDJbCOvNkpi7ev3oUxuUoRwejZFUNSW9Bz+/f0Zt3byl1TsvoAwv/Mvlf/XpCGnjszmb1VxatTvud2Tqg11pMLyU0tAyHnF/hnF6t18Hw8P547q7bepfTI2k1Mx+Yzn28ir+j6tcalqURs21dg3/kdF333wAAAP//AG749j8UAAA",
              "objectset.rio.cattle.io/id": "helm-app",
              "objectset.rio.cattle.io/owner-gvk": "/v1, Kind=Secret",
              "objectset.rio.cattle.io/owner-name": "sh.helm.release.v1.keda.v1",
              "objectset.rio.cattle.io/owner-namespace": "kedacore"
            },
            "chart_name": "keda",
            "chart_version": "2.6.2",
            "cleanup_on_fail": false,
            "cluster_id": "c-t85mz",
            "cluster_name": "staging-workers",
            "disable_hooks": false,
            "disable_open_api_validation": false,
            "force_upgrade": false,
            "id": "c-t85mz.kedacore/keda",
            "labels": {
              "objectset.rio.cattle.io/hash": "03137a876f79135db82722205a8316fc50a1e4b4"
            },
            "name": "keda",
            "namespace": "kedacore",
            "project_id": null,
            "repo_name": "keda",
            "system_default_registry": "",
            "timeouts": null,
            "values": "global:\n  cattle:\n    clusterId: c-t85mz\n    clusterName: staging-workers\n    systemDefaultRegistry: \"\"\n  systemDefaultRegistry: \"\"\n",
            "wait": true
          },
          "sensitive_attributes": [],
          "private": "eyJlMmJmYjczMC1lY2FhLTExZTYtOGY4OC0zNDM2M2JjN2M0YzAiOnsiY3JlYXRlIjo2MDAwMDAwMDAwMDAsImRlbGV0ZSI6NjAwMDAwMDAwMDAwLCJ1cGRhdGUiOjYwMDAwMDAwMDAwMH19",
          "dependencies": [
            "rancher2_cluster.staging-workers"
          ]
        }
      ]
    },
    {
      "mode": "managed",
      "type": "rancher2_app_v2",
      "name": "rancher-monitoring",
      "provider": "provider[\"registry.terraform.io/rancher/rancher2\"]",
      "instances": [
        {
          "schema_version": 0,
          "attributes": {
            "annotations": {
              "objectset.rio.cattle.io/applied": "H4sIAAAAAAAA/+x9C3MaudbgX6G031bNvZfGgO04Zmtqr8d2JtkbZ1wmyd3aJJ9LdItGg1rqSGpsxua/b+nR3eoHGBwgJJeaqomR1Hqet47OeQARkjCAEoLeA4CUMgklZlSon2zwJ/KlQLLFMWv5UEqCWpgd4AD0wAiRyINxDJpz27E7irgXTsagBw4mnWbjX5gGv/aRz5F88jMKIwR6QIxaaqQWRwRBgVqTTotD6o8Q9yJGsWQc07A16SzVn4ihrzo1dU4HnpgKiSIwawKfI70D73GEhIRRDHo0IaQJCBwgsnBfRlCMQA/AYdAOToMTf+i/QC+CEzg49k/aR0fDQXfgn5x00PFxp33qd9RodpXVJQFT9+SMm0Av7wYNEUfURwL0Pj0AGOOPiAvMKOgBvTkDwvzxH6rpBSJI6pohJAI1gc+o5IwQxEFP8gQ1wRhTdcTZSa1+FomGkQ46POx02h0PnQQd72g48L3ByemJd9iBLzr+IUIvBl0w+zJrAhEjX22tP4Jcqj8WgCXkEg+hL0fJQO06wXQsQA94DTXNXuNcddHos4T76DNtNBJOeo2RlLHoHRyEWH/ms+gg5ixCcoQS4fksihIKmuWuWYw4lIyDHlAbA5rqHCBhoXPoMJHMw1RISEjtSXo+D36NoPRHtd/7SI2JUZB/XNsuwCImcJrixZULKdXW42SAvEkGAp+TdvsQ/dppdV602l679pMlwa36YczZBAdIeOFE7ZQDCj7jiAm12618tw80gFS7SXeuMutGt6Vn3dC//V/Vz9PTOauwsOktQqy6r74mSEjh+XECeuDouN2uX2vWMEIR41PVtt1uX+HaxnIa680kiZCIe5IxUtsuwQoCY0YRlYUNrG8dC8kRjJyN6py22q1DRU+KiN9VIB3HeUm7ddxuqY0LkPA5jg0dAOcK+30pGgJNEIekwRGBEgWN14hEDY2Totn4ncMhpLARQDEaMMgD0WxAGjSuFcCOmN7vxXiW4pMBz7wCNAH29UzS7zm8a5k+EoG4olCIylJ3zp+2bUudwxhN7xgPFCEEGQI3QWG06vjOpn8x9R8XYE8EMZUQU8QNvbXQNhEEs4RiiCZg1syKB1hEkPtjXYYiiBWhCDGkPBlg9s9Qlai15ZQ2qyx9ohcZjiGXIzwWtV+mlYUvhc+k/Cd/MZgWW+tyjsPBtNA8wpwJAietEQz+GmE0qRvp/0ocTnlxhpBPMA1aeIpoCPk/RSJQ8aMz3aDwzZ8YfsUtkrCa5v8H+mPFTTiphy39LUkYmH1ZzEuFZgcaJpZhBVhOD7SAY2BfwffzAPtLE1gqAOOYYF9zMdAEDu62261Oq/2PJM6xeAJJggyvCwKsPoHkOuv0JiFIXMEY9B4UxhPEZQQpDBX/fij87luu6vSCNMgaiQYOh1gttdrROaNDHL5LOUIfKfKg+GB9w2K9pXdnwUSxNoHOgoAjIVx5Y4jDKxhnE1H4nWKTKUH3EnEKyQd18qZoyLiPLikcEHRuRrhiAcp6xREMkVosRzET6uSnOTAcRJhzxlHgnI1X2LkmECMIegA0gYShwuV2q9ttddVxqE06r0yRYCERfct8SLJJEBa+YjyCiowTFg4jJT0RFr5FE6RAGNMhU9DNgtKexjARSgSw/cQsOKMSn2UHpOZVKnzPYkZYOP0XUvUK8DhFEgktiTIhNTror65yWUoNxbh8Z1DlDg00ZcSMYzk9J1AIWwOaah8VwArQ66gfGQY9AIIjLPVfhl122oZdZjzxWLPEmfrMsMtC20LTjmmq2yoab5Gi21bSEmeJRNccDfG9UiHUIWmRNDsDgfxET10xiHstOA7F75wlMeh12+12E/CEntWUvGP0hjGZCry67INQGKQWowRSybgBqFkTSEYUfhsB1Iws7e73Y45gcM6okFwxhaxBItDlPRYS09DK0enhThhJInTFEqe1KbM/FY4VRN5axm7QSC05JGyggPBBHxOZoFuJI8QSBYXHkTkHH+FJiVupoTTh1NusO1L7dDuYKjL5Jxso6mWKMJWIT9QYqsO09A5iNcRhW4B8iLRjDUAISvfbTjc7VTMTIxanVMvO69+qMGChO/F8uuo4UBQr+UST8wMk/QMXlQ/Mxhz8vSWjmAD1AdJUI0hPG91LDtNDKasXsyZIcUWjfmhoV02zrFd7rgrpREVb1MgtRzngkPyUbe/XSn/TyLb0OBdMiSAGUdXvDEnA4qHNqnMkz4qKcygPGafdF2jmTFOT4AILnmhR8rckCM2eljuI4P0HCicQE1Vuxo4wPctLOrMUu2s2QdfxCfZRiZ0xnm95ZeMsI3pzbcZLecqb69pTIgwGv0ECqZ9/4pYZjfIG0hBl3ytCruYAeoft0/ahIa6gd9o+PVR8hIdIXrslRhQ4z+aVr+vM9xVBqAUAbZJAKfRaLHG+tbqg+naAIEf8PRsj+gqrbTXzdHBQE1/JsX+D9OoxDbPlxJzdTzXLNQyg0kD4I5SCjkBkmI1spiaJOE+pknNmK8L3apt+9JxNTymI2iON3FZOuA3QECZECkM7euDhwWsEaIgpanwGgkB/nJo8WorhfAYNbzb7TB8eGmmXjc/AbXEbJXrAmKQ7o1epTpVFEaNvHQhU6vKFsXGUKJYD/HaxnePyYjvHh7UgsZ6zV8dpN0fLn0U8VEXuSmrYV5xJk+K9njbogdbfQRm6XYzk2UAFGdcSceln2xMiqtTWzHz1UmR/JgN0FmO1K455yy20JAgTLWfVNLhUkmNtTZ+wwkC5iP57aUKFyncsQGdqRUo1mdviBvmMB6UmfX+EgoQUl9KXUKIrfa6F6RAk3Z9GOjwbCG1lqJTHsaiW3uRiX7mqnwpIlQpjKUqpFZJ3jI+zn1pkN387alKl5I/M8mYpC47sdxou6ICx8Yd5WmE+F0cJLJTie0wPJEfoQItHw4QQRVb/mCDOcWAJXC5WGeOL+suYwS4sIqAQC8mteH6HacDuRJX7aTlCaSfXCSH9ogCrJuVLPUicEHLNCPZVf2+G75hi6vqwmvU6TfptprF0Wt220Vj4ABpzagG3YhGflREzFvFlkdYkAvEblmJeGHIUQones3TRpsq0dfufqXWGxkZUpA4XUMJ+CkeWVweREl8eACrJyFrRgULcMR4YzUY39dIyYCboVqnf2valfl2n7XoamjzHAqTrjZBvx6+owIlkwodEY13lGB09tV/RO7TYaO1i18YgykWpvPL73NGEU8Ez17Nyinvh9gB8giBN4j/oB5rZnS3rrLHhOqMXlJJ3edN0eZXRSpBRqX+PI/QXo2q0RPrarBgTNo0QlX3JoUSh2tiUA98gCy5qKHZHFZ8vrgzRSSoSTF5xFrlA4Wqgs9oe3qQWgJUxKbMO+AknGlWF/rNqFThpnZy02iCTWvqG3b41dxCWM5W0jQWLKhTlxg86uUE00GBm5GHz9UdIEqTa2xKlxhgQimBc1CfTOgOuH1Pt8tMDQFEspxfY2h1SVTDE9N7TNtxZ8yG30Gj5QaLIfDrWSKfbtlQTbTZV1PLo8KVRNYrVjlHO0gXPDKRlDc8qsLP6Rvrr4jLcW560re7qM200IA9FT/3hNfT35k8vNP8GEEWMNthw+L8+0wawPV/avajZu8v7mAlU0C90+ZtaW5CucgUgR8Ws6fxjjQVAm7cuNP64SGERu1DrEAlbXceqUu1HkULfky+Po79AphNZDVBIGGIaeopFq+U09wxuEYNbsD0572thio2eA8lUapnsAfgj5I9vh4zfJnFgTBdWmIGJ1BaQAAs1y1vCQkxVyygnzKpNC1JGpxFL6vQDxsNbzrRi/RGjO8sP1VcDKLBfy8wKbCml7beKBtxmVbcWqQ9kFB/kH2R3dfYrTTlafwpGnX24pUaVLxnv7SapSq10a05ryIiiO0KtIjdcPFhjDDiYQH5A8CDt4MAYVkVWxcK0SkkQJAkxFXXfpVVa2pxggRnV7N4YkrJWbt0sNzQabYSwu1sUDVCQy+czA1cGphLJbqEQOKS3NSczMyabM4KhyCUi/O3cK6WJ+T5UuNdxq6P9DvRohsmYa4OyEm64Fnj9/v317es/+u/15aH+zznifjK4NgACVljTGbmDU7HqajzdmcfTOVcWd9hqt4xPhVE50vGsvfoyLFxC6LI3qXXPnmDMguvcOq5A9hnmcW21NMDzGgu1urdqLNDrtOsM1kXTVgmvjbL/sv2yU7Db25m56r9qU7EmvctNRasYMjWPunYthwtNm9Y0r/58byQ9a40sGzuxPB+xO3ph3TpKa10DAhA84JBPvUEipgN2X4WRTuuwY4CkLE6SwEg7qVXdSGflfSnrKupDPEEUCXHN2UBPfwgxSTh6P+JIjBgJzMGrI/vdEMR0z2CMD0YIEjkC6UkfmssHtVUYkgtE4LSPfEYVjX7RNmowS2RWdtieOUJ/UX2tXjJRpj1NUr0kRlzoOyxrVfV9JMQVC4xd/QbB4N8cS/SHqv9S3Y0hppDgv8ylQun+KZ74SjKTyNcXOl/Ukq7slU8NKxL4L6Tvgn7HIDPYxRNfM4KUlFszVa29uYK7DitQAqKWY5e7IExhyAihOeB0O62OB0mMKTLXVbUSiBFYjYylBAlrK3Nkv0ppdnyOuX0JOUbDMAxwAfZWgLLZKjd83dKtXfd5F3zLU8X8Gu/opFu8xcsL5l/iHZ10S1cGc2le1exYsC8ft3MqXKDBVmWqpcTtpU39iWRX5keNvFlnzS1jYdG66y5jvqXXQkZkTYaLLf12hcLnMEbvs3tFc+m3zB0ADpAPuRHlXImzf57aSdJPqxdxRrx8xUiQqiyphlw4vaFuUJVTQVqVY1OBieWEIhd5013UynbaOkqIxFZ10qegjc81lCxXxKoqUpwt18qQH/CHVBmwp2mVAO2iiRzlzy4vW494xVmkLy/6kie+TDgq2ICUamf2PdtjrSTgQOO6Bc4hNrJ2ivqgBwZM0wmBIPdH7xZakyr2qnkXV47niiU4dSpsZlxKqy7LZpQqwhbOL/2u9gCXWKIVU8w4Hyj+mujrIU2eV/UyGeM7HHIceOOXwksxoEYa6XSNw0+mPc+Te1zWXb0wK+1F2hhU110j+YhIxstZYmttsKn1VSIhX3EYIWPur6FUZuuqmzWAUuj/gSU2ooZVLOfQkZkQOkaFqfh0KLUM8gBRFPwrvT15AD7BiBr+VrQV+yyKIA2U7BMnYqTEDM80VuKOz+LpOeIyN0quKrmWBdbctFq3uTkrb1eZm9a9jXFIzclcDKvj9RGX2hSY/sirysI51RuP+mMcf0QcD/O7MjTNv0pEahG1TO6cowBRJczmWtZiHCpvpuOP1Wm1Pdusm1bPar2pNCPutNud48rFphXbineX1i+G0fTC68PNW+NdYpnkgQ+DCRaMq8OdID7QtUr4/DJran97LZ3oUtXEQbJPeoIiY7fVDr6UsbIEnZ8eABoOka+Q8h27vEd+IhWZc9zTtVXf+nzmTdPrwvq2X/R5aQc2pd9l5+P6Iqf3iFXxf29y3AGTo4WpawvvXSWtzlEHMz2ojnCZyi9VtF8OVc3n8zDV1C5AVCMxL8IAS58XiMOpkBDEzHjhfXoAI0YZT63yrkEFzBF9Pz1YR+H0o0/g9ta21abQ21vt0aul/beW67r12j+tfuCi0J3Tkx2aU6zUSLGdGX2ZOfz2HQvQ5b0a1UjH//FMN1PuqlzXVq3AdlPdZJt898XSfNei9o7yP7VGD6WgueeCu88FT09OX+yZYM4ES7TcEF57G/BO2zhrKJvrR2LbZgbRqi/iaafki6gkkaMNOyOOD0XfevXtGcYPrqUd7rW0b9PSDoVnXVz3LGr3WdReUdsraj+WoqaftQoJJfLSsSqsVjvPKo1uvvcsMSClZ2LjHvhQIoFDqqUMe5eYvm2LYKx/cEb/ZAP1p3HjE0g3ynmtAC5ENcGIcfwXoxKSmAWpU6+hYVaa0btnO9WXndw8MWmCKFEkgoZ3aDBibGxmkqQA7mCt/mFcTWJFubAp0ffnzuW6NE/7fAJxVFdhjjEIskvtgb7UtsXC8TQxhfaXapkH7hCOqf9rwiQUzlvJDB31n+oQhwmxvdlnjj6Bdk8mkOBg4QaYaUMpoT8ym//lKc9oPxGSRRX/yDOeS3x7LrUDXEoJGO/SBxvlG6/nu+VUqUdNUb5H3VbXXNEsOhHzhsg+iS0yUL3p2ePYChky450Rwu4IVgKVveI1xfnm6xZvKy0uEJ1WvzOwXel0nmtOTkPmuOrot95lOFjg+pKiXe70lovOH923xTW37KjkVuK+y3lIA2MUuyygcuV5qsO/0uef8xQ9V9Gcp+nl8+lrJ4Tsjq8WgxKBHP8bx1dmhdfsz/Z1OUx9XWquKcs+C6k/y4vj48OjoouLWzT/YlO3mpWcMOq8qxa4wdQ9es39X9pFwW8tz1frkXqOHKmf2wXRecborvJAF3ud/0fT+Y01lTOCWkV3wQgaxxrNhHKzQOcnMSJrZpcLa14ec2Svq++gFFTR1U/2uvoT9mRLpy+tW9x/PGn+Ee/vVqXORz8TddYOnXt6vPv0uHv4srMnx8uR4+tsO/b0+Mejx8+8IfsBiG2KSntqu+vUttPuHp3uye1y5NYJzrMnuT+/daL7M5FkkcHuniz/EGT5eE+WlyLLMc69xOqD6s31TvuTDdJL8Rxfvil6okNsdOTT7BqlgJAwi1fnvhl0XlgDHWrLfWi5SLI1fVmcLHRitqjWuF4NB5Ftd7qWxTELFIh2q16B3WXO1vKdBUL7mqNaOjuUuRcmg0osRmdD7dIDKiIovua+kJ12+/iovOy2cYYcTwPTYd70uNr0eFa7RXakq3mLtPU1NWt0uUwG6LL25eszAKR7eHJaXL0qqV27D4uix0rSRu076YLwsYZwqOkjaRfVMgTL1PB1INXRaQWpjup37QmkWidQFCTftZCOTpV0dH4k0lGMybkE66nx+lpf0N7i032Qc6JccHh48iI5XdoTnhdzKwiquwZ3HQCMJJommqmhA2fWFS+Vn+zvuUQxbXCzbq+4DNBWPakBcoOdDpCYO3dTvYGZL4CX9QyQvznPlExTcF1yY0zLDyYdSOIR7DhebGtf+MxGynEAc3HWLafhgnRItPR0rQTejgyZ/bm5dxE1uD6rOPS40dMDOwUnLmtBd33FeMGZptyoX1jIki5G+wD83xCA3znLtYffr/cjI4TdoeAcxiZINnY8yUzVa7V8d5nlZBaOA1clIY0OhH3lJpOpgcWaRm5o1FJDizdze8vjkVhzQkWtd7AARUyiGwSDGgzRdTpGVg1maEScO4dCdWEt1Zw8mIaXZRlKb72iUATGMabhb4T541zwyVTIPBRPE0A+wJJDPn3VP9Oxvt6POEvCUf9q2dw8WfRVJ4vOygFYQRbm5pxFMfQLuQgN4J4FCjiv35SKXyEoE+7E06I6LGqgyaoNJ5V94FQpbHuLaChHCxrpcDGLWmWhYlKCDvK6Poxiguq/M/JSqW4CSaIh7k2B8KcpKkqu0nkqJNUIh5RxVEnOtHKQmuIh5qnQyomQuq3uS2NL3kIiJGa57usaL9JCXZafM6/fahKllHXOSZKVN3iq/B0mHwQSrxGJPtq8X9kC6qONzYlIqSXGedNRdQuKaiYhSyH5L13YLIw6r8E5QZA7LKyQwOzy3idJgIJXnEWXBlUKUg5Yf8i+rwnilrDqP9+y0FgBMjm1TOx5lcQ7RTVxmu19ypy9mldb3KhvSLx12J7vrHxyXGx7clybeasdAKekbyIz1ubi4gmZB26qan7JfIg34muRJtaqr9vKAlaQb+cstthomboFGzAy4NTJnuZYkWnWBHIEKZtnM18iI9nCvGPPiQxvQ7Zd5THg7UcOZ1kY8L3cTquPd5AowUDJ5a5kcIcGNZmgvm/Kp/Zp28k+pANZ6kkXWU45TO/u54H6ETI/tU87xb0vZX6a817BINGbdWiVxTxUnZKul+6AtV/qBq7qaSbSXxKW3zGKaq5mlUDwrjCNrinMh3UKitGjFy/FnXbsxtWN/QykX2cD1UWkztrOPQW7+JQdLncaa1rxt2d728guvXWmUNmop/F7cXTY5+J7EbkLCr0HAxhb01fJzyVX2XMXkgv7jhT0wNHhy7ZO8ukXy1+evNDF1XwFVLjabJ1J6YyHiXmS+lS2Dadi/wR1l/wcCk9Qax6zreE5ahV6a4pcH4dT8xzV6LkGbV8cHR26Cu1R5qFxg1Q7R4TtRN/4wvNJa5613blGA8eUVycVK/FWfzVXk3QMxnGW4sFlt3laD52uvWxJd7a0Nc983hITYICrDIVzgHPRO043X6B5b55djRtAcyiFZTfl0MBPSpdm/fro1yDC6SzDeZYszoiiwCYktHERue8nXMfM7R7/T1BjxVXFs2wuN4UOZlbcUNQM9MD/aFwnA4L9xvlZY4gJasgRlA2BQ4qChhyhxtn1m1QYabrBGdxvx2jaYMNqcwOgri+1+YrjCZRozmdzPH9cnaAQfK3GkzILElG2VdbnZyszkJJN1YlJ8Al4XhauoqX2y0Kssb0FXqRO2DPf//rfB78EaPIYc+Y/iql4TFPOBMwfI37Q+kdWYu9BD1r/+Nsv//V48DfQfGqgofDU8Ypf//sXmEg2FI8DTIeRvI2w8B8H8fDR18mYu//70ezHUDwGaJCYfyex1P/IKB6Kx2EiFCt4HCUhkmQwFI9YsNMXL9qP0dcEJeiRiqF4ZNqqPDXLUf8bisdYKaPokcf+bYxjNBSPqc6t/ySYJvfqr68JFCP1x1T1JDn00VD87b9AmsrrNRNyLjuuT62158q7xpWtpwUT8vrNhfvzhjH5ShTyGayXXZejMeZ7Z7Zu6UwoFeabAo+XR4speQELOESeZB6aYO16q9YHSozXve4tzvXbwyqUIiWs7ptUMqN1dAKHimj/fOibrZhD5HjpsApuVIVl7X5riKowRw5wDlLDhY1JkQGEERP/oGeEaClwCJ38ubkKmaazyWNWOgqkGxPFsWroZs+UPBRga65VdLTXKmR+/bdcqAab0cCh5NmRmBrHKDnXyX2x53pzeYf4L01gkur1n5CmKkJzveA0q09E/KCTxmr73r9NaCQrXf2W0MB1T5zrRlvVWm2uqIwwvoKYmFRa/qgq8Kw/YVYhtqcJymPDPnlqJSGiNfeBNoHCkirNvOxpBcl9XlaHVUz2XZvnoSJT1t+q2yAMb6iQkPr5RYYrTA5xeIMIgwHi5y5lKlZdFSia0jfotNrdYvPFhiIvObwzRZy6sppDbreOba4/K7P253ptznPhmxUDHT0sDzMlXTab8Hlh35d8IvXEHpiz9LjtdOFW5J/NB5sVeeAz8mgZLvgKIxLkewnqc6Nshh86HmROftzvfRnzsp0XvCc6O94KqvoKlyvfYlWtc8UtXqbklxTLwbdpbP+pBd/OiRGPTZObhCwie9ZoUPGsN2dnb7HMvhJxhan19wU9YP96/7bfOZyn3fMx6u6jOf0sT9SffjKZa0n7oE57C8YuvZ/s7t9PPvF+UtHqfUSnn5E8m/SVNcR5H9NpT473MZ12lhq/KaVtqafKWqd2firdEnMUXCQc09AiF6bhG3PFZIoNempB/tOD0cv65efql/epV56Zp7nng3FcIi/ua3kHgd9QE188Mfk2ctnJJtdwjQWfCpaEL7l340JHbbNTu8qSOnuW9NzknLvNbcoZkvYcZ9c5jk5QtWc5S7CcfQzBn4bcrjWGoKEf+3h/Px1d3Mf7W0wXtyR2WPK7jyn4o5Pg59jI96EF9xzgO0rGe2PMEpLx/hbzp6fQ1kIVE0jR/i5zT7B3lmDv7zKXINg//1WmQWPYinVkspxcHyDpH+Sk7UAIUqTg2XWZ93f78fKBNXN67vTijdHU9rTbJP7nugnNM+3ur0J/TGpuouLuiflTxHy5m9Cfgaj/Jwrehq7U0uX9neGeNO/vDHeaNu+vDH9korxPO7YntTtAavfXkMuQ2v314I9Obp9vfN5fEu7p8/6ScGfps9rQESJR9j7ysGmiXuvAqcLnOLYR7/RbTEIaCikI0mg3xFzIC01G1ZCg2+52vfaR1z153znqtU973aP/pwMaLtOKMqmWWpPuojGCojFAiDawmQMKWo3zEfLHDSxFQ0goE9EYTBs8oRRrSIZBZEJCpSJV+o5aSOiPP9PP1C5H6HhPn0rNGrrZl19GCi9M/6BnGQYKnNCwi3NzLM7J4ZzvpwcAY5y/UZ10QBOMsQJKkL19BdmottMgD+ysyF2hB2pe6WMatsYvNaUu9GlqLSXI+rUhyDwdtl/9f9nFbHX4RcuOdZcHk84ASeiMeF3JGbHgCL2QwyGkcFPdG1YioURehoqbGakmYODmRyqHP3oeBK1nWm4MjU2NkQkUG9/ajY0ApT/yBHz2YbnIXRRWl8KzLQ9bg39bnkFtIM/vNYP14Osz51FA0C2P7cSV+U57v/WR14voOh/QthD8PIvpv8SIabwcR1bY+hw2NWK6xJqcBdtb44Yo2GqHHEAJbVTc7Q3uUiyPTRTyobvVJdVnDOwkXN74YGmgSckkfIYcvvqA45fC8xlHAZ2DqusfLlPA0tVuf2BaUu62OTQLvsOoMQu2P6hSNgmD33HkbZ+0TWS7haGyAbzBdFunWxhzm4erReWUNHLBfS8RWzlQY37f8oBbIcSx+lZIRKVN8pQIGG5liTELtsfenpL51zuaVm6HCRHboQEpCm5oOxfn6dqw5JcaJfP5b1xaqBlSZzbb4njjl5uD05rhNkttagaM2TyNcDPjZXLA6oPyAfRbMJEjxvFf+v6nzqTu5r9eSj827blqv84hYxF7zzR5r3ehGx6xJjtPKvV5HOkQvRsezuiCuay56fFiEW8DUuYaJjcML/Ot+JsZZ+37ueLNwaZGWvu6XAtIEGG6qc5RgOWm+tYmog31neD1d7/IdPzt4/yGaZDflC/Npwb2s+1MYCP8ozLwNtlldfAapqKFZU916wWIoHBNJHGZsdfPP5cZdRRD503xlgZdD41cFpo2yFKXwaQ1ctZVhtvUJm+az6424DZX+Y0cYFnd5Nka/ZqmsZYr6efMxb1+MdeXRuD5vnPQctH3ncL8G7bNTyFTzRcdxrfr70uMP/8gtjL88645lx9+BalwC7CwDBfXUpIVVoozKuYX2uiWbMqBZmseDsuMt1mPre/h6LDi0Bvz0do92Kp3AliIUasOsQnHr2+6/VliSBjHokAgLiCKGO0/4YG1dhiqziN/RrVJkvHccddIOp47hTWSkOdO4ZshHsaYm6c2czlWIde2nYp1TG6ZVOctewL26+oo+URaigww0fJZVBykSpI2SLuyVJpPrf0qkVBiGtqUm+ZyKDHtF08zHeE5m3FdJisboz6rzOUmWUHBapls+DsxrxBRxCHZpSkpUNul6ShimvkhejZPLSZYTnd4moOEUw4l2uEpjrCQLOQw2uE5CsJ2cmI7t2UOv99FklKaonEtQz7jStfcuZmuR3Rb+7wIkru2VeZRvqdExJ2bVO6lsGszE5LxuQ6H33Ne9iZusdP/95/gQlfj7z693ZhWQfPeJbKxHpPA+qdkn4/vzox26dDqM+Pv1MQ2OJ9+MeTFxk0Aa53RM2yb692ROdzEeqxuePStynMrzqvKwrZ3KtuiwitM6VuttWudzBao3AqzWYctf1mz4kdIcPDNhsUveT7Th22EqXoiRpOzgb0H51c/Rj6wiWCRMBHi/DgBPdA9bitJLkKRibfUPW5fYWCCF03SXe3M8lA9D4ANNKELftcKuAlh1G4CkUQR5Drg3Gz2/wMAAP//EmYsc1YYAQA",
              "objectset.rio.cattle.io/id": "helm-app",
              "objectset.rio.cattle.io/owner-gvk": "/v1, Kind=Secret",
              "objectset.rio.cattle.io/owner-name": "sh.helm.release.v1.rancher-monitoring.v1",
              "objectset.rio.cattle.io/owner-namespace": "cattle-monitoring-system"
            },
            "chart_name": "rancher-monitoring",
            "chart_version": "100.1.0+up19.0.3",
            "cleanup_on_fail": false,
            "cluster_id": "c-t85mz",
            "cluster_name": "staging-workers",
            "disable_hooks": false,
            "disable_open_api_validation": false,
            "force_upgrade": false,
            "id": "c-t85mz.cattle-monitoring-system/rancher-monitoring",
            "labels": {
              "objectset.rio.cattle.io/hash": "afd0d9d7cfc6e6d7ab5c7044fb2bc771e55109c1"
            },
            "name": "rancher-monitoring",
            "namespace": "cattle-monitoring-system",
            "project_id": null,
            "repo_name": "rancher-charts",
            "system_default_registry": "",
            "timeouts": null,
            "values": "global:\n  cattle:\n    clusterId: c-t85mz\n    clusterName: staging-workers\n    systemDefaultRegistry: \"\"\n  systemDefaultRegistry: \"\"\nprometheus:\n  prometheusSpec:\n    requests:\n      cpu: 250m\n      memory: 250Mi\n",
            "wait": true
          },
          "sensitive_attributes": [],
          "private": "eyJlMmJmYjczMC1lY2FhLTExZTYtOGY4OC0zNDM2M2JjN2M0YzAiOnsiY3JlYXRlIjo2MDAwMDAwMDAwMDAsImRlbGV0ZSI6NjAwMDAwMDAwMDAwLCJ1cGRhdGUiOjYwMDAwMDAwMDAwMH19",
          "dependencies": [
            "rancher2_cluster.staging-workers"
          ]
        }
      ]
    },
    {
      "mode": "managed",
      "type": "rancher2_catalog_v2",
      "name": "keda",
      "provider": "provider[\"registry.terraform.io/rancher/rancher2\"]",
      "instances": [
        {
          "schema_version": 0,
          "attributes": {
            "annotations": {},
            "ca_bundle": "",
            "cluster_id": "c-t85mz",
            "enabled": true,
            "git_branch": "",
            "git_repo": "",
            "id": "c-t85mz.keda",
            "insecure": false,
            "labels": {},
            "name": "keda",
            "resource_version": "3763772",
            "secret_name": null,
            "secret_namespace": null,
            "service_account": "",
            "service_account_namespace": "",
            "timeouts": null,
            "url": "https://kedacore.github.io/charts/"
          },
          "sensitive_attributes": [],
          "private": "eyJlMmJmYjczMC1lY2FhLTExZTYtOGY4OC0zNDM2M2JjN2M0YzAiOnsiY3JlYXRlIjo2MDAwMDAwMDAwMDAsImRlbGV0ZSI6NjAwMDAwMDAwMDAwLCJ1cGRhdGUiOjYwMDAwMDAwMDAwMH19",
          "dependencies": [
            "rancher2_cluster.staging-workers"
          ]
        }
      ]
    },
    {
      "mode": "managed",
      "type": "rancher2_cluster",
      "name": "staging-workers",
      "provider": "provider[\"registry.terraform.io/rancher/rancher2\"]",
      "instances": [
        {
          "schema_version": 1,
          "attributes": {
            "agent_env_vars": [],
            "aks_config": [],
            "aks_config_v2": [],
            "annotations": {
              "authz.management.cattle.io/creator-role-bindings": "{\"created\":[\"cluster-owner\"],\"required\":[\"cluster-owner\"]}",
              "lifecycle.cattle.io/create.cluster-agent-controller-cleanup": "true",
              "lifecycle.cattle.io/create.cluster-provisioner-controller": "true",
              "lifecycle.cattle.io/create.cluster-scoped-gc": "true",
              "lifecycle.cattle.io/create.mgmt-cluster-rbac-remove": "true",
              "provisioner.cattle.io/encrypt-migrated": "true",
              "provisioner.cattle.io/ke-driver-update": "updated",
              "rke.cattle.io/restore": "false"
            },
            "ca_cert": "LS0tLS1CRUdJTiBDRVJUSUZJQ0FURS0tLS0tCk1JSUM0VENDQWNtZ0F3SUJBZ0lCQURBTkJna3Foa2lHOXcwQkFRc0ZBREFTTVJBd0RnWURWUVFERXdkcmRXSmwKTFdOaE1CNFhEVEl5TURReU1URTFNekUwTlZvWERUTXlNRFF4T0RFMU16RTBOVm93RWpFUU1BNEdBMVVFQXhNSAphM1ZpWlMxallUQ0NBU0l3RFFZSktvWklodmNOQVFFQkJRQURnZ0VQQURDQ0FRb0NnZ0VCQU1zQndXWHZpYllzCmRMS0tZaUxZTUpObzFGY0xNQzZzdzcxdVp6S3VydEpTaWhBS3RFaXZwVW9ZZk95alh1TXRuYVdoMkNtdVY0ZVAKYURTRFlXam9iM2JlMVZyN2I1eVZPWXhzUWZqeCtBUkxPbzRNWlp0UUZFdTY4dGhxdGp3aFl4MjRxczVYaUUvQQpNeFJKeWxZVUdsbzJVTXRSZWtKLzhRZWhoL0xkbks0bm8yaDBLWUl2eHVrcnREaVZreE55TGtOMEovWTlVS29MCnF5NzJWN3NlR3ArYjFpZHprVjhuM3VQYzFWb2poOUtIRFIrZDVYN2JheUM0OXVUU1hsaC9iOW9GN21mS3BSWDcKbGxEUjhDZlFoaVFNYTMzdlBkZzludGxXUzFhOWljOUM0MUNwREprQ1o2RTZtd1F6UTZzUGw0NDRMeVdISlgyWgpVUVhYV1B6b2xiOENBd0VBQWFOQ01FQXdEZ1lEVlIwUEFRSC9CQVFEQWdLa01BOEdBMVVkRXdFQi93UUZNQU1CCkFmOHdIUVlEVlIwT0JCWUVGUGFGMGJqdU9GWDhLK0E1dXdTNDQzRFFPTmU3TUEwR0NTcUdTSWIzRFFFQkN3VUEKQTRJQkFRQklreithbXpVVkZxQVd5YVR1bHVRNmduMzlGbXkwOHptQWtEdDRMTW1ndE1UVy9jRjArTlVQQnpmcQowS1BXRGJ4R01icHBMRThZM2FONTUxVUMrcUo4Z2E1RkxNSm1mVmlkc2lJVGtqS1lnZ21xRUJmZ0loUGtsKzJRClFIYlUrVGZIWGg5RmZDMWhONVJLTjVwYXkzei9MSGpTa2RTYXNBRDRMdWlCajY2QStPREtJeGxWUVlCWnFuVm8KYVV3RUVNTmRKUUFoRUdyZVZHdm5VVkt6RHBxcTZzVVFqSGtteFJaVXBQd3ArWFhBV0FnTEN1cHd6VVFKZHg4cgpEWk9sVWNEUlFSaFErRHZiVHR4MlUrR1VaR2lxTUpWQUx6SXlEWUZQWEphaUF1cXdManJyblMveVMvMUxDYVhKClo3RVBMNUszUDFHTEVZYjNkMG9KdXBSS0tSK0wKLS0tLS1FTkQgQ0VSVElGSUNBVEUtLS0tLQo=",
            "cluster_auth_endpoint": [
              {
                "ca_certs": "",
                "enabled": false,
                "fqdn": ""
              }
            ],
            "cluster_monitoring_input": [],
            "cluster_registration_token": [
              {
                "annotations": {},
                "cluster_id": "c-t85mz",
                "command": "kubectl apply -f https://rancher.euwest.azure.internal.softwareheritage.org/v3/import/zbtc5cl2l6qfp6jrwmw6jqztmtq6kbdv5m8jk2w7qktq8gb9knb6zq_c-t85mz.yaml",
                "id": "c-t85mz:default-token",
                "insecure_command": "curl --insecure -sfL https://rancher.euwest.azure.internal.softwareheritage.org/v3/import/zbtc5cl2l6qfp6jrwmw6jqztmtq6kbdv5m8jk2w7qktq8gb9knb6zq_c-t85mz.yaml | kubectl apply -f -",
                "insecure_node_command": "",
                "insecure_windows_node_command": "",
                "labels": {
                  "cattle.io/creator": "norman"
                },
                "manifest_url": "https://rancher.euwest.azure.internal.softwareheritage.org/v3/import/zbtc5cl2l6qfp6jrwmw6jqztmtq6kbdv5m8jk2w7qktq8gb9knb6zq_c-t85mz.yaml",
                "name": "default-token",
                "node_command": "sudo docker run -d --privileged --restart=unless-stopped --net=host -v /etc/kubernetes:/etc/kubernetes -v /var/run:/var/run  rancher/rancher-agent:v2.6.4 --server https://rancher.euwest.azure.internal.softwareheritage.org --token zbtc5cl2l6qfp6jrwmw6jqztmtq6kbdv5m8jk2w7qktq8gb9knb6zq --ca-checksum 8850dd89eb7f29a70c0d50a2b389bf1950808a9dff4062c66ab806b80b988bac",
                "token": "zbtc5cl2l6qfp6jrwmw6jqztmtq6kbdv5m8jk2w7qktq8gb9knb6zq",
                "windows_node_command": "PowerShell -NoLogo -NonInteractive -Command \"\u0026 {docker run -v c:\\:c:\\host rancher/rancher-agent:v2.6.4 bootstrap --server https://rancher.euwest.azure.internal.softwareheritage.org --token zbtc5cl2l6qfp6jrwmw6jqztmtq6kbdv5m8jk2w7qktq8gb9knb6zq --ca-checksum 8850dd89eb7f29a70c0d50a2b389bf1950808a9dff4062c66ab806b80b988bac | iex}\""
              }
            ],
            "cluster_template_answers": [],
            "cluster_template_id": null,
            "cluster_template_questions": [],
            "cluster_template_revision_id": null,
            "default_pod_security_policy_template_id": null,
            "default_project_id": "c-t85mz:p-x7ls4",
            "description": "staging workers cluster",
            "desired_agent_image": null,
            "desired_auth_image": null,
            "docker_root_dir": "/var/lib/docker",
            "driver": "rancherKubernetesEngine",
            "eks_config": [],
            "eks_config_v2": [],
            "enable_cluster_alerting": false,
            "enable_cluster_istio": null,
            "enable_cluster_monitoring": false,
            "enable_network_policy": false,
            "fleet_workspace_name": "fleet-default",
            "gke_config": [],
            "gke_config_v2": [],
            "id": "c-t85mz",
            "istio_enabled": false,
            "k3s_config": [],
            "kube_config": "apiVersion: v1\nkind: Config\nclusters:\n- name: \"staging-workers\"\n  cluster:\n    server: \"https://rancher.euwest.azure.internal.softwareheritage.org/k8s/clusters/c-t85mz\"\n    certificate-authority-data: \"LS0tLS1CRUdJTiBDRVJUSUZJQ0FURS0tLS0tCk1JSUJwekNDQ\\\n      VUyZ0F3SUJBZ0lCQURBS0JnZ3Foa2pPUFFRREFqQTdNUnd3R2dZRFZRUUtFeE5rZVc1aGJXbGoKY\\\n      kdsemRHVnVaWEl0YjNKbk1Sc3dHUVlEVlFRREV4SmtlVzVoYldsamJHbHpkR1Z1WlhJdFkyRXdIa\\\n      GNOTWpJdwpOREV5TWpJek56RTBXaGNOTXpJd05EQTVNakl6TnpFMFdqQTdNUnd3R2dZRFZRUUtFe\\\n      E5rZVc1aGJXbGpiR2x6CmRHVnVaWEl0YjNKbk1Sc3dHUVlEVlFRREV4SmtlVzVoYldsamJHbHpkR\\\n      1Z1WlhJdFkyRXdXVEFUQmdjcWhrak8KUFFJQkJnZ3Foa2pPUFFNQkJ3TkNBQVMvTnRpTWV4NDY0K\\\n      0R3RytuQ2svQXdJM2VDSjNGOHdQNitUZytNTjFnaQo3OWJWeEIwd1RTYjZmL3ZXK3NRdEIzdEUrS\\\n      k5iaU1mU2xuQUtaVlBjQjA0T28wSXdRREFPQmdOVkhROEJBZjhFCkJBTUNBcVF3RHdZRFZSMFRBU\\\n      UgvQkFVd0F3RUIvekFkQmdOVkhRNEVGZ1FVeVUyT1lacnBkbCtWYkIzSkpUcHUKMktiVnF0NHdDZ\\\n      1lJS29aSXpqMEVBd0lEU0FBd1JRSWdRY25JcnJCSzdUbFBBdlRKb3EwNmp5QVplcURzTWI1LwpKZ\\\n      Th4QVFnTnV5d0NJUURaWDA2NDJ4NXh2N1lFdmZ4eWJ0SnlRWVY3aTlJZ1llNzlKVG9SaVBQTkZBP\\\n      T0KLS0tLS1FTkQgQ0VSVElGSUNBVEUtLS0tLQ==\"\n\nusers:\n- name: \"staging-workers\"\n  user:\n    token: \"kubeconfig-u-rzh79wx4t5:x4g54qj6nmcxqn5mc28mjw5dwxg4tp94x2km9cjp9lf6lf6p2l6x9t\"\n\n\ncontexts:\n- name: \"staging-workers\"\n  context:\n    user: \"staging-workers\"\n    cluster: \"staging-workers\"\n\ncurrent-context: \"staging-workers\"\n",
            "labels": {
              "cattle.io/creator": "norman",
              "provider.cattle.io": "rke"
            },
            "name": "staging-workers",
            "oke_config": [],
            "rke2_config": [],
            "rke_config": [
              {
                "addon_job_timeout": 45,
                "addons": "",
                "addons_include": [],
                "authentication": [
                  {
                    "sans": [],
                    "strategy": "x509"
                  }
                ],
                "authorization": [
                  {
                    "mode": null,
                    "options": null
                  }
                ],
                "bastion_host": [
                  {
                    "address": "",
                    "port": "",
                    "ssh_agent_auth": false,
                    "ssh_key": "",
                    "ssh_key_path": "",
                    "user": ""
                  }
                ],
                "cloud_provider": [
                  {
                    "aws_cloud_provider": [],
                    "azure_cloud_provider": [],
                    "custom_cloud_provider": "",
                    "name": "",
                    "openstack_cloud_provider": [],
                    "vsphere_cloud_provider": []
                  }
                ],
                "dns": [],
                "enable_cri_dockerd": false,
                "ignore_docker_version": true,
                "ingress": [
                  {
                    "default_backend": true,
                    "dns_policy": "",
                    "extra_args": {},
                    "http_port": 0,
                    "https_port": 0,
                    "network_mode": "",
                    "node_selector": {},
                    "options": {},
                    "provider": "nginx",
                    "tolerations": [],
                    "update_strategy": []
                  }
                ],
                "kubernetes_version": "v1.22.7-rancher1-2",
                "monitoring": [
                  {
                    "node_selector": {},
                    "options": {},
                    "provider": "metrics-server",
                    "replicas": 1,
                    "tolerations": [],
                    "update_strategy": []
                  }
                ],
                "network": [
                  {
                    "calico_network_provider": [],
                    "canal_network_provider": [],
                    "flannel_network_provider": [],
                    "mtu": 0,
                    "options": {},
                    "plugin": "canal",
                    "tolerations": [],
                    "weave_network_provider": []
                  }
                ],
                "nodes": [],
                "prefix_path": "",
                "private_registries": [],
                "services": [
                  {
                    "etcd": [
                      {
                        "backup_config": [
                          {
                            "enabled": true,
                            "interval_hours": 12,
                            "retention": 6,
                            "s3_backup_config": [],
                            "safe_timestamp": false,
                            "timeout": 300
                          }
                        ],
                        "ca_cert": "",
                        "cert": "",
                        "creation": "12h",
                        "external_urls": [],
                        "extra_args": {
                          "election-timeout": "5000",
                          "heartbeat-interval": "500"
                        },
                        "extra_binds": [],
                        "extra_env": [],
                        "gid": 0,
                        "image": "",
                        "key": "",
                        "path": "",
                        "retention": "72h",
                        "snapshot": false,
                        "uid": 0
                      }
                    ],
                    "kube_api": [
                      {
                        "admission_configuration": {},
                        "always_pull_images": false,
                        "audit_log": [],
                        "event_rate_limit": [],
                        "extra_args": {},
                        "extra_binds": [],
                        "extra_env": [],
                        "image": "",
                        "pod_security_policy": false,
                        "secrets_encryption_config": [],
                        "service_cluster_ip_range": "",
                        "service_node_port_range": "30000-32767"
                      }
                    ],
                    "kube_controller": [
                      {
                        "cluster_cidr": null,
                        "extra_args": null,
                        "extra_binds": null,
                        "extra_env": null,
                        "image": null,
                        "service_cluster_ip_range": null
                      }
                    ],
                    "kubelet": [
                      {
                        "cluster_dns_server": "",
                        "cluster_domain": "",
                        "extra_args": {},
                        "extra_binds": [],
                        "extra_env": [],
                        "fail_swap_on": false,
                        "generate_serving_certificate": false,
                        "image": "",
                        "infra_container_image": ""
                      }
                    ],
                    "kubeproxy": [
                      {
                        "extra_args": null,
                        "extra_binds": null,
                        "extra_env": null,
                        "image": null
                      }
                    ],
                    "scheduler": [
                      {
                        "extra_args": null,
                        "extra_binds": null,
                        "extra_env": null,
                        "image": null
                      }
                    ]
                  }
                ],
                "ssh_agent_auth": false,
                "ssh_cert_path": "",
                "ssh_key_path": "",
                "upgrade_strategy": [
                  {
                    "drain": false,
                    "drain_input": [
                      {
                        "delete_local_data": false,
                        "force": false,
                        "grace_period": -1,
                        "ignore_daemon_sets": true,
                        "timeout": 120
                      }
                    ],
                    "max_unavailable_controlplane": "1",
                    "max_unavailable_worker": "10%"
                  }
                ],
                "win_prefix_path": ""
              }
            ],
            "scheduled_cluster_scan": [],
            "system_project_id": "c-t85mz:p-spm4t",
            "timeouts": null,
            "windows_prefered_cluster": false
          },
          "sensitive_attributes": [],
          "private": "eyJlMmJmYjczMC1lY2FhLTExZTYtOGY4OC0zNDM2M2JjN2M0YzAiOnsiY3JlYXRlIjoxODAwMDAwMDAwMDAwLCJkZWxldGUiOjE4MDAwMDAwMDAwMDAsInVwZGF0ZSI6MTgwMDAwMDAwMDAwMH0sInNjaGVtYV92ZXJzaW9uIjoiMSJ9"
        }
      ]
    },
    {
      "module": "module.counters0",
      "mode": "managed",
      "type": "proxmox_vm_qemu",
      "name": "node",
      "provider": "module.counters0.provider[\"registry.terraform.io/telmate/proxmox\"]",
      "instances": [
        {
          "schema_version": 0,
          "attributes": {
            "additional_wait": 0,
            "agent": 0,
            "args": "",
            "balloon": 2048,
            "bios": "seabios",
            "boot": "c",
            "bootdisk": "",
            "bridge": "",
            "ci_wait": null,
            "cicustom": "",
            "cipassword": "",
            "ciuser": "root",
            "clone": "debian-buster-2020-11-06",
            "clone_wait": 0,
            "cloudinit_cdrom_storage": null,
            "cores": 4,
            "cpu": "kvm64",
            "default_ipv4_address": null,
            "define_connection_info": true,
            "desc": "Counters server",
            "disk": [
              {
                "backup": 0,
                "cache": "none",
                "discard": "",
                "file": "vm-138-disk-0",
                "format": "",
                "iothread": 0,
                "mbps": 0,
                "mbps_rd": 0,
                "mbps_rd_max": 0,
                "mbps_wr": 0,
                "mbps_wr_max": 0,
                "media": "disk",
                "replicate": 0,
                "size": "32G",
                "slot": 0,
                "ssd": 0,
                "storage": "proxmox",
                "storage_type": "rbd",
                "type": "virtio",
                "volume": "proxmox:vm-138-disk-0"
              }
            ],
            "disk_gb": 0,
            "force_create": false,
            "force_recreate_on_change_of": null,
            "full_clone": false,
            "guest_agent_ready_timeout": 100,
            "hagroup": "",
            "hastate": "",
            "hotplug": "network,disk,usb",
            "id": "pompidou/qemu/138",
            "ipconfig0": "ip=192.168.130.95/24,gw=192.168.130.1",
            "ipconfig1": "",
            "ipconfig2": "",
            "ipconfig3": "",
            "ipconfig4": "",
            "ipconfig5": "",
            "iso": null,
            "kvm": true,
            "mac": "",
            "memory": 6096,
            "name": "counters0",
            "nameserver": "192.168.100.29",
            "network": [
              {
                "bridge": "vmbr443",
                "firewall": false,
                "link_down": false,
                "macaddr": "E2:6E:12:C7:3E:A4",
                "model": "virtio",
                "queues": 0,
                "rate": 0,
                "tag": -1
              }
            ],
            "nic": "",
            "numa": false,
            "onboot": true,
            "oncreate": true,
            "os_network_config": null,
            "os_type": "cloud-init",
            "pool": "",
            "preprovision": true,
            "qemu_os": "other",
            "reboot_required": false,
            "scsihw": "virtio-scsi-pci",
            "searchdomain": "internal.staging.swh.network",
            "serial": [],
            "sockets": 1,
            "ssh_forward_ip": null,
            "ssh_host": "192.168.130.95",
            "ssh_port": "22",
            "ssh_private_key": null,
            "ssh_user": "root",
            "sshkeys": "ssh-rsa AAAAB3NzaC1yc2EAAAADAQABAAABAQDVKCfpeIMg7GS3Pk03ZAcBWAeDZ+AvWk2k/pPY0z8MJ3YAbqZkRtSK7yaDgJV6Gro7nn/TxdJLo2jEzzWvlC8d8AEzhZPy5Z/qfVVjqBTBM4H5+e+TItAHFfaY5+0WvIahxcfsfaq70MWfpJhszAah3ThJ4mqzYaw+dkr42+a7Gx3Ygpb/m2dpnFnxvXdcuAJYStmHKU5AWGWWM+Fm50/fdMqUfNd8MbKhkJt5ihXQmZWMOt7ls4N8i5NZWnS9YSWow8X/ENOEqCRN9TyRkc+pPS0w9DNi0BCsWvSRJOkyvQ6caEnKWlNoywCmM1AlIQD3k4RUgRWe0vqg/UKPpH3Z root@terraform\n",
            "storage": "",
            "storage_type": "",
            "tablet": true,
            "tags": "",
            "target_node": "pompidou",
            "timeouts": null,
            "unused_disk": [
              {
                "file": "base-10003-disk-0/vm-138-disk-0",
                "slot": 0,
                "storage": "proxmox"
              }
            ],
            "vcpus": 0,
            "vga": [],
            "vlan": -1,
            "vmid": 138
          },
          "sensitive_attributes": [],
          "private": "bnVsbA=="
        }
      ]
    },
    {
      "module": "module.deposit",
      "mode": "managed",
      "type": "proxmox_vm_qemu",
      "name": "node",
      "provider": "module.deposit.provider[\"registry.terraform.io/telmate/proxmox\"]",
      "instances": [
        {
          "schema_version": 0,
          "attributes": {
            "additional_wait": 0,
            "agent": 0,
            "args": "-device virtio-rng-pci",
            "balloon": 1024,
            "bios": "seabios",
            "boot": "c",
            "bootdisk": "virtio0",
            "bridge": "",
            "ci_wait": null,
            "cicustom": "",
            "cipassword": "",
            "ciuser": "root",
            "clone": "template-debian-10",
            "clone_wait": 0,
            "cloudinit_cdrom_storage": null,
            "cores": 4,
            "cpu": "kvm64",
            "default_ipv4_address": null,
            "define_connection_info": true,
            "desc": "Deposit service node",
            "disk": [
              {
                "backup": 0,
                "cache": "none",
                "discard": "",
                "file": "vm-120-disk-0",
                "format": "raw",
                "iothread": 0,
                "mbps": 0,
                "mbps_rd": 0,
                "mbps_rd_max": 0,
                "mbps_wr": 0,
                "mbps_wr_max": 0,
                "media": "disk",
                "replicate": 0,
                "size": "32G",
                "slot": 0,
                "ssd": 0,
                "storage": "proxmox",
                "storage_type": "rbd",
                "type": "virtio",
                "volume": "proxmox:vm-120-disk-0"
              }
            ],
            "disk_gb": 0,
            "force_create": false,
            "force_recreate_on_change_of": null,
            "full_clone": false,
            "guest_agent_ready_timeout": 100,
            "hagroup": "",
            "hastate": "",
            "hotplug": "network,disk,usb",
            "id": "pompidou/qemu/120",
            "ipconfig0": "ip=192.168.130.31/24,gw=192.168.130.1",
            "ipconfig1": "",
            "ipconfig2": "",
            "ipconfig3": "",
            "ipconfig4": "",
            "ipconfig5": "",
            "iso": null,
            "kvm": true,
            "mac": "",
            "memory": 8192,
            "name": "deposit",
            "nameserver": "192.168.100.29",
            "network": [
              {
                "bridge": "vmbr443",
                "firewall": false,
                "link_down": false,
                "macaddr": "9E:81:DD:58:15:3B",
                "model": "virtio",
                "queues": 0,
                "rate": 0,
                "tag": -1
              }
            ],
            "nic": "",
            "numa": false,
            "onboot": true,
            "oncreate": true,
            "os_network_config": null,
            "os_type": "cloud-init",
            "pool": "",
            "preprovision": true,
            "qemu_os": "other",
            "reboot_required": false,
            "scsihw": "virtio-scsi-pci",
            "searchdomain": "internal.staging.swh.network",
            "serial": [],
            "sockets": 1,
            "ssh_forward_ip": null,
            "ssh_host": "192.168.130.31",
            "ssh_port": "22",
            "ssh_private_key": null,
            "ssh_user": "root",
            "sshkeys": "ssh-rsa AAAAB3NzaC1yc2EAAAADAQABAAABAQDVKCfpeIMg7GS3Pk03ZAcBWAeDZ+AvWk2k/pPY0z8MJ3YAbqZkRtSK7yaDgJV6Gro7nn/TxdJLo2jEzzWvlC8d8AEzhZPy5Z/qfVVjqBTBM4H5+e+TItAHFfaY5+0WvIahxcfsfaq70MWfpJhszAah3ThJ4mqzYaw+dkr42+a7Gx3Ygpb/m2dpnFnxvXdcuAJYStmHKU5AWGWWM+Fm50/fdMqUfNd8MbKhkJt5ihXQmZWMOt7ls4N8i5NZWnS9YSWow8X/ENOEqCRN9TyRkc+pPS0w9DNi0BCsWvSRJOkyvQ6caEnKWlNoywCmM1AlIQD3k4RUgRWe0vqg/UKPpH3Z root@terraform\n\n\n\n",
            "storage": "",
            "storage_type": "",
            "tablet": true,
            "tags": "",
            "target_node": "pompidou",
            "timeouts": null,
            "unused_disk": [],
            "vcpus": 0,
            "vga": [],
            "vlan": -1,
            "vmid": 120
          },
          "sensitive_attributes": [],
          "private": "bnVsbA=="
        }
      ]
    },
    {
      "module": "module.elastic-worker0",
      "mode": "managed",
      "type": "proxmox_vm_qemu",
      "name": "node",
      "provider": "module.elastic-worker0.provider[\"registry.terraform.io/telmate/proxmox\"]",
      "instances": [
        {
          "status": "tainted",
          "schema_version": 0,
          "attributes": {
            "additional_wait": 0,
            "agent": 0,
            "args": "",
            "balloon": 2048,
            "bios": "seabios",
            "boot": "c",
            "bootdisk": "",
            "bridge": "",
            "ci_wait": null,
            "cicustom": "",
            "cipassword": "",
            "ciuser": "root",
            "clone": "debian-bullseye-11.3-zfs-2022-04-21",
            "clone_wait": 0,
            "cloudinit_cdrom_storage": null,
            "cores": 4,
            "cpu": "kvm64",
            "default_ipv4_address": null,
            "define_connection_info": true,
            "desc": "elastic worker running in rancher cluster",
            "disk": [
              {
                "backup": 0,
                "cache": "none",
                "discard": "",
                "file": "base-10008-disk-0/vm-146-disk-0",
                "format": "raw",
                "iothread": 0,
                "mbps": 0,
                "mbps_rd": 0,
                "mbps_rd_max": 0,
                "mbps_wr": 0,
                "mbps_wr_max": 0,
                "media": "",
                "replicate": 0,
                "size": "20G",
                "slot": 0,
                "ssd": 0,
                "storage": "proxmox",
                "storage_type": "rbd",
                "type": "virtio",
                "volume": "proxmox:base-10008-disk-0/vm-146-disk-0"
              },
              {
                "backup": 0,
                "cache": "none",
                "discard": "",
                "file": "vm-146-disk-1",
                "format": "raw",
                "iothread": 0,
                "mbps": 0,
                "mbps_rd": 0,
                "mbps_rd_max": 0,
                "mbps_wr": 0,
                "mbps_wr_max": 0,
                "media": "",
                "replicate": 0,
                "size": "50G",
                "slot": 1,
                "ssd": 0,
                "storage": "proxmox",
                "storage_type": "rbd",
                "type": "virtio",
                "volume": "proxmox:vm-146-disk-1"
              }
            ],
            "disk_gb": 0,
            "force_create": false,
            "force_recreate_on_change_of": null,
            "full_clone": false,
            "guest_agent_ready_timeout": 100,
            "hagroup": "",
            "hastate": "",
            "hotplug": "network,disk,usb",
            "id": "uffizi/qemu/146",
            "ipconfig0": "ip=192.168.130.130/24,gw=192.168.130.1",
            "ipconfig1": "",
            "ipconfig2": "",
            "ipconfig3": "",
            "ipconfig4": "",
            "ipconfig5": "",
            "iso": null,
            "kvm": true,
            "mac": "",
            "memory": 6144,
            "name": "elastic-worker0",
            "nameserver": "192.168.100.29",
            "network": [
              {
                "bridge": "vmbr443",
                "firewall": false,
                "link_down": false,
                "macaddr": "72:CF:A9:AC:B8:EE",
                "model": "virtio",
                "queues": 0,
                "rate": 0,
                "tag": -1
              }
            ],
            "nic": "",
            "numa": false,
            "onboot": true,
            "oncreate": true,
            "os_network_config": null,
            "os_type": "cloud-init",
            "pool": "",
            "preprovision": true,
            "qemu_os": "other",
            "reboot_required": false,
            "scsihw": "virtio-scsi-pci",
            "searchdomain": "internal.staging.swh.network",
            "serial": [],
            "sockets": 1,
            "ssh_forward_ip": null,
            "ssh_host": null,
            "ssh_port": null,
            "ssh_private_key": null,
            "ssh_user": "root",
            "sshkeys": "ssh-rsa AAAAB3NzaC1yc2EAAAADAQABAAABAQDVKCfpeIMg7GS3Pk03ZAcBWAeDZ+AvWk2k/pPY0z8MJ3YAbqZkRtSK7yaDgJV6Gro7nn/TxdJLo2jEzzWvlC8d8AEzhZPy5Z/qfVVjqBTBM4H5+e+TItAHFfaY5+0WvIahxcfsfaq70MWfpJhszAah3ThJ4mqzYaw+dkr42+a7Gx3Ygpb/m2dpnFnxvXdcuAJYStmHKU5AWGWWM+Fm50/fdMqUfNd8MbKhkJt5ihXQmZWMOt7ls4N8i5NZWnS9YSWow8X/ENOEqCRN9TyRkc+pPS0w9DNi0BCsWvSRJOkyvQ6caEnKWlNoywCmM1AlIQD3k4RUgRWe0vqg/UKPpH3Z root@terraform\n",
            "storage": "",
            "storage_type": "",
            "tablet": true,
            "tags": "",
            "target_node": "uffizi",
            "timeouts": null,
            "unused_disk": [],
            "vcpus": 0,
            "vga": [],
            "vlan": -1,
            "vmid": 146
          },
          "sensitive_attributes": [],
          "private": "eyJlMmJmYjczMC1lY2FhLTExZTYtOGY4OC0zNDM2M2JjN2M0YzAiOnsiY3JlYXRlIjozMDAwMDAwMDAwMDAsImRlZmF1bHQiOjMwMDAwMDAwMDAwMCwiZGVsZXRlIjoxODAwMDAwMDAwMDAsInJlYWQiOjE4MDAwMDAwMDAwMCwidXBkYXRlIjoxODAwMDAwMDAwMDB9fQ==",
          "dependencies": [
            "rancher2_cluster.staging-workers"
          ]
        }
      ]
    },
    {
      "module": "module.elastic-worker1",
      "mode": "managed",
      "type": "proxmox_vm_qemu",
      "name": "node",
      "provider": "module.elastic-worker1.provider[\"registry.terraform.io/telmate/proxmox\"]",
      "instances": [
        {
          "schema_version": 0,
          "attributes": {
            "additional_wait": 0,
            "agent": 0,
            "args": "",
            "balloon": 2048,
            "bios": "seabios",
            "boot": "c",
            "bootdisk": "",
            "bridge": "",
            "ci_wait": null,
            "cicustom": "",
            "cipassword": "",
            "ciuser": "root",
            "clone": "debian-bullseye-11.3-zfs-2022-04-21",
            "clone_wait": 0,
            "cloudinit_cdrom_storage": null,
            "cores": 4,
            "cpu": "kvm64",
            "default_ipv4_address": null,
            "define_connection_info": true,
            "desc": "elastic worker running in rancher cluster",
            "disk": [
              {
                "backup": 0,
                "cache": "none",
                "discard": "",
                "file": "base-10008-disk-0/vm-147-disk-0",
                "format": "raw",
                "iothread": 0,
                "mbps": 0,
                "mbps_rd": 0,
                "mbps_rd_max": 0,
                "mbps_wr": 0,
                "mbps_wr_max": 0,
                "media": "",
                "replicate": 0,
                "size": "20G",
                "slot": 0,
                "ssd": 0,
                "storage": "proxmox",
                "storage_type": "rbd",
                "type": "virtio",
                "volume": "proxmox:base-10008-disk-0/vm-147-disk-0"
              },
              {
                "backup": 0,
                "cache": "none",
                "discard": "",
                "file": "vm-147-disk-1",
                "format": "raw",
                "iothread": 0,
                "mbps": 0,
                "mbps_rd": 0,
                "mbps_rd_max": 0,
                "mbps_wr": 0,
                "mbps_wr_max": 0,
                "media": "",
                "replicate": 0,
                "size": "50G",
                "slot": 1,
                "ssd": 0,
                "storage": "proxmox",
                "storage_type": "rbd",
                "type": "virtio",
                "volume": "proxmox:vm-147-disk-1"
              }
            ],
            "disk_gb": 0,
            "force_create": false,
            "force_recreate_on_change_of": null,
            "full_clone": false,
            "guest_agent_ready_timeout": 100,
            "hagroup": "",
            "hastate": "",
            "hotplug": "network,disk,usb",
            "id": "uffizi/qemu/147",
            "ipconfig0": "ip=192.168.130.131/24,gw=192.168.130.1",
            "ipconfig1": "",
            "ipconfig2": "",
            "ipconfig3": "",
            "ipconfig4": "",
            "ipconfig5": "",
            "iso": null,
            "kvm": true,
            "mac": "",
            "memory": 6144,
            "name": "elastic-worker1",
            "nameserver": "192.168.100.29",
            "network": [
              {
                "bridge": "vmbr443",
                "firewall": false,
                "link_down": false,
                "macaddr": "3E:FD:3E:58:CE:85",
                "model": "virtio",
                "queues": 0,
                "rate": 0,
                "tag": -1
              }
            ],
            "nic": "",
            "numa": false,
            "onboot": true,
            "oncreate": true,
            "os_network_config": null,
            "os_type": "cloud-init",
            "pool": "",
            "preprovision": true,
            "qemu_os": "other",
            "reboot_required": false,
            "scsihw": "virtio-scsi-pci",
            "searchdomain": "internal.staging.swh.network",
            "serial": [],
            "sockets": 1,
            "ssh_forward_ip": null,
            "ssh_host": null,
            "ssh_port": null,
            "ssh_private_key": null,
            "ssh_user": "root",
            "sshkeys": "ssh-rsa AAAAB3NzaC1yc2EAAAADAQABAAABAQDVKCfpeIMg7GS3Pk03ZAcBWAeDZ+AvWk2k/pPY0z8MJ3YAbqZkRtSK7yaDgJV6Gro7nn/TxdJLo2jEzzWvlC8d8AEzhZPy5Z/qfVVjqBTBM4H5+e+TItAHFfaY5+0WvIahxcfsfaq70MWfpJhszAah3ThJ4mqzYaw+dkr42+a7Gx3Ygpb/m2dpnFnxvXdcuAJYStmHKU5AWGWWM+Fm50/fdMqUfNd8MbKhkJt5ihXQmZWMOt7ls4N8i5NZWnS9YSWow8X/ENOEqCRN9TyRkc+pPS0w9DNi0BCsWvSRJOkyvQ6caEnKWlNoywCmM1AlIQD3k4RUgRWe0vqg/UKPpH3Z root@terraform\n\n",
            "storage": "",
            "storage_type": "",
            "tablet": true,
            "tags": "",
            "target_node": "uffizi",
            "timeouts": null,
            "unused_disk": [],
            "vcpus": 0,
            "vga": [],
            "vlan": -1,
            "vmid": null
          },
          "sensitive_attributes": [],
          "private": "eyJlMmJmYjczMC1lY2FhLTExZTYtOGY4OC0zNDM2M2JjN2M0YzAiOnsiY3JlYXRlIjozMDAwMDAwMDAwMDAsImRlZmF1bHQiOjMwMDAwMDAwMDAwMCwiZGVsZXRlIjoxODAwMDAwMDAwMDAsInJlYWQiOjE4MDAwMDAwMDAwMCwidXBkYXRlIjoxODAwMDAwMDAwMDB9fQ==",
          "dependencies": [
            "rancher2_cluster.staging-workers"
          ]
        }
      ]
    },
    {
      "module": "module.elastic-worker2",
      "mode": "managed",
      "type": "proxmox_vm_qemu",
      "name": "node",
      "provider": "module.elastic-worker2.provider[\"registry.terraform.io/telmate/proxmox\"]",
      "instances": [
        {
          "schema_version": 0,
          "attributes": {
            "additional_wait": 0,
            "agent": 0,
            "args": "",
            "balloon": 2048,
            "bios": "seabios",
            "boot": "c",
            "bootdisk": "",
            "bridge": "",
            "ci_wait": null,
            "cicustom": "",
            "cipassword": "",
            "ciuser": "root",
            "clone": "debian-bullseye-11.3-zfs-2022-04-21",
            "clone_wait": 0,
            "cloudinit_cdrom_storage": null,
            "cores": 4,
            "cpu": "kvm64",
            "default_ipv4_address": null,
            "define_connection_info": true,
            "desc": "elastic worker running in rancher cluster",
            "disk": [
              {
                "backup": 0,
                "cache": "none",
                "discard": "",
                "file": "base-10008-disk-0/vm-148-disk-0",
                "format": "raw",
                "iothread": 0,
                "mbps": 0,
                "mbps_rd": 0,
                "mbps_rd_max": 0,
                "mbps_wr": 0,
                "mbps_wr_max": 0,
                "media": "",
                "replicate": 0,
                "size": "20G",
                "slot": 0,
                "ssd": 0,
                "storage": "proxmox",
                "storage_type": "rbd",
                "type": "virtio",
                "volume": "proxmox:base-10008-disk-0/vm-148-disk-0"
              },
              {
                "backup": 0,
                "cache": "none",
                "discard": "",
                "file": "vm-148-disk-1",
                "format": "raw",
                "iothread": 0,
                "mbps": 0,
                "mbps_rd": 0,
                "mbps_rd_max": 0,
                "mbps_wr": 0,
                "mbps_wr_max": 0,
                "media": "",
                "replicate": 0,
                "size": "50G",
                "slot": 1,
                "ssd": 0,
                "storage": "proxmox",
                "storage_type": "rbd",
                "type": "virtio",
                "volume": "proxmox:vm-148-disk-1"
              }
            ],
            "disk_gb": 0,
            "force_create": false,
            "force_recreate_on_change_of": null,
            "full_clone": false,
            "guest_agent_ready_timeout": 100,
            "hagroup": "",
            "hastate": "",
            "hotplug": "network,disk,usb",
            "id": "uffizi/qemu/148",
            "ipconfig0": "ip=192.168.130.132/24,gw=192.168.130.1",
            "ipconfig1": "",
            "ipconfig2": "",
            "ipconfig3": "",
            "ipconfig4": "",
            "ipconfig5": "",
            "iso": null,
            "kvm": true,
            "mac": "",
            "memory": 6144,
            "name": "elastic-worker2",
            "nameserver": "192.168.100.29",
            "network": [
              {
                "bridge": "vmbr443",
                "firewall": false,
                "link_down": false,
                "macaddr": "F6:7F:D9:7C:5F:51",
                "model": "virtio",
                "queues": 0,
                "rate": 0,
                "tag": -1
              }
            ],
            "nic": "",
            "numa": false,
            "onboot": true,
            "oncreate": true,
            "os_network_config": null,
            "os_type": "cloud-init",
            "pool": "",
            "preprovision": true,
            "qemu_os": "other",
            "reboot_required": false,
            "scsihw": "virtio-scsi-pci",
            "searchdomain": "internal.staging.swh.network",
            "serial": [],
            "sockets": 1,
            "ssh_forward_ip": null,
            "ssh_host": null,
            "ssh_port": null,
            "ssh_private_key": null,
            "ssh_user": "root",
            "sshkeys": "ssh-rsa AAAAB3NzaC1yc2EAAAADAQABAAABAQDVKCfpeIMg7GS3Pk03ZAcBWAeDZ+AvWk2k/pPY0z8MJ3YAbqZkRtSK7yaDgJV6Gro7nn/TxdJLo2jEzzWvlC8d8AEzhZPy5Z/qfVVjqBTBM4H5+e+TItAHFfaY5+0WvIahxcfsfaq70MWfpJhszAah3ThJ4mqzYaw+dkr42+a7Gx3Ygpb/m2dpnFnxvXdcuAJYStmHKU5AWGWWM+Fm50/fdMqUfNd8MbKhkJt5ihXQmZWMOt7ls4N8i5NZWnS9YSWow8X/ENOEqCRN9TyRkc+pPS0w9DNi0BCsWvSRJOkyvQ6caEnKWlNoywCmM1AlIQD3k4RUgRWe0vqg/UKPpH3Z root@terraform\n\n",
            "storage": "",
            "storage_type": "",
            "tablet": true,
            "tags": "",
            "target_node": "uffizi",
            "timeouts": null,
            "unused_disk": [],
            "vcpus": 0,
            "vga": [],
            "vlan": -1,
            "vmid": null
          },
          "sensitive_attributes": [],
          "private": "eyJlMmJmYjczMC1lY2FhLTExZTYtOGY4OC0zNDM2M2JjN2M0YzAiOnsiY3JlYXRlIjozMDAwMDAwMDAwMDAsImRlZmF1bHQiOjMwMDAwMDAwMDAwMCwiZGVsZXRlIjoxODAwMDAwMDAwMDAsInJlYWQiOjE4MDAwMDAwMDAwMCwidXBkYXRlIjoxODAwMDAwMDAwMDB9fQ==",
          "dependencies": [
            "rancher2_cluster.staging-workers"
          ]
        }
      ]
    },
    {
      "module": "module.elastic-worker3",
      "mode": "managed",
      "type": "proxmox_vm_qemu",
      "name": "node",
      "provider": "module.elastic-worker3.provider[\"registry.terraform.io/telmate/proxmox\"]",
      "instances": [
        {
          "schema_version": 0,
          "attributes": {
            "additional_wait": 0,
            "agent": 0,
            "args": "",
            "balloon": 2048,
            "bios": "seabios",
            "boot": "c",
            "bootdisk": "",
            "bridge": "",
            "ci_wait": null,
            "cicustom": "",
            "cipassword": "",
            "ciuser": "root",
            "clone": "debian-bullseye-11.3-zfs-2022-04-21",
            "clone_wait": 0,
            "cloudinit_cdrom_storage": null,
            "cores": 4,
            "cpu": "kvm64",
            "default_ipv4_address": null,
            "define_connection_info": true,
            "desc": "elastic worker running in rancher cluster",
            "disk": [
              {
                "backup": 0,
                "cache": "none",
                "discard": "",
                "file": "base-10008-disk-0/vm-149-disk-0",
                "format": "raw",
                "iothread": 0,
                "mbps": 0,
                "mbps_rd": 0,
                "mbps_rd_max": 0,
                "mbps_wr": 0,
                "mbps_wr_max": 0,
                "media": "",
                "replicate": 0,
                "size": "20G",
                "slot": 0,
                "ssd": 0,
                "storage": "proxmox",
                "storage_type": "rbd",
                "type": "virtio",
                "volume": "proxmox:base-10008-disk-0/vm-149-disk-0"
              },
              {
                "backup": 0,
                "cache": "none",
                "discard": "",
                "file": "vm-149-disk-1",
                "format": "raw",
                "iothread": 0,
                "mbps": 0,
                "mbps_rd": 0,
                "mbps_rd_max": 0,
                "mbps_wr": 0,
                "mbps_wr_max": 0,
                "media": "",
                "replicate": 0,
                "size": "50G",
                "slot": 1,
                "ssd": 0,
                "storage": "proxmox",
                "storage_type": "rbd",
                "type": "virtio",
                "volume": "proxmox:vm-149-disk-1"
              }
            ],
            "disk_gb": 0,
            "force_create": false,
            "force_recreate_on_change_of": null,
            "full_clone": false,
            "guest_agent_ready_timeout": 100,
            "hagroup": "",
            "hastate": "",
            "hotplug": "network,disk,usb",
            "id": "pompidou/qemu/149",
            "ipconfig0": "ip=192.168.130.133/24,gw=192.168.130.1",
            "ipconfig1": "",
            "ipconfig2": "",
            "ipconfig3": "",
            "ipconfig4": "",
            "ipconfig5": "",
            "iso": null,
            "kvm": true,
            "mac": "",
            "memory": 6144,
            "name": "elastic-worker3",
            "nameserver": "192.168.100.29",
            "network": [
              {
                "bridge": "vmbr443",
                "firewall": false,
                "link_down": false,
                "macaddr": "96:75:0A:FA:04:28",
                "model": "virtio",
                "queues": 0,
                "rate": 0,
                "tag": -1
              }
            ],
            "nic": "",
            "numa": false,
            "onboot": true,
            "oncreate": true,
            "os_network_config": null,
            "os_type": "cloud-init",
            "pool": "",
            "preprovision": true,
            "qemu_os": "other",
            "reboot_required": false,
            "scsihw": "virtio-scsi-pci",
            "searchdomain": "internal.staging.swh.network",
            "serial": [],
            "sockets": 1,
            "ssh_forward_ip": null,
            "ssh_host": null,
            "ssh_port": null,
            "ssh_private_key": null,
            "ssh_user": "root",
            "sshkeys": "ssh-rsa AAAAB3NzaC1yc2EAAAADAQABAAABAQDVKCfpeIMg7GS3Pk03ZAcBWAeDZ+AvWk2k/pPY0z8MJ3YAbqZkRtSK7yaDgJV6Gro7nn/TxdJLo2jEzzWvlC8d8AEzhZPy5Z/qfVVjqBTBM4H5+e+TItAHFfaY5+0WvIahxcfsfaq70MWfpJhszAah3ThJ4mqzYaw+dkr42+a7Gx3Ygpb/m2dpnFnxvXdcuAJYStmHKU5AWGWWM+Fm50/fdMqUfNd8MbKhkJt5ihXQmZWMOt7ls4N8i5NZWnS9YSWow8X/ENOEqCRN9TyRkc+pPS0w9DNi0BCsWvSRJOkyvQ6caEnKWlNoywCmM1AlIQD3k4RUgRWe0vqg/UKPpH3Z root@terraform\n",
            "storage": "",
            "storage_type": "",
            "tablet": true,
            "tags": "",
            "target_node": "pompidou",
            "timeouts": null,
            "unused_disk": [],
            "vcpus": 0,
            "vga": [],
            "vlan": -1,
            "vmid": null
          },
          "sensitive_attributes": [],
          "private": "eyJlMmJmYjczMC1lY2FhLTExZTYtOGY4OC0zNDM2M2JjN2M0YzAiOnsiY3JlYXRlIjozMDAwMDAwMDAwMDAsImRlZmF1bHQiOjMwMDAwMDAwMDAwMCwiZGVsZXRlIjoxODAwMDAwMDAwMDAsInJlYWQiOjE4MDAwMDAwMDAwMCwidXBkYXRlIjoxODAwMDAwMDAwMDB9fQ==",
          "dependencies": [
            "rancher2_cluster.staging-workers"
          ]
        }
      ]
    },
    {
      "module": "module.maven-exporter0",
      "mode": "managed",
      "type": "proxmox_vm_qemu",
      "name": "node",
      "provider": "module.maven-exporter0.provider[\"registry.terraform.io/telmate/proxmox\"]",
      "instances": [
        {
          "schema_version": 0,
          "attributes": {
            "additional_wait": 0,
            "agent": 0,
            "args": "",
            "balloon": 1024,
            "bios": "seabios",
            "boot": "c",
            "bootdisk": "",
            "bridge": "",
            "ci_wait": null,
            "cicustom": "",
            "cipassword": "",
            "ciuser": "root",
            "clone": "debian-bullseye-11.0-2021-09-09",
            "clone_wait": 0,
            "cloudinit_cdrom_storage": null,
            "cores": 4,
            "cpu": "kvm64",
            "default_ipv4_address": null,
            "define_connection_info": true,
            "desc": "Maven index exporter to run containers and expose export.fld files",
            "disk": [
              {
                "backup": 0,
                "cache": "none",
                "discard": "",
                "file": "base-10005-disk-0/vm-122-disk-0",
                "format": "raw",
                "iothread": 0,
                "mbps": 0,
                "mbps_rd": 0,
                "mbps_rd_max": 0,
                "mbps_wr": 0,
                "mbps_wr_max": 0,
                "media": "",
                "replicate": 0,
                "size": "20G",
                "slot": 0,
                "ssd": 0,
                "storage": "proxmox",
                "storage_type": "rbd",
                "type": "virtio",
                "volume": "proxmox:base-10005-disk-0/vm-122-disk-0"
              },
              {
                "backup": 0,
                "cache": "none",
                "discard": "",
                "file": "vm-122-disk-1",
                "format": "raw",
                "iothread": 0,
                "mbps": 0,
                "mbps_rd": 0,
                "mbps_rd_max": 0,
                "mbps_wr": 0,
                "mbps_wr_max": 0,
                "media": "",
                "replicate": 0,
                "size": "50G",
                "slot": 1,
                "ssd": 0,
                "storage": "proxmox",
                "storage_type": "rbd",
                "type": "virtio",
                "volume": "proxmox:vm-122-disk-1"
              }
            ],
            "disk_gb": 0,
            "force_create": false,
            "force_recreate_on_change_of": null,
            "full_clone": false,
            "guest_agent_ready_timeout": 100,
            "hagroup": "",
            "hastate": "",
            "hotplug": "network,disk,usb",
            "id": "pompidou/qemu/122",
            "ipconfig0": "ip=192.168.130.70/24,gw=192.168.130.1",
            "ipconfig1": "",
            "ipconfig2": "",
            "ipconfig3": "",
            "ipconfig4": "",
            "ipconfig5": "",
            "iso": null,
            "kvm": true,
            "mac": "",
            "memory": 4096,
            "name": "maven-exporter0",
            "nameserver": "192.168.100.29",
            "network": [
              {
                "bridge": "vmbr443",
                "firewall": false,
                "link_down": false,
                "macaddr": "36:86:F6:F9:2A:5D",
                "model": "virtio",
                "queues": 0,
                "rate": 0,
                "tag": -1
              }
            ],
            "nic": "",
            "numa": false,
            "onboot": true,
            "oncreate": true,
            "os_network_config": null,
            "os_type": "cloud-init",
            "pool": "",
            "preprovision": true,
            "qemu_os": "other",
            "reboot_required": false,
            "scsihw": "virtio-scsi-pci",
            "searchdomain": "internal.staging.swh.network",
            "serial": [],
            "sockets": 1,
            "ssh_forward_ip": null,
            "ssh_host": null,
            "ssh_port": null,
            "ssh_private_key": null,
            "ssh_user": "root",
            "sshkeys": "ssh-rsa AAAAB3NzaC1yc2EAAAADAQABAAABAQDVKCfpeIMg7GS3Pk03ZAcBWAeDZ+AvWk2k/pPY0z8MJ3YAbqZkRtSK7yaDgJV6Gro7nn/TxdJLo2jEzzWvlC8d8AEzhZPy5Z/qfVVjqBTBM4H5+e+TItAHFfaY5+0WvIahxcfsfaq70MWfpJhszAah3ThJ4mqzYaw+dkr42+a7Gx3Ygpb/m2dpnFnxvXdcuAJYStmHKU5AWGWWM+Fm50/fdMqUfNd8MbKhkJt5ihXQmZWMOt7ls4N8i5NZWnS9YSWow8X/ENOEqCRN9TyRkc+pPS0w9DNi0BCsWvSRJOkyvQ6caEnKWlNoywCmM1AlIQD3k4RUgRWe0vqg/UKPpH3Z root@terraform\n",
            "storage": "",
            "storage_type": "",
            "tablet": true,
            "tags": "",
            "target_node": "pompidou",
            "timeouts": null,
            "unused_disk": [],
            "vcpus": 0,
            "vga": [],
            "vlan": -1,
            "vmid": 122
          },
          "sensitive_attributes": [],
          "private": "eyJlMmJmYjczMC1lY2FhLTExZTYtOGY4OC0zNDM2M2JjN2M0YzAiOnsiY3JlYXRlIjozMDAwMDAwMDAwMDAsImRlZmF1bHQiOjMwMDAwMDAwMDAwMCwiZGVsZXRlIjoxODAwMDAwMDAwMDAsInJlYWQiOjE4MDAwMDAwMDAwMCwidXBkYXRlIjoxODAwMDAwMDAwMDB9fQ=="
        }
      ]
    },
    {
      "module": "module.mirror-test",
      "mode": "managed",
      "type": "proxmox_vm_qemu",
      "name": "node",
      "provider": "module.mirror-test.provider[\"registry.terraform.io/telmate/proxmox\"]",
      "instances": [
        {
          "schema_version": 0,
          "attributes": {
            "additional_wait": 0,
            "agent": 0,
            "args": "",
            "balloon": 20480,
            "bios": "seabios",
            "boot": "c",
            "bootdisk": "",
            "bridge": "",
            "ci_wait": null,
            "cicustom": "",
            "cipassword": "",
            "ciuser": "root",
            "clone": "debian-buster-2020-11-06",
            "clone_wait": 0,
            "cloudinit_cdrom_storage": null,
            "cores": 4,
            "cpu": "kvm64",
            "default_ipv4_address": null,
            "define_connection_info": true,
            "desc": "Sandbox VM to test the mirror environment",
            "disk": [
              {
                "backup": 0,
                "cache": "none",
                "discard": "",
                "file": "vm-132-disk-0",
                "format": "",
                "iothread": 0,
                "mbps": 0,
                "mbps_rd": 0,
                "mbps_rd_max": 0,
                "mbps_wr": 0,
                "mbps_wr_max": 0,
                "media": "disk",
                "replicate": 0,
                "size": "32G",
                "slot": 0,
                "ssd": 0,
                "storage": "proxmox",
                "storage_type": "rbd",
                "type": "virtio",
                "volume": "proxmox:vm-132-disk-0"
              }
            ],
            "disk_gb": 0,
            "force_create": false,
            "force_recreate_on_change_of": null,
            "full_clone": false,
            "guest_agent_ready_timeout": 100,
            "hagroup": "",
            "hastate": "",
            "hotplug": "network,disk,usb",
            "id": "uffizi/qemu/132",
            "ipconfig0": "ip=192.168.130.160/24,gw=192.168.130.1",
            "ipconfig1": "",
            "ipconfig2": "",
            "ipconfig3": "",
            "ipconfig4": "",
            "ipconfig5": "",
            "iso": null,
            "kvm": true,
            "mac": "",
            "memory": 65536,
            "name": "mirror-test",
            "nameserver": "192.168.100.29",
            "network": [
              {
                "bridge": "vmbr443",
                "firewall": false,
                "link_down": false,
                "macaddr": "E6:3C:8A:B7:26:5D",
                "model": "virtio",
                "queues": 0,
                "rate": 0,
                "tag": -1
              }
            ],
            "nic": "",
            "numa": false,
            "onboot": true,
            "oncreate": true,
            "os_network_config": null,
            "os_type": "cloud-init",
            "pool": "",
            "preprovision": true,
            "qemu_os": "other",
            "reboot_required": false,
            "scsihw": "virtio-scsi-pci",
            "searchdomain": "internal.staging.swh.network",
            "serial": [],
            "sockets": 2,
            "ssh_forward_ip": null,
            "ssh_host": "192.168.130.160",
            "ssh_port": "22",
            "ssh_private_key": null,
            "ssh_user": "root",
            "sshkeys": "ssh-rsa AAAAB3NzaC1yc2EAAAADAQABAAABAQDVKCfpeIMg7GS3Pk03ZAcBWAeDZ+AvWk2k/pPY0z8MJ3YAbqZkRtSK7yaDgJV6Gro7nn/TxdJLo2jEzzWvlC8d8AEzhZPy5Z/qfVVjqBTBM4H5+e+TItAHFfaY5+0WvIahxcfsfaq70MWfpJhszAah3ThJ4mqzYaw+dkr42+a7Gx3Ygpb/m2dpnFnxvXdcuAJYStmHKU5AWGWWM+Fm50/fdMqUfNd8MbKhkJt5ihXQmZWMOt7ls4N8i5NZWnS9YSWow8X/ENOEqCRN9TyRkc+pPS0w9DNi0BCsWvSRJOkyvQ6caEnKWlNoywCmM1AlIQD3k4RUgRWe0vqg/UKPpH3Z root@terraform\n",
            "storage": "",
            "storage_type": "",
            "tablet": true,
            "tags": "",
            "target_node": "uffizi",
            "timeouts": null,
            "unused_disk": [
              {
                "file": "base-10003-disk-0/vm-132-disk-0",
                "slot": 0,
                "storage": "proxmox"
              }
            ],
            "vcpus": 0,
            "vga": [],
            "vlan": -1,
            "vmid": 132
          },
          "sensitive_attributes": [],
          "private": "bnVsbA=="
        }
      ]
    },
    {
      "module": "module.objstorage0",
      "mode": "managed",
      "type": "proxmox_vm_qemu",
      "name": "node",
      "provider": "module.objstorage0.provider[\"registry.terraform.io/telmate/proxmox\"]",
      "instances": [
        {
          "schema_version": 0,
          "attributes": {
            "additional_wait": 0,
            "agent": 0,
            "args": "",
            "balloon": 3072,
            "bios": "seabios",
            "boot": "c",
            "bootdisk": "",
            "bridge": "",
            "ci_wait": null,
            "cicustom": "",
            "cipassword": "",
            "ciuser": "root",
            "clone": "debian-buster-2020-11-06",
            "clone_wait": 0,
            "cloudinit_cdrom_storage": null,
            "cores": 2,
            "cpu": "kvm64",
            "default_ipv4_address": null,
            "define_connection_info": true,
            "desc": "Node to host a read-only objstorage for mirrors",
            "disk": [
              {
                "backup": 0,
                "cache": "none",
                "discard": "",
                "file": "vm-102-disk-0",
                "format": "",
                "iothread": 0,
                "mbps": 0,
                "mbps_rd": 0,
                "mbps_rd_max": 0,
                "mbps_wr": 0,
                "mbps_wr_max": 0,
                "media": "",
                "replicate": 0,
                "size": "32G",
                "slot": 0,
                "ssd": 0,
                "storage": "proxmox",
                "storage_type": "rbd",
                "type": "virtio",
                "volume": "proxmox:vm-102-disk-0"
              }
            ],
            "disk_gb": 0,
            "force_create": false,
            "force_recreate_on_change_of": null,
            "full_clone": false,
            "guest_agent_ready_timeout": 100,
            "hagroup": "",
            "hastate": "",
            "hotplug": "network,disk,usb",
            "id": "pompidou/qemu/102",
            "ipconfig0": "ip=192.168.130.110/24,gw=192.168.130.1",
            "ipconfig1": "",
            "ipconfig2": "",
            "ipconfig3": "",
            "ipconfig4": "",
            "ipconfig5": "",
            "iso": null,
            "kvm": true,
            "mac": "",
            "memory": 12288,
            "name": "objstorage0",
            "nameserver": "192.168.100.29",
            "network": [
              {
                "bridge": "vmbr443",
                "firewall": false,
                "link_down": false,
                "macaddr": "5E:28:EA:7D:50:0D",
                "model": "virtio",
                "queues": 0,
                "rate": 0,
                "tag": -1
              }
            ],
            "nic": "",
            "numa": false,
            "onboot": true,
            "oncreate": true,
            "os_network_config": null,
            "os_type": "cloud-init",
            "pool": "",
            "preprovision": true,
            "qemu_os": "other",
            "reboot_required": false,
            "scsihw": "virtio-scsi-pci",
            "searchdomain": "internal.staging.swh.network",
            "serial": [],
            "sockets": 1,
            "ssh_forward_ip": null,
            "ssh_host": "192.168.130.110",
            "ssh_port": "22",
            "ssh_private_key": null,
            "ssh_user": "root",
            "sshkeys": "ssh-rsa AAAAB3NzaC1yc2EAAAADAQABAAABAQDVKCfpeIMg7GS3Pk03ZAcBWAeDZ+AvWk2k/pPY0z8MJ3YAbqZkRtSK7yaDgJV6Gro7nn/TxdJLo2jEzzWvlC8d8AEzhZPy5Z/qfVVjqBTBM4H5+e+TItAHFfaY5+0WvIahxcfsfaq70MWfpJhszAah3ThJ4mqzYaw+dkr42+a7Gx3Ygpb/m2dpnFnxvXdcuAJYStmHKU5AWGWWM+Fm50/fdMqUfNd8MbKhkJt5ihXQmZWMOt7ls4N8i5NZWnS9YSWow8X/ENOEqCRN9TyRkc+pPS0w9DNi0BCsWvSRJOkyvQ6caEnKWlNoywCmM1AlIQD3k4RUgRWe0vqg/UKPpH3Z root@terraform\n\n\n",
            "storage": "",
            "storage_type": "",
            "tablet": true,
            "tags": "",
            "target_node": "pompidou",
            "timeouts": null,
            "unused_disk": [
              {
                "file": "base-10003-disk-0/vm-102-disk-0",
                "slot": 0,
                "storage": "proxmox"
              }
            ],
            "vcpus": 0,
            "vga": [],
            "vlan": -1,
            "vmid": 102
          },
          "sensitive_attributes": [],
          "private": "eyJlMmJmYjczMC1lY2FhLTExZTYtOGY4OC0zNDM2M2JjN2M0YzAiOnsiY3JlYXRlIjozMDAwMDAwMDAwMDAsImRlZmF1bHQiOjMwMDAwMDAwMDAwMCwiZGVsZXRlIjoxODAwMDAwMDAwMDAsInJlYWQiOjE4MDAwMDAwMDAwMCwidXBkYXRlIjoxODAwMDAwMDAwMDB9fQ=="
        }
      ]
    },
    {
      "module": "module.rp0",
      "mode": "managed",
      "type": "proxmox_vm_qemu",
      "name": "node",
      "provider": "module.rp0.provider[\"registry.terraform.io/telmate/proxmox\"]",
      "instances": [
        {
          "schema_version": 0,
          "attributes": {
            "additional_wait": 0,
            "agent": 0,
            "args": "",
            "balloon": 1024,
            "bios": "seabios",
            "boot": "c",
            "bootdisk": "",
            "bridge": "",
            "ci_wait": null,
            "cicustom": "",
            "cipassword": "",
            "ciuser": "root",
            "clone": "debian-buster-2020-11-06",
            "clone_wait": 0,
            "cloudinit_cdrom_storage": null,
            "cores": 2,
            "cpu": "kvm64",
            "default_ipv4_address": null,
            "define_connection_info": true,
            "desc": "Node to host the reverse proxy",
            "disk": [
              {
                "backup": 0,
                "cache": "none",
                "discard": "",
                "file": "vm-129-disk-0",
                "format": "",
                "iothread": 0,
                "mbps": 0,
                "mbps_rd": 0,
                "mbps_rd_max": 0,
                "mbps_wr": 0,
                "mbps_wr_max": 0,
                "media": "disk",
                "replicate": 0,
                "size": "32G",
                "slot": 0,
                "ssd": 0,
                "storage": "proxmox",
                "storage_type": "rbd",
                "type": "virtio",
                "volume": "proxmox:vm-129-disk-0"
              }
            ],
            "disk_gb": 0,
            "force_create": false,
            "force_recreate_on_change_of": null,
            "full_clone": false,
            "guest_agent_ready_timeout": 100,
            "hagroup": "",
            "hastate": "",
            "hotplug": "network,disk,usb",
            "id": "pompidou/qemu/129",
            "ipconfig0": "ip=192.168.130.20/24,gw=192.168.130.1",
            "ipconfig1": "",
            "ipconfig2": "",
            "ipconfig3": "",
            "ipconfig4": "",
            "ipconfig5": "",
            "iso": null,
            "kvm": true,
            "mac": "",
            "memory": 2048,
            "name": "rp0",
            "nameserver": "192.168.100.29",
            "network": [
              {
                "bridge": "vmbr443",
                "firewall": false,
                "link_down": false,
                "macaddr": "4A:80:47:5D:DF:73",
                "model": "virtio",
                "queues": 0,
                "rate": 0,
                "tag": -1
              }
            ],
            "nic": "",
            "numa": false,
            "onboot": true,
            "oncreate": true,
            "os_network_config": null,
            "os_type": "cloud-init",
            "pool": "",
            "preprovision": true,
            "qemu_os": "other",
            "reboot_required": false,
            "scsihw": "virtio-scsi-pci",
            "searchdomain": "internal.staging.swh.network",
            "serial": [],
            "sockets": 1,
            "ssh_forward_ip": null,
            "ssh_host": "192.168.130.20",
            "ssh_port": "22",
            "ssh_private_key": null,
            "ssh_user": "root",
            "sshkeys": "ssh-rsa AAAAB3NzaC1yc2EAAAADAQABAAABAQDVKCfpeIMg7GS3Pk03ZAcBWAeDZ+AvWk2k/pPY0z8MJ3YAbqZkRtSK7yaDgJV6Gro7nn/TxdJLo2jEzzWvlC8d8AEzhZPy5Z/qfVVjqBTBM4H5+e+TItAHFfaY5+0WvIahxcfsfaq70MWfpJhszAah3ThJ4mqzYaw+dkr42+a7Gx3Ygpb/m2dpnFnxvXdcuAJYStmHKU5AWGWWM+Fm50/fdMqUfNd8MbKhkJt5ihXQmZWMOt7ls4N8i5NZWnS9YSWow8X/ENOEqCRN9TyRkc+pPS0w9DNi0BCsWvSRJOkyvQ6caEnKWlNoywCmM1AlIQD3k4RUgRWe0vqg/UKPpH3Z root@terraform\n",
            "storage": "",
            "storage_type": "",
            "tablet": true,
            "tags": "",
            "target_node": "pompidou",
            "timeouts": null,
            "unused_disk": [
              {
                "file": "base-10003-disk-0/vm-129-disk-0",
                "slot": 0,
                "storage": "proxmox"
              }
            ],
            "vcpus": 0,
            "vga": [],
            "vlan": -1,
            "vmid": 129
          },
          "sensitive_attributes": [],
          "private": "bnVsbA=="
        }
      ]
    },
    {
      "module": "module.scheduler0",
      "mode": "managed",
      "type": "proxmox_vm_qemu",
      "name": "node",
      "provider": "module.scheduler0.provider[\"registry.terraform.io/telmate/proxmox\"]",
      "instances": [
        {
          "schema_version": 0,
          "attributes": {
            "additional_wait": 0,
            "agent": 0,
            "args": "-device virtio-rng-pci",
            "balloon": 1024,
            "bios": "seabios",
            "boot": "c",
            "bootdisk": "virtio0",
            "bridge": "",
            "ci_wait": null,
            "cicustom": "",
            "cipassword": "",
            "ciuser": "root",
            "clone": "template-debian-10",
            "clone_wait": 0,
            "cloudinit_cdrom_storage": null,
            "cores": 4,
            "cpu": "kvm64",
            "default_ipv4_address": null,
            "define_connection_info": true,
            "desc": "Scheduler api services",
            "disk": [
              {
                "backup": 0,
                "cache": "none",
                "discard": "",
                "file": "vm-116-disk-1",
                "format": "raw",
                "iothread": 0,
                "mbps": 0,
                "mbps_rd": 0,
                "mbps_rd_max": 0,
                "mbps_wr": 0,
                "mbps_wr_max": 0,
                "media": "disk",
                "replicate": 0,
                "size": "32G",
                "slot": 0,
                "ssd": 0,
                "storage": "proxmox",
                "storage_type": "rbd",
                "type": "virtio",
                "volume": "proxmox:vm-116-disk-1"
              }
            ],
            "disk_gb": 0,
            "force_create": false,
            "force_recreate_on_change_of": null,
            "full_clone": false,
            "guest_agent_ready_timeout": 100,
            "hagroup": "",
            "hastate": "",
            "hotplug": "network,disk,usb",
            "id": "pompidou/qemu/116",
            "ipconfig0": "ip=192.168.130.50/24,gw=192.168.130.1",
            "ipconfig1": "",
            "ipconfig2": "",
            "ipconfig3": "",
            "ipconfig4": "",
            "ipconfig5": "",
            "iso": null,
            "kvm": true,
            "mac": "",
            "memory": 8192,
            "name": "scheduler0",
            "nameserver": "192.168.100.29",
            "network": [
              {
                "bridge": "vmbr443",
                "firewall": false,
                "link_down": false,
                "macaddr": "92:02:7E:D0:B9:36",
                "model": "virtio",
                "queues": 0,
                "rate": 0,
                "tag": -1
              }
            ],
            "nic": "",
            "numa": false,
            "onboot": true,
            "oncreate": true,
            "os_network_config": null,
            "os_type": "cloud-init",
            "pool": "",
            "preprovision": true,
            "qemu_os": "other",
            "reboot_required": false,
            "scsihw": "virtio-scsi-pci",
            "searchdomain": "internal.staging.swh.network",
            "serial": [],
            "sockets": 1,
            "ssh_forward_ip": null,
            "ssh_host": "192.168.130.50",
            "ssh_port": "22",
            "ssh_private_key": null,
            "ssh_user": "root",
            "sshkeys": "ssh-rsa AAAAB3NzaC1yc2EAAAADAQABAAABAQDVKCfpeIMg7GS3Pk03ZAcBWAeDZ+AvWk2k/pPY0z8MJ3YAbqZkRtSK7yaDgJV6Gro7nn/TxdJLo2jEzzWvlC8d8AEzhZPy5Z/qfVVjqBTBM4H5+e+TItAHFfaY5+0WvIahxcfsfaq70MWfpJhszAah3ThJ4mqzYaw+dkr42+a7Gx3Ygpb/m2dpnFnxvXdcuAJYStmHKU5AWGWWM+Fm50/fdMqUfNd8MbKhkJt5ihXQmZWMOt7ls4N8i5NZWnS9YSWow8X/ENOEqCRN9TyRkc+pPS0w9DNi0BCsWvSRJOkyvQ6caEnKWlNoywCmM1AlIQD3k4RUgRWe0vqg/UKPpH3Z root@terraform\n\n\n\n",
            "storage": "",
            "storage_type": "",
            "tablet": true,
            "tags": "",
            "target_node": "pompidou",
            "timeouts": null,
            "unused_disk": [],
            "vcpus": 0,
            "vga": [],
            "vlan": -1,
            "vmid": 116
          },
          "sensitive_attributes": [],
          "private": "bnVsbA=="
        }
      ]
    },
    {
      "module": "module.scrubber0",
      "mode": "managed",
      "type": "proxmox_vm_qemu",
      "name": "node",
      "provider": "module.scrubber0.provider[\"registry.terraform.io/telmate/proxmox\"]",
      "instances": [
        {
          "schema_version": 0,
          "attributes": {
            "additional_wait": 0,
            "agent": 0,
            "args": "",
            "balloon": 1024,
            "bios": "seabios",
            "boot": "c",
            "bootdisk": "",
            "bridge": "",
            "ci_wait": null,
            "cicustom": "",
            "cipassword": "",
            "ciuser": "root",
            "clone": "debian-buster-2020-11-06",
            "clone_wait": 0,
            "cloudinit_cdrom_storage": null,
            "cores": 4,
            "cpu": "kvm64",
            "default_ipv4_address": null,
            "define_connection_info": true,
            "desc": "Scrubber checker services",
            "disk": [
              {
                "backup": 0,
                "cache": "none",
                "discard": "",
                "file": "base-10003-disk-0/vm-142-disk-0",
                "format": "raw",
                "iothread": 0,
                "mbps": 0,
                "mbps_rd": 0,
                "mbps_rd_max": 0,
                "mbps_wr": 0,
                "mbps_wr_max": 0,
                "media": "",
                "replicate": 0,
                "size": "30G",
                "slot": 0,
                "ssd": 0,
                "storage": "proxmox",
                "storage_type": "rbd",
                "type": "virtio",
                "volume": "proxmox:base-10003-disk-0/vm-142-disk-0"
              }
            ],
            "disk_gb": 0,
            "force_create": false,
            "force_recreate_on_change_of": null,
            "full_clone": false,
            "guest_agent_ready_timeout": 100,
            "hagroup": "",
            "hastate": "",
            "hotplug": "network,disk,usb",
            "id": "pompidou/qemu/142",
            "ipconfig0": "ip=192.168.130.120/24,gw=192.168.130.1",
            "ipconfig1": "",
            "ipconfig2": "",
            "ipconfig3": "",
            "ipconfig4": "",
            "ipconfig5": "",
            "iso": null,
            "kvm": true,
            "mac": "",
            "memory": 4096,
            "name": "scrubber0",
            "nameserver": "192.168.100.29",
            "network": [
              {
                "bridge": "vmbr443",
                "firewall": false,
                "link_down": false,
                "macaddr": "86:09:0A:61:AB:C1",
                "model": "virtio",
                "queues": 0,
                "rate": 0,
                "tag": -1
              }
            ],
            "nic": "",
            "numa": false,
            "onboot": true,
            "oncreate": true,
            "os_network_config": null,
            "os_type": "cloud-init",
            "pool": "",
            "preprovision": true,
            "qemu_os": "other",
            "reboot_required": false,
            "scsihw": "virtio-scsi-pci",
            "searchdomain": "internal.staging.swh.network",
            "serial": [],
            "sockets": 1,
            "ssh_forward_ip": null,
            "ssh_host": null,
            "ssh_port": null,
            "ssh_private_key": null,
            "ssh_user": "root",
            "sshkeys": "ssh-rsa AAAAB3NzaC1yc2EAAAADAQABAAABAQDVKCfpeIMg7GS3Pk03ZAcBWAeDZ+AvWk2k/pPY0z8MJ3YAbqZkRtSK7yaDgJV6Gro7nn/TxdJLo2jEzzWvlC8d8AEzhZPy5Z/qfVVjqBTBM4H5+e+TItAHFfaY5+0WvIahxcfsfaq70MWfpJhszAah3ThJ4mqzYaw+dkr42+a7Gx3Ygpb/m2dpnFnxvXdcuAJYStmHKU5AWGWWM+Fm50/fdMqUfNd8MbKhkJt5ihXQmZWMOt7ls4N8i5NZWnS9YSWow8X/ENOEqCRN9TyRkc+pPS0w9DNi0BCsWvSRJOkyvQ6caEnKWlNoywCmM1AlIQD3k4RUgRWe0vqg/UKPpH3Z root@terraform\n",
            "storage": "",
            "storage_type": "",
            "tablet": true,
            "tags": "",
            "target_node": "pompidou",
            "timeouts": null,
            "unused_disk": [],
            "vcpus": 0,
            "vga": [],
            "vlan": -1,
            "vmid": 142
          },
          "sensitive_attributes": [],
          "private": "eyJlMmJmYjczMC1lY2FhLTExZTYtOGY4OC0zNDM2M2JjN2M0YzAiOnsiY3JlYXRlIjozMDAwMDAwMDAwMDAsImRlZmF1bHQiOjMwMDAwMDAwMDAwMCwiZGVsZXRlIjoxODAwMDAwMDAwMDAsInJlYWQiOjE4MDAwMDAwMDAwMCwidXBkYXRlIjoxODAwMDAwMDAwMDB9fQ=="
        }
      ]
    },
    {
      "module": "module.search-esnode0",
      "mode": "managed",
      "type": "proxmox_vm_qemu",
      "name": "node",
      "provider": "module.search-esnode0.provider[\"registry.terraform.io/telmate/proxmox\"]",
      "instances": [
        {
          "schema_version": 0,
          "attributes": {
            "additional_wait": 0,
            "agent": 0,
            "args": "",
            "balloon": 9216,
            "bios": "seabios",
            "boot": "c",
            "bootdisk": "",
            "bridge": "",
            "ci_wait": null,
            "cicustom": "",
            "cipassword": "",
            "ciuser": "root",
            "clone": "debian-buster-2020-11-06",
            "clone_wait": 0,
            "cloudinit_cdrom_storage": null,
            "cores": 4,
            "cpu": "kvm64",
            "default_ipv4_address": null,
            "define_connection_info": true,
            "desc": "Node to host the elasticsearch instance",
            "disk": [
              {
                "backup": 0,
                "cache": "none",
                "discard": "",
                "file": "vm-130-disk-0",
                "format": "",
                "iothread": 0,
                "mbps": 0,
                "mbps_rd": 0,
                "mbps_rd_max": 0,
                "mbps_wr": 0,
                "mbps_wr_max": 0,
                "media": "disk",
                "replicate": 0,
                "size": "32G",
                "slot": 0,
                "ssd": 0,
                "storage": "proxmox",
                "storage_type": "rbd",
                "type": "virtio",
                "volume": "proxmox:vm-130-disk-0"
              },
              {
                "backup": 0,
                "cache": "none",
                "discard": "",
                "file": "vm-130-disk-1",
                "format": "raw",
                "iothread": 0,
                "mbps": 0,
                "mbps_rd": 0,
                "mbps_rd_max": 0,
                "mbps_wr": 0,
                "mbps_wr_max": 0,
                "media": "disk",
                "replicate": 0,
                "size": "200G",
                "slot": 1,
                "ssd": 0,
                "storage": "proxmox",
                "storage_type": "rbd",
                "type": "virtio",
                "volume": "proxmox:vm-130-disk-1"
              }
            ],
            "disk_gb": 0,
            "force_create": false,
            "force_recreate_on_change_of": null,
            "full_clone": false,
            "guest_agent_ready_timeout": 100,
            "hagroup": "",
            "hastate": "",
            "hotplug": "network,disk,usb",
            "id": "pompidou/qemu/130",
            "ipconfig0": "ip=192.168.130.80/24,gw=192.168.130.1",
            "ipconfig1": "",
            "ipconfig2": "",
            "ipconfig3": "",
            "ipconfig4": "",
            "ipconfig5": "",
            "iso": null,
            "kvm": true,
            "mac": "",
            "memory": 32768,
            "name": "search-esnode0",
            "nameserver": "192.168.100.29",
            "network": [
              {
                "bridge": "vmbr443",
                "firewall": false,
                "link_down": false,
                "macaddr": "96:74:49:BD:B5:08",
                "model": "virtio",
                "queues": 0,
                "rate": 0,
                "tag": -1
              }
            ],
            "nic": "",
            "numa": false,
            "onboot": true,
            "oncreate": true,
            "os_network_config": null,
            "os_type": "cloud-init",
            "pool": "",
            "preprovision": true,
            "qemu_os": "other",
            "reboot_required": false,
            "scsihw": "virtio-scsi-pci",
            "searchdomain": "internal.staging.swh.network",
            "serial": [],
            "sockets": 1,
            "ssh_forward_ip": null,
            "ssh_host": "192.168.130.80",
            "ssh_port": "22",
            "ssh_private_key": null,
            "ssh_user": "root",
            "sshkeys": "ssh-rsa AAAAB3NzaC1yc2EAAAADAQABAAABAQDVKCfpeIMg7GS3Pk03ZAcBWAeDZ+AvWk2k/pPY0z8MJ3YAbqZkRtSK7yaDgJV6Gro7nn/TxdJLo2jEzzWvlC8d8AEzhZPy5Z/qfVVjqBTBM4H5+e+TItAHFfaY5+0WvIahxcfsfaq70MWfpJhszAah3ThJ4mqzYaw+dkr42+a7Gx3Ygpb/m2dpnFnxvXdcuAJYStmHKU5AWGWWM+Fm50/fdMqUfNd8MbKhkJt5ihXQmZWMOt7ls4N8i5NZWnS9YSWow8X/ENOEqCRN9TyRkc+pPS0w9DNi0BCsWvSRJOkyvQ6caEnKWlNoywCmM1AlIQD3k4RUgRWe0vqg/UKPpH3Z root@terraform\n\n\n\n\n\n",
            "storage": "",
            "storage_type": "",
            "tablet": true,
            "tags": "",
            "target_node": "pompidou",
            "timeouts": null,
            "unused_disk": [
              {
                "file": "base-10003-disk-0/vm-130-disk-0",
                "slot": 0,
                "storage": "proxmox"
              }
            ],
            "vcpus": 0,
            "vga": [],
            "vlan": -1,
            "vmid": 130
          },
          "sensitive_attributes": [],
          "private": "bnVsbA=="
        }
      ]
    },
    {
      "module": "module.search0",
      "mode": "managed",
      "type": "proxmox_vm_qemu",
      "name": "node",
      "provider": "module.search0.provider[\"registry.terraform.io/telmate/proxmox\"]",
      "instances": [
        {
          "schema_version": 0,
          "attributes": {
            "additional_wait": 0,
            "agent": 0,
            "args": "",
            "balloon": 1024,
            "bios": "seabios",
            "boot": "c",
            "bootdisk": "",
            "bridge": "",
            "ci_wait": null,
            "cicustom": "",
            "cipassword": "",
            "ciuser": "root",
            "clone": "debian-buster-2020-11-06",
            "clone_wait": 0,
            "cloudinit_cdrom_storage": null,
            "cores": 2,
            "cpu": "kvm64",
            "default_ipv4_address": null,
            "define_connection_info": true,
            "desc": "Node to host the swh-search rpc backend service",
            "disk": [
              {
                "backup": 0,
                "cache": "none",
                "discard": "",
                "file": "vm-131-disk-0",
                "format": "",
                "iothread": 0,
                "mbps": 0,
                "mbps_rd": 0,
                "mbps_rd_max": 0,
                "mbps_wr": 0,
                "mbps_wr_max": 0,
                "media": "disk",
                "replicate": 0,
                "size": "32G",
                "slot": 0,
                "ssd": 0,
                "storage": "proxmox",
                "storage_type": "rbd",
                "type": "virtio",
                "volume": "proxmox:vm-131-disk-0"
              }
            ],
            "disk_gb": 0,
            "force_create": false,
            "force_recreate_on_change_of": null,
            "full_clone": false,
            "guest_agent_ready_timeout": 100,
            "hagroup": "",
            "hastate": "",
            "hotplug": "network,disk,usb",
            "id": "pompidou/qemu/131",
            "ipconfig0": "ip=192.168.130.90/24,gw=192.168.130.1",
            "ipconfig1": "",
            "ipconfig2": "",
            "ipconfig3": "",
            "ipconfig4": "",
            "ipconfig5": "",
            "iso": null,
            "kvm": true,
            "mac": "",
            "memory": 4096,
            "name": "search0",
            "nameserver": "192.168.100.29",
            "network": [
              {
                "bridge": "vmbr443",
                "firewall": false,
                "link_down": false,
                "macaddr": "EE:FA:76:55:CF:99",
                "model": "virtio",
                "queues": 0,
                "rate": 0,
                "tag": -1
              }
            ],
            "nic": "",
            "numa": false,
            "onboot": true,
            "oncreate": true,
            "os_network_config": null,
            "os_type": "cloud-init",
            "pool": "",
            "preprovision": true,
            "qemu_os": "other",
            "reboot_required": false,
            "scsihw": "virtio-scsi-pci",
            "searchdomain": "internal.staging.swh.network",
            "serial": [],
            "sockets": 1,
            "ssh_forward_ip": null,
            "ssh_host": "192.168.130.90",
            "ssh_port": "22",
            "ssh_private_key": null,
            "ssh_user": "root",
            "sshkeys": "ssh-rsa AAAAB3NzaC1yc2EAAAADAQABAAABAQDVKCfpeIMg7GS3Pk03ZAcBWAeDZ+AvWk2k/pPY0z8MJ3YAbqZkRtSK7yaDgJV6Gro7nn/TxdJLo2jEzzWvlC8d8AEzhZPy5Z/qfVVjqBTBM4H5+e+TItAHFfaY5+0WvIahxcfsfaq70MWfpJhszAah3ThJ4mqzYaw+dkr42+a7Gx3Ygpb/m2dpnFnxvXdcuAJYStmHKU5AWGWWM+Fm50/fdMqUfNd8MbKhkJt5ihXQmZWMOt7ls4N8i5NZWnS9YSWow8X/ENOEqCRN9TyRkc+pPS0w9DNi0BCsWvSRJOkyvQ6caEnKWlNoywCmM1AlIQD3k4RUgRWe0vqg/UKPpH3Z root@terraform\n",
            "storage": "",
            "storage_type": "",
            "tablet": true,
            "tags": "",
            "target_node": "pompidou",
            "timeouts": null,
            "unused_disk": [
              {
                "file": "base-10003-disk-0/vm-131-disk-0",
                "slot": 0,
                "storage": "proxmox"
              }
            ],
            "vcpus": 0,
            "vga": [],
            "vlan": -1,
            "vmid": 131
          },
          "sensitive_attributes": [],
          "private": "bnVsbA=="
        }
      ]
    },
    {
      "module": "module.vault",
      "mode": "managed",
      "type": "proxmox_vm_qemu",
      "name": "node",
      "provider": "module.vault.provider[\"registry.terraform.io/telmate/proxmox\"]",
      "instances": [
        {
          "schema_version": 0,
          "attributes": {
            "additional_wait": 0,
            "agent": 0,
            "args": "-device virtio-rng-pci",
            "balloon": 1024,
            "bios": "seabios",
            "boot": "c",
            "bootdisk": "virtio0",
            "bridge": "",
            "ci_wait": null,
            "cicustom": "",
            "cipassword": "",
            "ciuser": "root",
            "clone": "template-debian-10",
            "clone_wait": 0,
            "cloudinit_cdrom_storage": null,
            "cores": 4,
            "cpu": "kvm64",
            "default_ipv4_address": null,
            "define_connection_info": true,
            "desc": "Vault services node",
            "disk": [
              {
                "backup": 0,
                "cache": "none",
                "discard": "",
                "file": "vm-121-disk-0",
                "format": "raw",
                "iothread": 0,
                "mbps": 0,
                "mbps_rd": 0,
                "mbps_rd_max": 0,
                "mbps_wr": 0,
                "mbps_wr_max": 0,
                "media": "disk",
                "replicate": 0,
                "size": "32G",
                "slot": 0,
                "ssd": 0,
                "storage": "proxmox",
                "storage_type": "rbd",
                "type": "virtio",
                "volume": "proxmox:vm-121-disk-0"
              }
            ],
            "disk_gb": 0,
            "force_create": false,
            "force_recreate_on_change_of": null,
            "full_clone": false,
            "guest_agent_ready_timeout": 100,
            "hagroup": "",
            "hastate": "",
            "hotplug": "network,disk,usb",
            "id": "pompidou/qemu/121",
            "ipconfig0": "ip=192.168.130.60/24,gw=192.168.130.1",
            "ipconfig1": "",
            "ipconfig2": "",
            "ipconfig3": "",
            "ipconfig4": "",
            "ipconfig5": "",
            "iso": null,
            "kvm": true,
            "mac": "",
            "memory": 8192,
            "name": "vault",
            "nameserver": "192.168.100.29",
            "network": [
              {
                "bridge": "vmbr443",
                "firewall": false,
                "link_down": false,
                "macaddr": "16:15:1C:79:CB:DB",
                "model": "virtio",
                "queues": 0,
                "rate": 0,
                "tag": -1
              }
            ],
            "nic": "",
            "numa": false,
            "onboot": true,
            "oncreate": true,
            "os_network_config": null,
            "os_type": "cloud-init",
            "pool": "",
            "preprovision": true,
            "qemu_os": "other",
            "reboot_required": false,
            "scsihw": "virtio-scsi-pci",
            "searchdomain": "internal.staging.swh.network",
            "serial": [],
            "sockets": 1,
            "ssh_forward_ip": null,
            "ssh_host": "192.168.130.60",
            "ssh_port": "22",
            "ssh_private_key": null,
            "ssh_user": "root",
            "sshkeys": "ssh-rsa AAAAB3NzaC1yc2EAAAADAQABAAABAQDVKCfpeIMg7GS3Pk03ZAcBWAeDZ+AvWk2k/pPY0z8MJ3YAbqZkRtSK7yaDgJV6Gro7nn/TxdJLo2jEzzWvlC8d8AEzhZPy5Z/qfVVjqBTBM4H5+e+TItAHFfaY5+0WvIahxcfsfaq70MWfpJhszAah3ThJ4mqzYaw+dkr42+a7Gx3Ygpb/m2dpnFnxvXdcuAJYStmHKU5AWGWWM+Fm50/fdMqUfNd8MbKhkJt5ihXQmZWMOt7ls4N8i5NZWnS9YSWow8X/ENOEqCRN9TyRkc+pPS0w9DNi0BCsWvSRJOkyvQ6caEnKWlNoywCmM1AlIQD3k4RUgRWe0vqg/UKPpH3Z root@terraform\n\n\n\n",
            "storage": "",
            "storage_type": "",
            "tablet": true,
            "tags": "",
            "target_node": "pompidou",
            "timeouts": null,
            "unused_disk": [],
            "vcpus": 0,
            "vga": [],
            "vlan": -1,
            "vmid": 121
          },
          "sensitive_attributes": [],
          "private": "bnVsbA=="
        }
      ]
    },
    {
      "module": "module.webapp",
      "mode": "managed",
      "type": "proxmox_vm_qemu",
      "name": "node",
      "provider": "module.webapp.provider[\"registry.terraform.io/telmate/proxmox\"]",
      "instances": [
        {
          "schema_version": 0,
          "attributes": {
            "additional_wait": 0,
            "agent": 0,
            "args": "-device virtio-rng-pci",
            "balloon": 1024,
            "bios": "seabios",
            "boot": "c",
            "bootdisk": "virtio0",
            "bridge": "",
            "ci_wait": null,
            "cicustom": "",
            "cipassword": "",
            "ciuser": "root",
            "clone": "template-debian-10",
            "clone_wait": 0,
            "cloudinit_cdrom_storage": null,
            "cores": 4,
            "cpu": "kvm64",
            "default_ipv4_address": null,
            "define_connection_info": true,
            "desc": "Archive/Webapp service node",
            "disk": [
              {
                "backup": 0,
                "cache": "none",
                "discard": "",
                "file": "vm-119-disk-0",
                "format": "raw",
                "iothread": 0,
                "mbps": 0,
                "mbps_rd": 0,
                "mbps_rd_max": 0,
                "mbps_wr": 0,
                "mbps_wr_max": 0,
                "media": "disk",
                "replicate": 0,
                "size": "32G",
                "slot": 0,
                "ssd": 0,
                "storage": "proxmox",
                "storage_type": "rbd",
                "type": "virtio",
                "volume": "proxmox:vm-119-disk-0"
              }
            ],
            "disk_gb": 0,
            "force_create": false,
            "force_recreate_on_change_of": null,
            "full_clone": false,
            "guest_agent_ready_timeout": 100,
            "hagroup": "",
            "hastate": "",
            "hotplug": "network,disk,usb",
            "id": "pompidou/qemu/119",
            "ipconfig0": "ip=192.168.130.30/24,gw=192.168.130.1",
            "ipconfig1": "",
            "ipconfig2": "",
            "ipconfig3": "",
            "ipconfig4": "",
            "ipconfig5": "",
            "iso": null,
            "kvm": true,
            "mac": "",
            "memory": 16384,
            "name": "webapp",
            "nameserver": "192.168.100.29",
            "network": [
              {
                "bridge": "vmbr443",
                "firewall": false,
                "link_down": false,
                "macaddr": "1A:00:39:95:D4:5F",
                "model": "virtio",
                "queues": 0,
                "rate": 0,
                "tag": -1
              }
            ],
            "nic": "",
            "numa": false,
            "onboot": true,
            "oncreate": true,
            "os_network_config": null,
            "os_type": "cloud-init",
            "pool": "",
            "preprovision": true,
            "qemu_os": "other",
            "reboot_required": false,
            "scsihw": "virtio-scsi-pci",
            "searchdomain": "internal.staging.swh.network",
            "serial": [],
            "sockets": 1,
            "ssh_forward_ip": null,
            "ssh_host": "192.168.130.30",
            "ssh_port": "22",
            "ssh_private_key": null,
            "ssh_user": "root",
            "sshkeys": "ssh-rsa AAAAB3NzaC1yc2EAAAADAQABAAABAQDVKCfpeIMg7GS3Pk03ZAcBWAeDZ+AvWk2k/pPY0z8MJ3YAbqZkRtSK7yaDgJV6Gro7nn/TxdJLo2jEzzWvlC8d8AEzhZPy5Z/qfVVjqBTBM4H5+e+TItAHFfaY5+0WvIahxcfsfaq70MWfpJhszAah3ThJ4mqzYaw+dkr42+a7Gx3Ygpb/m2dpnFnxvXdcuAJYStmHKU5AWGWWM+Fm50/fdMqUfNd8MbKhkJt5ihXQmZWMOt7ls4N8i5NZWnS9YSWow8X/ENOEqCRN9TyRkc+pPS0w9DNi0BCsWvSRJOkyvQ6caEnKWlNoywCmM1AlIQD3k4RUgRWe0vqg/UKPpH3Z root@terraform\n\n\n\n",
            "storage": "",
            "storage_type": "",
            "tablet": true,
            "tags": "",
            "target_node": "pompidou",
            "timeouts": null,
            "unused_disk": [],
            "vcpus": 0,
            "vga": [],
            "vlan": -1,
            "vmid": 119
          },
          "sensitive_attributes": [],
          "private": "bnVsbA=="
        }
      ]
    },
    {
      "module": "module.worker0",
      "mode": "managed",
      "type": "proxmox_vm_qemu",
      "name": "node",
      "provider": "module.worker0.provider[\"registry.terraform.io/telmate/proxmox\"]",
      "instances": [
        {
          "schema_version": 0,
          "attributes": {
            "additional_wait": 0,
            "agent": 0,
            "args": "-device virtio-rng-pci",
            "balloon": 4096,
            "bios": "seabios",
            "boot": "c",
            "bootdisk": "virtio0",
            "bridge": "",
            "ci_wait": null,
            "cicustom": "",
            "cipassword": "",
            "ciuser": "root",
            "clone": "template-debian-10",
            "clone_wait": 0,
            "cloudinit_cdrom_storage": null,
            "cores": 4,
            "cpu": "kvm64",
            "default_ipv4_address": null,
            "define_connection_info": true,
            "desc": "Loader/lister service node",
            "disk": [
              {
                "backup": 0,
                "cache": "none",
                "discard": "",
                "file": "vm-117-disk-0",
                "format": "raw",
                "iothread": 0,
                "mbps": 0,
                "mbps_rd": 0,
                "mbps_rd_max": 0,
                "mbps_wr": 0,
                "mbps_wr_max": 0,
                "media": "",
                "replicate": 0,
                "size": "32G",
                "slot": 0,
                "ssd": 0,
                "storage": "proxmox",
                "storage_type": "rbd",
                "type": "virtio",
                "volume": "proxmox:vm-117-disk-0"
              }
            ],
            "disk_gb": 0,
            "force_create": false,
            "force_recreate_on_change_of": null,
            "full_clone": false,
            "guest_agent_ready_timeout": 100,
            "hagroup": "",
            "hastate": "",
            "hotplug": "network,disk,usb",
            "id": "pompidou/qemu/117",
            "ipconfig0": "ip=192.168.130.100/24,gw=192.168.130.1",
            "ipconfig1": "",
            "ipconfig2": "",
            "ipconfig3": "",
            "ipconfig4": "",
            "ipconfig5": "",
            "iso": null,
            "kvm": true,
            "mac": "",
            "memory": 24576,
            "name": "worker0",
            "nameserver": "192.168.100.29",
            "network": [
              {
                "bridge": "vmbr443",
                "firewall": false,
                "link_down": false,
                "macaddr": "72:D9:03:46:B1:47",
                "model": "virtio",
                "queues": 0,
                "rate": 0,
                "tag": -1
              }
            ],
            "nic": "",
            "numa": false,
            "onboot": false,
            "oncreate": true,
            "os_network_config": null,
            "os_type": "cloud-init",
            "pool": "",
            "preprovision": true,
            "qemu_os": "other",
            "reboot_required": false,
            "scsihw": "virtio-scsi-pci",
            "searchdomain": "internal.staging.swh.network",
            "serial": [],
            "sockets": 1,
            "ssh_forward_ip": null,
            "ssh_host": "192.168.130.100",
            "ssh_port": "22",
            "ssh_private_key": null,
            "ssh_user": "root",
            "sshkeys": "ssh-rsa AAAAB3NzaC1yc2EAAAADAQABAAABAQDVKCfpeIMg7GS3Pk03ZAcBWAeDZ+AvWk2k/pPY0z8MJ3YAbqZkRtSK7yaDgJV6Gro7nn/TxdJLo2jEzzWvlC8d8AEzhZPy5Z/qfVVjqBTBM4H5+e+TItAHFfaY5+0WvIahxcfsfaq70MWfpJhszAah3ThJ4mqzYaw+dkr42+a7Gx3Ygpb/m2dpnFnxvXdcuAJYStmHKU5AWGWWM+Fm50/fdMqUfNd8MbKhkJt5ihXQmZWMOt7ls4N8i5NZWnS9YSWow8X/ENOEqCRN9TyRkc+pPS0w9DNi0BCsWvSRJOkyvQ6caEnKWlNoywCmM1AlIQD3k4RUgRWe0vqg/UKPpH3Z root@terraform\n\n\n\n\n\n\n\n\n\n\n",
            "storage": "",
            "storage_type": "",
            "tablet": true,
            "tags": "",
            "target_node": "pompidou",
            "timeouts": null,
            "unused_disk": [],
            "vcpus": 0,
            "vga": [],
            "vlan": -1,
            "vmid": 117
          },
          "sensitive_attributes": [],
          "private": "eyJlMmJmYjczMC1lY2FhLTExZTYtOGY4OC0zNDM2M2JjN2M0YzAiOnsiY3JlYXRlIjozMDAwMDAwMDAwMDAsImRlZmF1bHQiOjMwMDAwMDAwMDAwMCwiZGVsZXRlIjoxODAwMDAwMDAwMDAsInJlYWQiOjE4MDAwMDAwMDAwMCwidXBkYXRlIjoxODAwMDAwMDAwMDB9fQ=="
        }
      ]
    },
    {
      "module": "module.worker1",
      "mode": "managed",
      "type": "proxmox_vm_qemu",
      "name": "node",
      "provider": "module.worker1.provider[\"registry.terraform.io/telmate/proxmox\"]",
      "instances": [
        {
          "schema_version": 0,
          "attributes": {
            "additional_wait": 0,
            "agent": 0,
            "args": "-device virtio-rng-pci",
            "balloon": 4096,
            "bios": "seabios",
            "boot": "c",
            "bootdisk": "virtio0",
            "bridge": "",
            "ci_wait": null,
            "cicustom": "",
            "cipassword": "",
            "ciuser": "root",
            "clone": "template-debian-10",
            "clone_wait": 0,
            "cloudinit_cdrom_storage": null,
            "cores": 4,
            "cpu": "kvm64",
            "default_ipv4_address": null,
            "define_connection_info": true,
            "desc": "Loader/lister service node",
            "disk": [
              {
                "backup": 0,
                "cache": "none",
                "discard": "",
                "file": "vm-118-disk-0",
                "format": "raw",
                "iothread": 0,
                "mbps": 0,
                "mbps_rd": 0,
                "mbps_rd_max": 0,
                "mbps_wr": 0,
                "mbps_wr_max": 0,
                "media": "",
                "replicate": 0,
                "size": "32G",
                "slot": 0,
                "ssd": 0,
                "storage": "proxmox",
                "storage_type": "rbd",
                "type": "virtio",
                "volume": "proxmox:vm-118-disk-0"
              }
            ],
            "disk_gb": 0,
            "force_create": false,
            "force_recreate_on_change_of": null,
            "full_clone": false,
            "guest_agent_ready_timeout": 100,
            "hagroup": "",
            "hastate": "",
            "hotplug": "network,disk,usb",
            "id": "pompidou/qemu/118",
            "ipconfig0": "ip=192.168.130.101/24,gw=192.168.130.1",
            "ipconfig1": "",
            "ipconfig2": "",
            "ipconfig3": "",
            "ipconfig4": "",
            "ipconfig5": "",
            "iso": null,
            "kvm": true,
            "mac": "",
            "memory": 24576,
            "name": "worker1",
            "nameserver": "192.168.100.29",
            "network": [
              {
                "bridge": "vmbr443",
                "firewall": false,
                "link_down": false,
                "macaddr": "D6:A9:6F:02:E3:66",
                "model": "virtio",
                "queues": 0,
                "rate": 0,
                "tag": -1
              }
            ],
            "nic": "",
            "numa": false,
            "onboot": false,
            "oncreate": true,
            "os_network_config": null,
            "os_type": "cloud-init",
            "pool": "",
            "preprovision": true,
            "qemu_os": "other",
            "reboot_required": false,
            "scsihw": "virtio-scsi-pci",
            "searchdomain": "internal.staging.swh.network",
            "serial": [],
            "sockets": 1,
            "ssh_forward_ip": null,
            "ssh_host": "192.168.130.101",
            "ssh_port": "22",
            "ssh_private_key": null,
            "ssh_user": "root",
            "sshkeys": "ssh-rsa AAAAB3NzaC1yc2EAAAADAQABAAABAQDVKCfpeIMg7GS3Pk03ZAcBWAeDZ+AvWk2k/pPY0z8MJ3YAbqZkRtSK7yaDgJV6Gro7nn/TxdJLo2jEzzWvlC8d8AEzhZPy5Z/qfVVjqBTBM4H5+e+TItAHFfaY5+0WvIahxcfsfaq70MWfpJhszAah3ThJ4mqzYaw+dkr42+a7Gx3Ygpb/m2dpnFnxvXdcuAJYStmHKU5AWGWWM+Fm50/fdMqUfNd8MbKhkJt5ihXQmZWMOt7ls4N8i5NZWnS9YSWow8X/ENOEqCRN9TyRkc+pPS0w9DNi0BCsWvSRJOkyvQ6caEnKWlNoywCmM1AlIQD3k4RUgRWe0vqg/UKPpH3Z root@terraform\n\n\n\n\n\n\n\n\n\n\n",
            "storage": "",
            "storage_type": "",
            "tablet": true,
            "tags": "",
            "target_node": "pompidou",
            "timeouts": null,
            "unused_disk": [],
            "vcpus": 0,
            "vga": [],
            "vlan": -1,
            "vmid": 118
          },
          "sensitive_attributes": [],
          "private": "eyJlMmJmYjczMC1lY2FhLTExZTYtOGY4OC0zNDM2M2JjN2M0YzAiOnsiY3JlYXRlIjozMDAwMDAwMDAwMDAsImRlZmF1bHQiOjMwMDAwMDAwMDAwMCwiZGVsZXRlIjoxODAwMDAwMDAwMDAsInJlYWQiOjE4MDAwMDAwMDAwMCwidXBkYXRlIjoxODAwMDAwMDAwMDB9fQ=="
        }
      ]
    },
    {
      "module": "module.worker2",
      "mode": "managed",
      "type": "proxmox_vm_qemu",
      "name": "node",
      "provider": "module.worker2.provider[\"registry.terraform.io/telmate/proxmox\"]",
      "instances": [
        {
          "schema_version": 0,
          "attributes": {
            "additional_wait": 0,
            "agent": 0,
            "args": "",
            "balloon": 4096,
            "bios": "seabios",
            "boot": "c",
            "bootdisk": "virtio0",
            "bridge": "",
            "ci_wait": null,
            "cicustom": "",
            "cipassword": "",
            "ciuser": "root",
            "clone": "template-debian-10",
            "clone_wait": 0,
            "cloudinit_cdrom_storage": null,
            "cores": 4,
            "cpu": "kvm64",
            "default_ipv4_address": null,
            "define_connection_info": true,
            "desc": "Loader/lister service node",
            "disk": [
              {
                "backup": 0,
                "cache": "none",
                "discard": "",
                "file": "vm-112-disk-1",
                "format": "raw",
                "iothread": 0,
                "mbps": 0,
                "mbps_rd": 0,
                "mbps_rd_max": 0,
                "mbps_wr": 0,
                "mbps_wr_max": 0,
                "media": "",
                "replicate": 0,
                "size": "32G",
                "slot": 0,
                "ssd": 0,
                "storage": "proxmox",
                "storage_type": "rbd",
                "type": "virtio",
                "volume": "proxmox:vm-112-disk-1"
              }
            ],
            "disk_gb": 0,
            "force_create": false,
            "force_recreate_on_change_of": null,
            "full_clone": false,
            "guest_agent_ready_timeout": 100,
            "hagroup": "",
            "hastate": "",
            "hotplug": "network,disk,usb",
            "id": "pompidou/qemu/112",
            "ipconfig0": "ip=192.168.130.102/24,gw=192.168.130.1",
            "ipconfig1": "",
            "ipconfig2": "",
            "ipconfig3": "",
            "ipconfig4": "",
            "ipconfig5": "",
            "iso": null,
            "kvm": true,
            "mac": "",
            "memory": 24576,
            "name": "worker2",
            "nameserver": "192.168.100.29",
            "network": [
              {
                "bridge": "vmbr443",
                "firewall": false,
                "link_down": false,
                "macaddr": "AA:57:27:51:75:18",
                "model": "virtio",
                "queues": 0,
                "rate": 0,
                "tag": -1
              }
            ],
            "nic": "",
            "numa": false,
            "onboot": false,
            "oncreate": true,
            "os_network_config": null,
            "os_type": "cloud-init",
            "pool": "",
            "preprovision": true,
            "qemu_os": "other",
            "reboot_required": false,
            "scsihw": "virtio-scsi-pci",
            "searchdomain": "internal.staging.swh.network",
            "serial": [],
            "sockets": 1,
            "ssh_forward_ip": null,
            "ssh_host": "192.168.130.102",
            "ssh_port": "22",
            "ssh_private_key": null,
            "ssh_user": "root",
            "sshkeys": "ssh-rsa AAAAB3NzaC1yc2EAAAADAQABAAABAQDVKCfpeIMg7GS3Pk03ZAcBWAeDZ+AvWk2k/pPY0z8MJ3YAbqZkRtSK7yaDgJV6Gro7nn/TxdJLo2jEzzWvlC8d8AEzhZPy5Z/qfVVjqBTBM4H5+e+TItAHFfaY5+0WvIahxcfsfaq70MWfpJhszAah3ThJ4mqzYaw+dkr42+a7Gx3Ygpb/m2dpnFnxvXdcuAJYStmHKU5AWGWWM+Fm50/fdMqUfNd8MbKhkJt5ihXQmZWMOt7ls4N8i5NZWnS9YSWow8X/ENOEqCRN9TyRkc+pPS0w9DNi0BCsWvSRJOkyvQ6caEnKWlNoywCmM1AlIQD3k4RUgRWe0vqg/UKPpH3Z root@terraform\n\n\n\n\n\n",
            "storage": "",
            "storage_type": "",
            "tablet": true,
            "tags": "",
            "target_node": "pompidou",
            "timeouts": null,
            "unused_disk": [],
            "vcpus": 0,
            "vga": [],
            "vlan": -1,
            "vmid": 112
          },
          "sensitive_attributes": [],
          "private": "eyJlMmJmYjczMC1lY2FhLTExZTYtOGY4OC0zNDM2M2JjN2M0YzAiOnsiY3JlYXRlIjozMDAwMDAwMDAwMDAsImRlZmF1bHQiOjMwMDAwMDAwMDAwMCwiZGVsZXRlIjoxODAwMDAwMDAwMDAsInJlYWQiOjE4MDAwMDAwMDAwMCwidXBkYXRlIjoxODAwMDAwMDAwMDB9fQ=="
        }
      ]
    },
    {
      "module": "module.worker3",
      "mode": "managed",
      "type": "proxmox_vm_qemu",
      "name": "node",
      "provider": "module.worker3.provider[\"registry.terraform.io/telmate/proxmox\"]",
      "instances": [
        {
          "schema_version": 0,
          "attributes": {
            "additional_wait": 0,
            "agent": 0,
            "args": "",
            "balloon": 4096,
            "bios": "seabios",
            "boot": "c",
            "bootdisk": "",
            "bridge": "",
            "ci_wait": null,
            "cicustom": "",
            "cipassword": "",
            "ciuser": "root",
            "clone": "debian-buster-2020-11-06",
            "clone_wait": 0,
            "cloudinit_cdrom_storage": null,
            "cores": 4,
            "cpu": "kvm64",
            "default_ipv4_address": null,
            "define_connection_info": true,
            "desc": "Indexer worker",
            "disk": [
              {
                "backup": 0,
                "cache": "none",
                "discard": "",
                "file": "vm-137-disk-0",
                "format": "",
                "iothread": 0,
                "mbps": 0,
                "mbps_rd": 0,
                "mbps_rd_max": 0,
                "mbps_wr": 0,
                "mbps_wr_max": 0,
                "media": "",
                "replicate": 0,
                "size": "32G",
                "slot": 0,
                "ssd": 0,
                "storage": "proxmox",
                "storage_type": "rbd",
                "type": "virtio",
                "volume": "proxmox:vm-137-disk-0"
              }
            ],
            "disk_gb": 0,
            "force_create": false,
            "force_recreate_on_change_of": null,
            "full_clone": false,
            "guest_agent_ready_timeout": 100,
            "hagroup": "",
            "hastate": "",
            "hotplug": "network,disk,usb",
            "id": "pompidou/qemu/137",
            "ipconfig0": "ip=192.168.130.103/24,gw=192.168.130.1",
            "ipconfig1": "",
            "ipconfig2": "",
            "ipconfig3": "",
            "ipconfig4": "",
            "ipconfig5": "",
            "iso": null,
            "kvm": true,
            "mac": "",
            "memory": 24576,
            "name": "worker3",
            "nameserver": "192.168.100.29",
            "network": [
              {
                "bridge": "vmbr443",
                "firewall": false,
                "link_down": false,
                "macaddr": "1A:F8:1A:2C:12:E1",
                "model": "virtio",
                "queues": 0,
                "rate": 0,
                "tag": -1
              }
            ],
            "nic": "",
            "numa": false,
            "onboot": false,
            "oncreate": true,
            "os_network_config": null,
            "os_type": "cloud-init",
            "pool": "",
            "preprovision": true,
            "qemu_os": "other",
            "reboot_required": false,
            "scsihw": "virtio-scsi-pci",
            "searchdomain": "internal.staging.swh.network",
            "serial": [],
            "sockets": 1,
            "ssh_forward_ip": null,
            "ssh_host": "192.168.130.103",
            "ssh_port": "22",
            "ssh_private_key": null,
            "ssh_user": "root",
            "sshkeys": "ssh-rsa AAAAB3NzaC1yc2EAAAADAQABAAABAQDVKCfpeIMg7GS3Pk03ZAcBWAeDZ+AvWk2k/pPY0z8MJ3YAbqZkRtSK7yaDgJV6Gro7nn/TxdJLo2jEzzWvlC8d8AEzhZPy5Z/qfVVjqBTBM4H5+e+TItAHFfaY5+0WvIahxcfsfaq70MWfpJhszAah3ThJ4mqzYaw+dkr42+a7Gx3Ygpb/m2dpnFnxvXdcuAJYStmHKU5AWGWWM+Fm50/fdMqUfNd8MbKhkJt5ihXQmZWMOt7ls4N8i5NZWnS9YSWow8X/ENOEqCRN9TyRkc+pPS0w9DNi0BCsWvSRJOkyvQ6caEnKWlNoywCmM1AlIQD3k4RUgRWe0vqg/UKPpH3Z root@terraform\n\n\n",
            "storage": "",
            "storage_type": "",
            "tablet": true,
            "tags": "",
            "target_node": "pompidou",
            "timeouts": null,
            "unused_disk": [
              {
                "file": "base-10003-disk-0/vm-137-disk-0",
                "slot": 0,
                "storage": "proxmox"
              }
            ],
            "vcpus": 0,
            "vga": [],
            "vlan": -1,
            "vmid": 137
          },
          "sensitive_attributes": [],
          "private": "eyJlMmJmYjczMC1lY2FhLTExZTYtOGY4OC0zNDM2M2JjN2M0YzAiOnsiY3JlYXRlIjozMDAwMDAwMDAwMDAsImRlZmF1bHQiOjMwMDAwMDAwMDAwMCwiZGVsZXRlIjoxODAwMDAwMDAwMDAsInJlYWQiOjE4MDAwMDAwMDAwMCwidXBkYXRlIjoxODAwMDAwMDAwMDB9fQ=="
        }
      ]
    }
  ]
}
