{
  "version": 4,
  "terraform_version": "0.13.5",
  "serial": 119,
  "lineage": "e2912de8-415d-4c35-8ee5-757008306227",
  "outputs": {
    "db0_summary": {
      "value": "\nhostname: db0\nfqdn: db0.internal.staging.swh.network\nnetwork: ip=192.168.130.10/24,gw=192.168.130.1 macaddrs=3A:65:31:7C:24:17\n",
      "type": "string"
    },
    "deposit_summary": {
      "value": "\nhostname: deposit\nfqdn: deposit.internal.staging.swh.network\nnetwork: ip=192.168.130.31/24,gw=192.168.130.1 macaddrs=9E:81:DD:58:15:3B\n",
      "type": "string"
    },
    "journal0_summary": {
      "value": "\nhostname: journal0\nfqdn: journal0.internal.staging.swh.network\nnetwork: ip=192.168.130.70/24,gw=192.168.130.1 macaddrs=1E:98:C2:66:BF:33\n",
      "type": "string"
    },
    "scheduler0_summary": {
      "value": "\nhostname: scheduler0\nfqdn: scheduler0.internal.staging.swh.network\nnetwork: ip=192.168.130.50/24,gw=192.168.130.1 macaddrs=92:02:7E:D0:B9:36\n",
      "type": "string"
    },
    "vault_summary": {
      "value": "\nhostname: vault\nfqdn: vault.internal.staging.swh.network\nnetwork: ip=192.168.130.60/24,gw=192.168.130.1 macaddrs=16:15:1C:79:CB:DB\n",
      "type": "string"
    },
    "webapp_summary": {
      "value": "\nhostname: webapp\nfqdn: webapp.internal.staging.swh.network\nnetwork: ip=192.168.130.30/24,gw=192.168.130.1 macaddrs=1A:00:39:95:D4:5F\n",
      "type": "string"
    },
    "worker0_summary": {
      "value": "\nhostname: worker0\nfqdn: worker0.internal.staging.swh.network\nnetwork: ip=192.168.130.100/24,gw=192.168.130.1 macaddrs=72:D9:03:46:B1:47\n",
      "type": "string"
    },
    "worker1_summary": {
      "value": "\nhostname: worker1\nfqdn: worker1.internal.staging.swh.network\nnetwork: ip=192.168.130.101/24,gw=192.168.130.1 macaddrs=D6:A9:6F:02:E3:66\n",
      "type": "string"
    },
    "worker2_summary": {
      "value": "\nhostname: worker2\nfqdn: worker2.internal.staging.swh.network\nnetwork: ip=192.168.130.102/24,gw=192.168.130.1 macaddrs=AA:57:27:51:75:18\n",
      "type": "string"
    }
  },
  "resources": [
    {
      "module": "module.db0",
      "mode": "managed",
      "type": "proxmox_vm_qemu",
      "name": "node",
      "provider": "module.db0.provider[\"local/telmate/proxmox\"]",
      "instances": [
        {
          "schema_version": 0,
          "attributes": {
            "agent": 0,
            "balloon": 1024,
            "bios": "seabios",
            "boot": "c",
            "bootdisk": "virtio0",
            "bridge": "",
            "ci_wait": null,
            "cicustom": "",
            "cipassword": "",
            "ciuser": "root",
            "clone": "template-debian-10",
            "clone_wait": 15,
            "cores": 4,
            "cpu": "host",
            "desc": "Node to host storage/indexer/scheduler dbs",
            "disk": [
              {
                "backup": false,
                "cache": "none",
                "discard": "",
                "format": "raw",
                "id": 0,
                "iothread": false,
                "mbps": 0,
                "mbps_rd": 0,
                "mbps_rd_max": 0,
                "mbps_wr": 0,
                "mbps_wr_max": 0,
                "replicate": false,
                "size": "400G",
                "ssd": false,
                "storage": "orsay-ssd-2018",
                "storage_type": "ssd",
                "type": "virtio"
              }
            ],
            "disk_gb": 0,
            "force_create": false,
            "full_clone": false,
            "hastate": "",
            "hotplug": "network,disk,usb",
            "id": "orsay/qemu/115",
            "ipconfig0": "ip=192.168.130.10/24,gw=192.168.130.1",
            "ipconfig1": "",
            "ipconfig2": "",
            "iso": null,
            "kvm": true,
            "mac": "",
            "memory": 16384,
            "name": "db0",
            "nameserver": "192.168.100.29",
            "network": [
              {
                "bridge": "vmbr443",
                "firewall": false,
                "id": 0,
                "link_down": false,
                "macaddr": "3A:65:31:7C:24:17",
                "model": "virtio",
                "queues": -1,
                "rate": -1,
                "tag": -1
              }
            ],
            "nic": "",
            "numa": false,
            "onboot": true,
            "os_network_config": null,
            "os_type": "cloud-init",
            "pool": "",
            "preprovision": true,
            "qemu_os": "other",
            "scsihw": "virtio-scsi-pci",
            "searchdomain": "internal.staging.swh.network",
            "serial": [],
            "sockets": 1,
            "ssh_forward_ip": null,
            "ssh_host": null,
            "ssh_port": null,
            "ssh_private_key": null,
            "ssh_user": "root",
            "sshkeys": "ssh-rsa AAAAB3NzaC1yc2EAAAADAQABAAABAQDVKCfpeIMg7GS3Pk03ZAcBWAeDZ+AvWk2k/pPY0z8MJ3YAbqZkRtSK7yaDgJV6Gro7nn/TxdJLo2jEzzWvlC8d8AEzhZPy5Z/qfVVjqBTBM4H5+e+TItAHFfaY5+0WvIahxcfsfaq70MWfpJhszAah3ThJ4mqzYaw+dkr42+a7Gx3Ygpb/m2dpnFnxvXdcuAJYStmHKU5AWGWWM+Fm50/fdMqUfNd8MbKhkJt5ihXQmZWMOt7ls4N8i5NZWnS9YSWow8X/ENOEqCRN9TyRkc+pPS0w9DNi0BCsWvSRJOkyvQ6caEnKWlNoywCmM1AlIQD3k4RUgRWe0vqg/UKPpH3Z root@terraform\n\n\n\n\n",
            "storage": "",
            "storage_type": "",
            "target_node": "orsay",
            "vcpus": 0,
            "vga": [],
            "vlan": -1,
            "vmid": 115
          },
          "private": "bnVsbA=="
        }
      ]
    },
    {
      "module": "module.deposit",
      "mode": "managed",
      "type": "proxmox_vm_qemu",
      "name": "node",
      "provider": "module.deposit.provider[\"local/telmate/proxmox\"]",
      "instances": [
        {
          "schema_version": 0,
          "attributes": {
            "agent": 0,
            "balloon": 1024,
            "bios": "seabios",
            "boot": "c",
            "bootdisk": "virtio0",
            "bridge": "",
            "ci_wait": null,
            "cicustom": "",
            "cipassword": "",
            "ciuser": "root",
            "clone": "template-debian-10",
            "clone_wait": 15,
            "cores": 4,
            "cpu": "host",
            "desc": "Deposit service node",
            "disk": [
              {
                "backup": false,
                "cache": "none",
                "discard": "",
                "format": "raw",
                "id": 0,
                "iothread": false,
                "mbps": 0,
                "mbps_rd": 0,
                "mbps_rd_max": 0,
                "mbps_wr": 0,
                "mbps_wr_max": 0,
                "replicate": false,
                "size": "32G",
                "ssd": false,
                "storage": "proxmox",
                "storage_type": "cephfs",
                "type": "virtio"
              }
            ],
            "disk_gb": 0,
            "force_create": false,
            "full_clone": false,
            "hastate": "",
            "hotplug": "network,disk,usb",
            "id": "beaubourg/qemu/120",
            "ipconfig0": "ip=192.168.130.31/24,gw=192.168.130.1",
            "ipconfig1": "",
            "ipconfig2": "",
            "iso": null,
            "kvm": true,
            "mac": "",
            "memory": 8192,
            "name": "deposit",
            "nameserver": "192.168.100.29",
            "network": [
              {
                "bridge": "vmbr443",
                "firewall": false,
                "id": 0,
                "link_down": false,
                "macaddr": "9E:81:DD:58:15:3B",
                "model": "virtio",
                "queues": -1,
                "rate": -1,
                "tag": -1
              }
            ],
            "nic": "",
            "numa": false,
            "onboot": true,
            "os_network_config": null,
            "os_type": "cloud-init",
            "pool": "",
            "preprovision": true,
            "qemu_os": "other",
            "scsihw": "virtio-scsi-pci",
            "searchdomain": "internal.staging.swh.network",
            "serial": [],
            "sockets": 1,
            "ssh_forward_ip": null,
            "ssh_host": "192.168.130.31",
            "ssh_port": "22",
            "ssh_private_key": null,
            "ssh_user": "root",
            "sshkeys": "ssh-rsa AAAAB3NzaC1yc2EAAAADAQABAAABAQDVKCfpeIMg7GS3Pk03ZAcBWAeDZ+AvWk2k/pPY0z8MJ3YAbqZkRtSK7yaDgJV6Gro7nn/TxdJLo2jEzzWvlC8d8AEzhZPy5Z/qfVVjqBTBM4H5+e+TItAHFfaY5+0WvIahxcfsfaq70MWfpJhszAah3ThJ4mqzYaw+dkr42+a7Gx3Ygpb/m2dpnFnxvXdcuAJYStmHKU5AWGWWM+Fm50/fdMqUfNd8MbKhkJt5ihXQmZWMOt7ls4N8i5NZWnS9YSWow8X/ENOEqCRN9TyRkc+pPS0w9DNi0BCsWvSRJOkyvQ6caEnKWlNoywCmM1AlIQD3k4RUgRWe0vqg/UKPpH3Z root@terraform\n\n\n\n",
            "storage": "",
            "storage_type": "",
            "target_node": "beaubourg",
            "vcpus": 0,
            "vga": [],
            "vlan": -1,
            "vmid": 120
          },
          "private": "bnVsbA=="
        }
      ]
    },
    {
      "module": "module.journal0",
      "mode": "managed",
      "type": "proxmox_vm_qemu",
      "name": "node",
      "provider": "module.journal0.provider[\"local/telmate/proxmox\"]",
      "instances": [
        {
          "schema_version": 0,
          "attributes": {
            "agent": 0,
            "balloon": 1024,
            "bios": "seabios",
            "boot": "c",
            "bootdisk": "virtio0",
            "bridge": "",
            "ci_wait": null,
            "cicustom": "",
            "cipassword": "",
            "ciuser": "root",
            "clone": "template-debian-10",
            "clone_wait": 15,
            "cores": 4,
            "cpu": "host",
            "desc": "Journal services node",
            "disk": [
              {
                "backup": false,
                "cache": "none",
                "discard": "",
                "format": "raw",
                "id": 0,
                "iothread": false,
                "mbps": 0,
                "mbps_rd": 0,
                "mbps_rd_max": 0,
                "mbps_wr": 0,
                "mbps_wr_max": 0,
                "replicate": false,
                "size": "32G",
                "ssd": false,
                "storage": "proxmox",
                "storage_type": "cephfs",
                "type": "virtio"
              }
            ],
            "disk_gb": 0,
            "force_create": false,
            "full_clone": false,
            "hastate": "",
            "hotplug": "network,disk,usb",
            "id": "beaubourg/qemu/122",
            "ipconfig0": "ip=192.168.130.70/24,gw=192.168.130.1",
            "ipconfig1": "",
            "ipconfig2": "",
            "iso": null,
            "kvm": true,
            "mac": "",
            "memory": 12288,
            "name": "journal0",
            "nameserver": "192.168.100.29",
            "network": [
              {
                "bridge": "vmbr443",
                "firewall": false,
                "id": 0,
                "link_down": false,
                "macaddr": "1E:98:C2:66:BF:33",
                "model": "virtio",
                "queues": -1,
                "rate": -1,
                "tag": -1
              }
            ],
            "nic": "",
            "numa": false,
            "onboot": true,
            "os_network_config": null,
            "os_type": "cloud-init",
            "pool": "",
            "preprovision": true,
            "qemu_os": "other",
            "scsihw": "virtio-scsi-pci",
            "searchdomain": "internal.staging.swh.network",
            "serial": [],
            "sockets": 1,
            "ssh_forward_ip": null,
            "ssh_host": "192.168.130.70",
            "ssh_port": "22",
            "ssh_private_key": null,
            "ssh_user": "root",
            "sshkeys": "ssh-rsa AAAAB3NzaC1yc2EAAAADAQABAAABAQDVKCfpeIMg7GS3Pk03ZAcBWAeDZ+AvWk2k/pPY0z8MJ3YAbqZkRtSK7yaDgJV6Gro7nn/TxdJLo2jEzzWvlC8d8AEzhZPy5Z/qfVVjqBTBM4H5+e+TItAHFfaY5+0WvIahxcfsfaq70MWfpJhszAah3ThJ4mqzYaw+dkr42+a7Gx3Ygpb/m2dpnFnxvXdcuAJYStmHKU5AWGWWM+Fm50/fdMqUfNd8MbKhkJt5ihXQmZWMOt7ls4N8i5NZWnS9YSWow8X/ENOEqCRN9TyRkc+pPS0w9DNi0BCsWvSRJOkyvQ6caEnKWlNoywCmM1AlIQD3k4RUgRWe0vqg/UKPpH3Z root@terraform\n\n\n\n",
            "storage": "",
            "storage_type": "",
            "target_node": "beaubourg",
            "vcpus": 0,
            "vga": [],
            "vlan": -1,
            "vmid": 122
          },
          "private": "bnVsbA=="
        }
      ]
    },
    {
      "module": "module.scheduler0",
      "mode": "managed",
      "type": "proxmox_vm_qemu",
      "name": "node",
      "provider": "module.scheduler0.provider[\"local/telmate/proxmox\"]",
      "instances": [
        {
          "schema_version": 0,
          "attributes": {
            "agent": 0,
            "balloon": 1024,
            "bios": "seabios",
            "boot": "c",
            "bootdisk": "virtio0",
            "bridge": "",
            "ci_wait": null,
            "cicustom": "",
            "cipassword": "",
            "ciuser": "root",
            "clone": "template-debian-10",
            "clone_wait": 15,
            "cores": 4,
            "cpu": "host",
            "desc": "Scheduler api services",
            "disk": [
              {
                "backup": false,
                "cache": "none",
                "discard": "",
                "format": "raw",
                "id": 0,
                "iothread": false,
                "mbps": 0,
                "mbps_rd": 0,
                "mbps_rd_max": 0,
                "mbps_wr": 0,
                "mbps_wr_max": 0,
                "replicate": false,
                "size": "32G",
                "ssd": false,
                "storage": "proxmox",
                "storage_type": "cephfs",
                "type": "virtio"
              }
            ],
            "disk_gb": 0,
            "force_create": false,
            "full_clone": false,
            "hastate": "",
            "hotplug": "network,disk,usb",
            "id": "beaubourg/qemu/116",
            "ipconfig0": "ip=192.168.130.50/24,gw=192.168.130.1",
            "ipconfig1": "",
            "ipconfig2": "",
            "iso": null,
            "kvm": true,
            "mac": "",
            "memory": 8192,
            "name": "scheduler0",
            "nameserver": "192.168.100.29",
            "network": [
              {
                "bridge": "vmbr443",
                "firewall": false,
                "id": 0,
                "link_down": false,
                "macaddr": "92:02:7E:D0:B9:36",
                "model": "virtio",
                "queues": -1,
                "rate": -1,
                "tag": -1
              }
            ],
            "nic": "",
            "numa": false,
            "onboot": true,
            "os_network_config": null,
            "os_type": "cloud-init",
            "pool": "",
            "preprovision": true,
            "qemu_os": "other",
            "scsihw": "virtio-scsi-pci",
            "searchdomain": "internal.staging.swh.network",
            "serial": [],
            "sockets": 1,
            "ssh_forward_ip": null,
            "ssh_host": "192.168.130.50",
            "ssh_port": "22",
            "ssh_private_key": null,
            "ssh_user": "root",
            "sshkeys": "ssh-rsa AAAAB3NzaC1yc2EAAAADAQABAAABAQDVKCfpeIMg7GS3Pk03ZAcBWAeDZ+AvWk2k/pPY0z8MJ3YAbqZkRtSK7yaDgJV6Gro7nn/TxdJLo2jEzzWvlC8d8AEzhZPy5Z/qfVVjqBTBM4H5+e+TItAHFfaY5+0WvIahxcfsfaq70MWfpJhszAah3ThJ4mqzYaw+dkr42+a7Gx3Ygpb/m2dpnFnxvXdcuAJYStmHKU5AWGWWM+Fm50/fdMqUfNd8MbKhkJt5ihXQmZWMOt7ls4N8i5NZWnS9YSWow8X/ENOEqCRN9TyRkc+pPS0w9DNi0BCsWvSRJOkyvQ6caEnKWlNoywCmM1AlIQD3k4RUgRWe0vqg/UKPpH3Z root@terraform\n\n\n\n",
            "storage": "",
            "storage_type": "",
            "target_node": "beaubourg",
            "vcpus": 0,
            "vga": [],
            "vlan": -1,
            "vmid": 116
          },
          "private": "bnVsbA=="
        }
      ]
    },
    {
      "module": "module.storage0",
      "mode": "managed",
      "type": "proxmox_vm_qemu",
      "name": "node",
      "provider": "module.storage0.provider[\"local/telmate/proxmox\"]",
      "instances": [
        {
          "schema_version": 0,
          "attributes": {
            "agent": 0,
            "balloon": 1024,
            "bios": "seabios",
            "boot": "c",
            "bootdisk": "virtio0",
            "bridge": "",
            "ci_wait": null,
            "cicustom": "",
            "cipassword": "",
            "ciuser": "root",
            "clone": "template-debian-10",
            "clone_wait": 15,
            "cores": 4,
            "cpu": "host",
            "desc": "swh storage services",
            "disk": [
              {
                "backup": false,
                "cache": "none",
                "discard": "",
                "format": "raw",
                "id": 0,
                "iothread": false,
                "mbps": 0,
                "mbps_rd": 0,
                "mbps_rd_max": 0,
                "mbps_wr": 0,
                "mbps_wr_max": 0,
                "replicate": false,
                "size": "32G",
                "ssd": false,
                "storage": "orsay-ssd-2018",
                "storage_type": "ssd",
                "type": "virtio"
              },
              {
                "backup": false,
                "cache": "none",
                "discard": "",
                "format": "raw",
                "id": 1,
                "iothread": false,
                "mbps": 0,
                "mbps_rd": 0,
                "mbps_rd_max": 0,
                "mbps_wr": 0,
                "mbps_wr_max": 0,
                "replicate": false,
                "size": "812G",
                "ssd": false,
                "storage": "orsay-ssd-2018",
                "storage_type": "ssd",
                "type": "virtio"
              }
            ],
            "disk_gb": 0,
            "force_create": false,
            "full_clone": false,
            "hastate": "",
            "hotplug": "network,disk,usb",
            "id": "orsay/qemu/114",
            "ipconfig0": "ip=192.168.130.40/24,gw=192.168.130.1",
            "ipconfig1": "",
            "ipconfig2": "",
            "iso": null,
            "kvm": true,
            "mac": "",
            "memory": 8192,
            "name": "storage0",
            "nameserver": "192.168.100.29",
            "network": [
              {
                "bridge": "vmbr443",
                "firewall": false,
                "id": 0,
                "link_down": false,
                "macaddr": "CA:73:7F:ED:F9:01",
                "model": "virtio",
                "queues": -1,
                "rate": -1,
                "tag": -1
              }
            ],
            "nic": "",
            "numa": false,
            "onboot": true,
            "os_network_config": null,
            "os_type": "cloud-init",
            "pool": "",
            "preprovision": true,
            "qemu_os": "other",
            "scsihw": "virtio-scsi-pci",
            "searchdomain": "internal.staging.swh.network",
            "serial": [],
            "sockets": 1,
            "ssh_forward_ip": null,
            "ssh_host": null,
            "ssh_port": null,
            "ssh_private_key": null,
            "ssh_user": "root",
            "sshkeys": "ssh-rsa AAAAB3NzaC1yc2EAAAADAQABAAABAQDVKCfpeIMg7GS3Pk03ZAcBWAeDZ+AvWk2k/pPY0z8MJ3YAbqZkRtSK7yaDgJV6Gro7nn/TxdJLo2jEzzWvlC8d8AEzhZPy5Z/qfVVjqBTBM4H5+e+TItAHFfaY5+0WvIahxcfsfaq70MWfpJhszAah3ThJ4mqzYaw+dkr42+a7Gx3Ygpb/m2dpnFnxvXdcuAJYStmHKU5AWGWWM+Fm50/fdMqUfNd8MbKhkJt5ihXQmZWMOt7ls4N8i5NZWnS9YSWow8X/ENOEqCRN9TyRkc+pPS0w9DNi0BCsWvSRJOkyvQ6caEnKWlNoywCmM1AlIQD3k4RUgRWe0vqg/UKPpH3Z root@terraform\n\n\n",
            "storage": "",
            "storage_type": "",
            "target_node": "orsay",
            "vcpus": 0,
            "vga": [],
            "vlan": -1,
            "vmid": 114
          },
          "private": "bnVsbA=="
        }
      ]
    },
    {
      "module": "module.vault",
      "mode": "managed",
      "type": "proxmox_vm_qemu",
      "name": "node",
      "provider": "module.vault.provider[\"local/telmate/proxmox\"]",
      "instances": [
        {
          "schema_version": 0,
          "attributes": {
            "agent": 0,
            "balloon": 1024,
            "bios": "seabios",
            "boot": "c",
            "bootdisk": "virtio0",
            "bridge": "",
            "ci_wait": null,
            "cicustom": "",
            "cipassword": "",
            "ciuser": "root",
            "clone": "template-debian-10",
            "clone_wait": 15,
            "cores": 4,
            "cpu": "host",
            "desc": "Vault services node",
            "disk": [
              {
                "backup": false,
                "cache": "none",
                "discard": "",
                "format": "raw",
                "id": 0,
                "iothread": false,
                "mbps": 0,
                "mbps_rd": 0,
                "mbps_rd_max": 0,
                "mbps_wr": 0,
                "mbps_wr_max": 0,
                "replicate": false,
                "size": "32G",
                "ssd": false,
                "storage": "proxmox",
                "storage_type": "cephfs",
                "type": "virtio"
              }
            ],
            "disk_gb": 0,
            "force_create": false,
            "full_clone": false,
            "hastate": "",
            "hotplug": "network,disk,usb",
            "id": "beaubourg/qemu/121",
            "ipconfig0": "ip=192.168.130.60/24,gw=192.168.130.1",
            "ipconfig1": "",
            "ipconfig2": "",
            "iso": null,
            "kvm": true,
            "mac": "",
            "memory": 8192,
            "name": "vault",
            "nameserver": "192.168.100.29",
            "network": [
              {
                "bridge": "vmbr443",
                "firewall": false,
                "id": 0,
                "link_down": false,
                "macaddr": "16:15:1C:79:CB:DB",
                "model": "virtio",
                "queues": -1,
                "rate": -1,
                "tag": -1
              }
            ],
            "nic": "",
            "numa": false,
            "onboot": true,
            "os_network_config": null,
            "os_type": "cloud-init",
            "pool": "",
            "preprovision": true,
            "qemu_os": "other",
            "scsihw": "virtio-scsi-pci",
            "searchdomain": "internal.staging.swh.network",
            "serial": [],
            "sockets": 1,
            "ssh_forward_ip": null,
            "ssh_host": "192.168.130.60",
            "ssh_port": "22",
            "ssh_private_key": null,
            "ssh_user": "root",
            "sshkeys": "ssh-rsa AAAAB3NzaC1yc2EAAAADAQABAAABAQDVKCfpeIMg7GS3Pk03ZAcBWAeDZ+AvWk2k/pPY0z8MJ3YAbqZkRtSK7yaDgJV6Gro7nn/TxdJLo2jEzzWvlC8d8AEzhZPy5Z/qfVVjqBTBM4H5+e+TItAHFfaY5+0WvIahxcfsfaq70MWfpJhszAah3ThJ4mqzYaw+dkr42+a7Gx3Ygpb/m2dpnFnxvXdcuAJYStmHKU5AWGWWM+Fm50/fdMqUfNd8MbKhkJt5ihXQmZWMOt7ls4N8i5NZWnS9YSWow8X/ENOEqCRN9TyRkc+pPS0w9DNi0BCsWvSRJOkyvQ6caEnKWlNoywCmM1AlIQD3k4RUgRWe0vqg/UKPpH3Z root@terraform\n\n\n\n",
            "storage": "",
            "storage_type": "",
            "target_node": "beaubourg",
            "vcpus": 0,
            "vga": [],
            "vlan": -1,
            "vmid": 121
          },
          "private": "bnVsbA=="
        }
      ]
    },
    {
      "module": "module.webapp",
      "mode": "managed",
      "type": "proxmox_vm_qemu",
      "name": "node",
      "provider": "module.webapp.provider[\"local/telmate/proxmox\"]",
      "instances": [
        {
          "schema_version": 0,
          "attributes": {
            "agent": 0,
            "balloon": 1024,
            "bios": "seabios",
            "boot": "c",
            "bootdisk": "virtio0",
            "bridge": "",
            "ci_wait": null,
            "cicustom": "",
            "cipassword": "",
            "ciuser": "root",
            "clone": "template-debian-10",
            "clone_wait": 15,
            "cores": 4,
            "cpu": "host",
            "desc": "Archive/Webapp service node",
            "disk": [
              {
                "backup": false,
                "cache": "none",
                "discard": "",
                "format": "raw",
                "id": 0,
                "iothread": false,
                "mbps": 0,
                "mbps_rd": 0,
                "mbps_rd_max": 0,
                "mbps_wr": 0,
                "mbps_wr_max": 0,
                "replicate": false,
                "size": "32G",
                "ssd": false,
                "storage": "proxmox",
                "storage_type": "cephfs",
                "type": "virtio"
              }
            ],
            "disk_gb": 0,
            "force_create": false,
            "full_clone": false,
            "hastate": "",
            "hotplug": "network,disk,usb",
            "id": "branly/qemu/119",
            "ipconfig0": "ip=192.168.130.30/24,gw=192.168.130.1",
            "ipconfig1": "",
            "ipconfig2": "",
            "iso": null,
            "kvm": true,
            "mac": "",
            "memory": 16384,
            "name": "webapp",
            "nameserver": "192.168.100.29",
            "network": [
              {
                "bridge": "vmbr443",
                "firewall": false,
                "id": 0,
                "link_down": false,
                "macaddr": "1A:00:39:95:D4:5F",
                "model": "virtio",
                "queues": -1,
                "rate": -1,
                "tag": -1
              }
            ],
            "nic": "",
            "numa": false,
            "onboot": true,
            "os_network_config": null,
            "os_type": "cloud-init",
            "pool": "",
            "preprovision": true,
            "qemu_os": "other",
            "scsihw": "virtio-scsi-pci",
            "searchdomain": "internal.staging.swh.network",
            "serial": [],
            "sockets": 1,
            "ssh_forward_ip": null,
            "ssh_host": "192.168.130.30",
            "ssh_port": "22",
            "ssh_private_key": null,
            "ssh_user": "root",
            "sshkeys": "ssh-rsa AAAAB3NzaC1yc2EAAAADAQABAAABAQDVKCfpeIMg7GS3Pk03ZAcBWAeDZ+AvWk2k/pPY0z8MJ3YAbqZkRtSK7yaDgJV6Gro7nn/TxdJLo2jEzzWvlC8d8AEzhZPy5Z/qfVVjqBTBM4H5+e+TItAHFfaY5+0WvIahxcfsfaq70MWfpJhszAah3ThJ4mqzYaw+dkr42+a7Gx3Ygpb/m2dpnFnxvXdcuAJYStmHKU5AWGWWM+Fm50/fdMqUfNd8MbKhkJt5ihXQmZWMOt7ls4N8i5NZWnS9YSWow8X/ENOEqCRN9TyRkc+pPS0w9DNi0BCsWvSRJOkyvQ6caEnKWlNoywCmM1AlIQD3k4RUgRWe0vqg/UKPpH3Z root@terraform\n\n\n\n",
            "storage": "",
            "storage_type": "",
            "target_node": "branly",
            "vcpus": 0,
            "vga": [],
            "vlan": -1,
            "vmid": 119
          },
          "private": "bnVsbA=="
        }
      ]
    },
    {
      "module": "module.worker0",
      "mode": "managed",
      "type": "proxmox_vm_qemu",
      "name": "node",
      "provider": "module.worker0.provider[\"local/telmate/proxmox\"]",
      "instances": [
        {
          "schema_version": 0,
          "attributes": {
            "agent": 0,
            "balloon": 1024,
            "bios": "seabios",
            "boot": "c",
            "bootdisk": "virtio0",
            "bridge": "",
            "ci_wait": null,
            "cicustom": "",
            "cipassword": "",
            "ciuser": "root",
            "clone": "template-debian-10",
            "clone_wait": 15,
            "cores": 4,
            "cpu": "host",
            "desc": "Loader/lister service node",
            "disk": [
              {
                "backup": false,
                "cache": "none",
                "discard": "",
                "format": "raw",
                "id": 0,
                "iothread": false,
                "mbps": 0,
                "mbps_rd": 0,
                "mbps_rd_max": 0,
                "mbps_wr": 0,
                "mbps_wr_max": 0,
                "replicate": false,
                "size": "32G",
                "ssd": false,
                "storage": "proxmox",
                "storage_type": "cephfs",
                "type": "virtio"
              }
            ],
            "disk_gb": 0,
            "force_create": false,
            "full_clone": false,
            "hastate": "",
            "hotplug": "network,disk,usb",
            "id": "beaubourg/qemu/117",
            "ipconfig0": "ip=192.168.130.100/24,gw=192.168.130.1",
            "ipconfig1": "",
            "ipconfig2": "",
            "iso": null,
            "kvm": true,
            "mac": "",
            "memory": 12288,
            "name": "worker0",
            "nameserver": "192.168.100.29",
            "network": [
              {
                "bridge": "vmbr443",
                "firewall": false,
                "id": 0,
                "link_down": false,
                "macaddr": "72:D9:03:46:B1:47",
                "model": "virtio",
                "queues": -1,
                "rate": -1,
                "tag": -1
              }
            ],
            "nic": "",
            "numa": false,
            "onboot": true,
            "os_network_config": null,
            "os_type": "cloud-init",
            "pool": "",
            "preprovision": true,
            "qemu_os": "other",
            "scsihw": "virtio-scsi-pci",
            "searchdomain": "internal.staging.swh.network",
            "serial": [],
            "sockets": 1,
            "ssh_forward_ip": null,
            "ssh_host": "192.168.130.100",
            "ssh_port": "22",
            "ssh_private_key": null,
            "ssh_user": "root",
            "sshkeys": "ssh-rsa AAAAB3NzaC1yc2EAAAADAQABAAABAQDVKCfpeIMg7GS3Pk03ZAcBWAeDZ+AvWk2k/pPY0z8MJ3YAbqZkRtSK7yaDgJV6Gro7nn/TxdJLo2jEzzWvlC8d8AEzhZPy5Z/qfVVjqBTBM4H5+e+TItAHFfaY5+0WvIahxcfsfaq70MWfpJhszAah3ThJ4mqzYaw+dkr42+a7Gx3Ygpb/m2dpnFnxvXdcuAJYStmHKU5AWGWWM+Fm50/fdMqUfNd8MbKhkJt5ihXQmZWMOt7ls4N8i5NZWnS9YSWow8X/ENOEqCRN9TyRkc+pPS0w9DNi0BCsWvSRJOkyvQ6caEnKWlNoywCmM1AlIQD3k4RUgRWe0vqg/UKPpH3Z root@terraform\n\n\n\n",
            "storage": "",
            "storage_type": "",
            "target_node": "beaubourg",
            "vcpus": 0,
            "vga": [],
            "vlan": -1,
            "vmid": 117
          },
          "private": "bnVsbA=="
        }
      ]
    },
    {
      "module": "module.worker1",
      "mode": "managed",
      "type": "proxmox_vm_qemu",
      "name": "node",
      "provider": "module.worker1.provider[\"local/telmate/proxmox\"]",
      "instances": [
        {
          "schema_version": 0,
          "attributes": {
            "agent": 0,
            "balloon": 1024,
            "bios": "seabios",
            "boot": "c",
            "bootdisk": "virtio0",
            "bridge": "",
            "ci_wait": null,
            "cicustom": "",
            "cipassword": "",
            "ciuser": "root",
            "clone": "template-debian-10",
            "clone_wait": 15,
            "cores": 4,
            "cpu": "host",
            "desc": "Loader/lister service node",
            "disk": [
              {
                "backup": false,
                "cache": "none",
                "discard": "",
                "format": "raw",
                "id": 0,
                "iothread": false,
                "mbps": 0,
                "mbps_rd": 0,
                "mbps_rd_max": 0,
                "mbps_wr": 0,
                "mbps_wr_max": 0,
                "replicate": false,
                "size": "32G",
                "ssd": false,
                "storage": "proxmox",
                "storage_type": "cephfs",
                "type": "virtio"
              }
            ],
            "disk_gb": 0,
            "force_create": false,
            "full_clone": false,
            "hastate": "",
            "hotplug": "network,disk,usb",
            "id": "beaubourg/qemu/118",
            "ipconfig0": "ip=192.168.130.101/24,gw=192.168.130.1",
            "ipconfig1": "",
            "ipconfig2": "",
            "iso": null,
            "kvm": true,
            "mac": "",
            "memory": 12288,
            "name": "worker1",
            "nameserver": "192.168.100.29",
            "network": [
              {
                "bridge": "vmbr443",
                "firewall": false,
                "id": 0,
                "link_down": false,
                "macaddr": "D6:A9:6F:02:E3:66",
                "model": "virtio",
                "queues": -1,
                "rate": -1,
                "tag": -1
              }
            ],
            "nic": "",
            "numa": false,
            "onboot": true,
            "os_network_config": null,
            "os_type": "cloud-init",
            "pool": "",
            "preprovision": true,
            "qemu_os": "other",
            "scsihw": "virtio-scsi-pci",
            "searchdomain": "internal.staging.swh.network",
            "serial": [],
            "sockets": 1,
            "ssh_forward_ip": null,
            "ssh_host": "192.168.130.101",
            "ssh_port": "22",
            "ssh_private_key": null,
            "ssh_user": "root",
            "sshkeys": "ssh-rsa AAAAB3NzaC1yc2EAAAADAQABAAABAQDVKCfpeIMg7GS3Pk03ZAcBWAeDZ+AvWk2k/pPY0z8MJ3YAbqZkRtSK7yaDgJV6Gro7nn/TxdJLo2jEzzWvlC8d8AEzhZPy5Z/qfVVjqBTBM4H5+e+TItAHFfaY5+0WvIahxcfsfaq70MWfpJhszAah3ThJ4mqzYaw+dkr42+a7Gx3Ygpb/m2dpnFnxvXdcuAJYStmHKU5AWGWWM+Fm50/fdMqUfNd8MbKhkJt5ihXQmZWMOt7ls4N8i5NZWnS9YSWow8X/ENOEqCRN9TyRkc+pPS0w9DNi0BCsWvSRJOkyvQ6caEnKWlNoywCmM1AlIQD3k4RUgRWe0vqg/UKPpH3Z root@terraform\n\n\n\n",
            "storage": "",
            "storage_type": "",
            "target_node": "beaubourg",
            "vcpus": 0,
            "vga": [],
            "vlan": -1,
            "vmid": 118
          },
          "private": "bnVsbA=="
        }
      ]
    },
    {
      "module": "module.worker2",
      "mode": "managed",
      "type": "proxmox_vm_qemu",
      "name": "node",
      "provider": "module.worker2.provider[\"local/telmate/proxmox\"]",
      "instances": [
        {
          "schema_version": 0,
          "attributes": {
            "agent": 0,
            "balloon": 1024,
            "bios": "seabios",
            "boot": "c",
            "bootdisk": "virtio0",
            "bridge": "",
            "ci_wait": null,
            "cicustom": "",
            "cipassword": "",
            "ciuser": "root",
            "clone": "template-debian-10",
            "clone_wait": 15,
            "cores": 4,
            "cpu": "host",
            "desc": "Loader/lister service node",
            "disk": [
              {
                "backup": false,
                "cache": "none",
                "discard": "",
                "format": "raw",
                "id": 0,
                "iothread": false,
                "mbps": 0,
                "mbps_rd": 0,
                "mbps_rd_max": 0,
                "mbps_wr": 0,
                "mbps_wr_max": 0,
                "replicate": false,
                "size": "32G",
                "ssd": false,
                "storage": "proxmox",
                "storage_type": "cephfs",
                "type": "virtio"
              }
            ],
            "disk_gb": 0,
            "force_create": false,
            "full_clone": false,
            "hastate": "",
            "hotplug": "network,disk,usb",
            "id": "branly/qemu/112",
            "ipconfig0": "ip=192.168.130.102/24,gw=192.168.130.1",
            "ipconfig1": "",
            "ipconfig2": "",
            "iso": null,
            "kvm": true,
            "mac": "",
            "memory": 12288,
            "name": "worker2",
            "nameserver": "192.168.100.29",
            "network": [
              {
                "bridge": "vmbr443",
                "firewall": false,
                "id": 0,
                "link_down": false,
                "macaddr": "AA:57:27:51:75:18",
                "model": "virtio",
                "queues": -1,
                "rate": -1,
                "tag": -1
              }
            ],
            "nic": "",
            "numa": false,
            "onboot": true,
            "os_network_config": null,
            "os_type": "cloud-init",
            "pool": "",
            "preprovision": true,
            "qemu_os": "other",
            "scsihw": "virtio-scsi-pci",
            "searchdomain": "internal.staging.swh.network",
            "serial": [],
            "sockets": 1,
            "ssh_forward_ip": null,
            "ssh_host": "192.168.130.102",
            "ssh_port": "22",
            "ssh_private_key": null,
            "ssh_user": "root",
            "sshkeys": "ssh-rsa AAAAB3NzaC1yc2EAAAADAQABAAABAQDVKCfpeIMg7GS3Pk03ZAcBWAeDZ+AvWk2k/pPY0z8MJ3YAbqZkRtSK7yaDgJV6Gro7nn/TxdJLo2jEzzWvlC8d8AEzhZPy5Z/qfVVjqBTBM4H5+e+TItAHFfaY5+0WvIahxcfsfaq70MWfpJhszAah3ThJ4mqzYaw+dkr42+a7Gx3Ygpb/m2dpnFnxvXdcuAJYStmHKU5AWGWWM+Fm50/fdMqUfNd8MbKhkJt5ihXQmZWMOt7ls4N8i5NZWnS9YSWow8X/ENOEqCRN9TyRkc+pPS0w9DNi0BCsWvSRJOkyvQ6caEnKWlNoywCmM1AlIQD3k4RUgRWe0vqg/UKPpH3Z root@terraform\n\n\n\n",
            "storage": "",
            "storage_type": "",
            "target_node": "branly",
            "vcpus": 0,
            "vga": [],
            "vlan": -1,
            "vmid": 112
          },
          "private": "bnVsbA=="
        }
      ]
    }
  ]
}
