{
  "version": 4,
  "terraform_version": "0.13.5",
  "serial": 6,
  "lineage": "7eeb2152-4139-2f8a-fd0a-ac63e5d93d90",
  "outputs": {},
  "resources": [
    {
      "module": "module.bardo",
      "mode": "managed",
      "type": "proxmox_vm_qemu",
      "name": "node",
      "provider": "module.bardo.provider[\"local/telmate/proxmox\"]",
      "instances": [
        {
          "schema_version": 0,
          "attributes": {
            "agent": 0,
            "balloon": 1024,
            "bios": "seabios",
            "boot": "c",
            "bootdisk": "",
            "bridge": "",
            "ci_wait": null,
            "cicustom": "",
            "cipassword": "",
            "ciuser": "root",
            "clone": "debian-buster-2020-11-06",
            "clone_wait": 15,
            "cores": 2,
            "cpu": "host",
            "desc": "Hedgedoc instance",
            "disk": [
              {
                "backup": false,
                "cache": "none",
                "discard": "",
                "format": "raw",
                "id": 0,
                "iothread": false,
                "mbps": 0,
                "mbps_rd": 0,
                "mbps_rd_max": 0,
                "mbps_wr": 0,
                "mbps_wr_max": 0,
                "replicate": false,
                "size": "32G",
                "ssd": false,
                "storage": "proxmox",
                "storage_type": "cephfs",
                "type": "virtio"
              }
            ],
            "disk_gb": 0,
            "force_create": false,
            "full_clone": false,
            "hastate": "",
            "hotplug": "network,disk,usb",
            "id": "branly/qemu/124",
            "ipconfig0": "ip=192.168.50.10/24,gw=192.168.50.1",
            "ipconfig1": "",
            "ipconfig2": "",
            "iso": null,
            "kvm": true,
            "mac": "",
            "memory": 8192,
            "name": "bardo",
            "nameserver": "192.168.100.29",
            "network": [
              {
                "bridge": "vmbr442",
                "firewall": false,
                "id": 0,
                "link_down": false,
                "macaddr": "7A:CE:A2:72:FA:E8",
                "model": "virtio",
                "queues": -1,
                "rate": -1,
                "tag": -1
              }
            ],
            "nic": "",
            "numa": false,
            "onboot": true,
            "os_network_config": null,
            "os_type": "cloud-init",
            "pool": "",
            "preprovision": true,
            "qemu_os": "other",
            "scsihw": "virtio-scsi-pci",
            "searchdomain": "internal.admin.swh.network",
            "serial": [],
            "sockets": 1,
            "ssh_forward_ip": null,
            "ssh_host": "192.168.50.10",
            "ssh_port": "22",
            "ssh_private_key": null,
            "ssh_user": "root",
            "sshkeys": "ssh-rsa AAAAB3NzaC1yc2EAAAADAQABAAABAQDVKCfpeIMg7GS3Pk03ZAcBWAeDZ+AvWk2k/pPY0z8MJ3YAbqZkRtSK7yaDgJV6Gro7nn/TxdJLo2jEzzWvlC8d8AEzhZPy5Z/qfVVjqBTBM4H5+e+TItAHFfaY5+0WvIahxcfsfaq70MWfpJhszAah3ThJ4mqzYaw+dkr42+a7Gx3Ygpb/m2dpnFnxvXdcuAJYStmHKU5AWGWWM+Fm50/fdMqUfNd8MbKhkJt5ihXQmZWMOt7ls4N8i5NZWnS9YSWow8X/ENOEqCRN9TyRkc+pPS0w9DNi0BCsWvSRJOkyvQ6caEnKWlNoywCmM1AlIQD3k4RUgRWe0vqg/UKPpH3Z root@terraform\n",
            "storage": "",
            "storage_type": "",
            "target_node": "branly",
            "vcpus": 0,
            "vga": [],
            "vlan": -1,
            "vmid": 124
          },
          "private": "bnVsbA=="
        }
      ]
    }
  ]
}
